
Microsoft Visual Studio Solution File, Format Version 12.00
# Visual Studio 15
VisualStudioVersion = 15.0.26430.14
MinimumVisualStudioVersion = 10.0.40219.1
Project("{FAE04EC0-301F-11D3-BF4B-00C04F79EFBC}") = "RestfulApiWebService", "RestfulApiWebService\RestfulApiWebService.csproj", "{AD4CD6C4-B299-4BDF-B45B-751178E689FE}"
EndProject
Project("{FAE04EC0-301F-11D3-BF4B-00C04F79EFBC}") = "OperationOnDB", "OperationOnDB\OperationOnDB.csproj", "{7AFC2D72-2A57-4C15-B847-B9888B3EEFB8}"
EndProject
Project("{FAE04EC0-301F-11D3-BF4B-00C04F79EFBC}") = "DB", "DB\DB.csproj", "{A2497EFF-1E7D-49AB-81B7-78CE33404314}"
EndProject
Global
	GlobalSection(SolutionConfigurationPlatforms) = preSolution
		Debug|Any CPU = Debug|Any CPU
		Release|Any CPU = Release|Any CPU
	EndGlobalSection
	GlobalSection(ProjectConfigurationPlatforms) = postSolution
		{AD4CD6C4-B299-4BDF-B45B-751178E689FE}.Debug|Any CPU.ActiveCfg = Debug|Any CPU
		{AD4CD6C4-B299-4BDF-B45B-751178E689FE}.Debug|Any CPU.Build.0 = Debug|Any CPU
		{AD4CD6C4-B299-4BDF-B45B-751178E689FE}.Release|Any CPU.ActiveCfg = Release|Any CPU
		{AD4CD6C4-B299-4BDF-B45B-751178E689FE}.Release|Any CPU.Build.0 = Release|Any CPU
		{7AFC2D72-2A57-4C15-B847-B9888B3EEFB8}.Debug|Any CPU.ActiveCfg = Debug|Any CPU
		{7AFC2D72-2A57-4C15-B847-B9888B3EEFB8}.Debug|Any CPU.Build.0 = Debug|Any CPU
		{7AFC2D72-2A57-4C15-B847-B9888B3EEFB8}.Release|Any CPU.ActiveCfg = Release|Any CPU
		{7AFC2D72-2A57-4C15-B847-B9888B3EEFB8}.Release|Any CPU.Build.0 = Release|Any CPU
		{A2497EFF-1E7D-49AB-81B7-78CE33404314}.Debug|Any CPU.ActiveCfg = Debug|Any CPU
		{A2497EFF-1E7D-49AB-81B7-78CE33404314}.Debug|Any CPU.Build.0 = Debug|Any CPU
		{A2497EFF-1E7D-49AB-81B7-78CE33404314}.Release|Any CPU.ActiveCfg = Release|Any CPU
		{A2497EFF-1E7D-49AB-81B7-78CE33404314}.Release|Any CPU.Build.0 = Release|Any CPU
	EndGlobalSection
	GlobalSection(SolutionProperties) = preSolution
		HideSolutionNode = FALSE
	EndGlobalSection
EndGlobal
