
Microsoft Visual Studio Solution File, Format Version 12.00
# Visual Studio Version 17
VisualStudioVersion = 17.4.33205.214
MinimumVisualStudioVersion = 10.0.40219.1
Project("{9A19103F-16F7-4668-BE54-9A1E7A4F7556}") = "CatLibrary", "CatLibrary\CatLibrary.csproj", "{EBF2EA46-EA00-4350-BE1D-D86AFD699DB3}"
EndProject
Project("{9A19103F-16F7-4668-BE54-9A1E7A4F7556}") = "CatLibrary.Core", "CatLibrary.Core\CatLibrary.Core.csproj", "{06262099-FA04-47E6-AEDA-D1172298A98F}"
EndProject
Global
	GlobalSection(SolutionConfigurationPlatforms) = preSolution
		Debug|Any CPU = Debug|Any CPU
		Release|Any CPU = Release|Any CPU
	EndGlobalSection
	GlobalSection(ProjectConfigurationPlatforms) = postSolution
		{EBF2EA46-EA00-4350-BE1D-D86AFD699DB3}.Debug|Any CPU.ActiveCfg = Debug|Any CPU
		{EBF2EA46-EA00-4350-BE1D-D86AFD699DB3}.Debug|Any CPU.Build.0 = Debug|Any CPU
		{EBF2EA46-EA00-4350-BE1D-D86AFD699DB3}.Release|Any CPU.ActiveCfg = Release|Any CPU
		{EBF2EA46-EA00-4350-BE1D-D86AFD699DB3}.Release|Any CPU.Build.0 = Release|Any CPU
		{06262099-FA04-47E6-AEDA-D1172298A98F}.Debug|Any CPU.ActiveCfg = Debug|Any CPU
		{06262099-FA04-47E6-AEDA-D1172298A98F}.Debug|Any CPU.Build.0 = Debug|Any CPU
		{06262099-FA04-47E6-AEDA-D1172298A98F}.Release|Any CPU.ActiveCfg = Release|Any CPU
		{06262099-FA04-47E6-AEDA-D1172298A98F}.Release|Any CPU.Build.0 = Release|Any CPU
	EndGlobalSection
	GlobalSection(SolutionProperties) = preSolution
		HideSolutionNode = FALSE
	EndGlobalSection
	GlobalSection(ExtensibilityGlobals) = postSolution
		SolutionGuid = {058F77CA-422B-4A96-BE9F-B009CBD57D5F}
	EndGlobalSection
EndGlobal
