
Microsoft Visual Studio Solution File, Format Version 12.00
# Visual Studio 14
VisualStudioVersion = 14.0.25123.0
MinimumVisualStudioVersion = 10.0.40219.1
Project("{FAE04EC0-301F-11D3-BF4B-00C04F79EFBC}") = "docfx", "src\docfx\docfx.csproj", "{AB97BEDF-D207-42E9-A56F-C9DD395BFCDD}"
EndProject
Project("{2150E333-8FDC-42A3-9474-1A3956D46DE8}") = "BackEnd", "BackEnd", "{2DAAC304-36F6-4E4A-A0EA-5821B4B9842A}"
EndProject
Project("{FAE04EC0-301F-11D3-BF4B-00C04F79EFBC}") = "Microsoft.DocAsCode.Utility", "src\Microsoft.DocAsCode.Utility\Microsoft.DocAsCode.Utility.csproj", "{619EC13D-8939-4F23-B7DC-7A98964BB9A4}"
EndProject
Project("{2150E333-8FDC-42A3-9474-1A3956D46DE8}") = "src", "src", "{6A65A769-DAC3-4E99-96F9-991F4CE8D164}"
EndProject
Project("{2150E333-8FDC-42A3-9474-1A3956D46DE8}") = "test", "test", "{E872B0D7-6331-4E40-8264-0015330DA5D3}"
EndProject
Project("{2150E333-8FDC-42A3-9474-1A3956D46DE8}") = "Shared", "Shared", "{004952AD-61B7-4FF7-955C-758ACD99893D}"
	ProjectSection(SolutionItems) = preProject
		src\Shared\base.props = src\Shared\base.props
		src\Shared\xproj.base.props = src\Shared\xproj.base.props
		src\Shared\XprojUpdateVersion.ps1 = src\Shared\XprojUpdateVersion.ps1
	EndProjectSection
EndProject
Project("{FAE04EC0-301F-11D3-BF4B-00C04F79EFBC}") = "Microsoft.DocAsCode.Dfm.Tests", "test\Microsoft.DocAsCode.Dfm.Tests\Microsoft.DocAsCode.Dfm.Tests.csproj", "{EFAA7A53-D047-422E-A3FB-ECC834944CE6}"
EndProject
Project("{2150E333-8FDC-42A3-9474-1A3956D46DE8}") = "tools", "tools", "{5AED685E-6E0F-451D-AD5E-F88B0BE74ACD}"
	ProjectSection(SolutionItems) = preProject
		build.cmd = build.cmd
	EndProjectSection
EndProject
Project("{2150E333-8FDC-42A3-9474-1A3956D46DE8}") = "nuspec", "nuspec", "{BBF2F680-8DEF-4CE4-B68D-D8FB21531FCE}"
EndProject
Project("{2150E333-8FDC-42A3-9474-1A3956D46DE8}") = "Shared", "Shared", "{4D3D5520-B535-4FBD-9452-5B97D34BD23E}"
	ProjectSection(SolutionItems) = preProject
		test\Shared\test.base.props = test\Shared\test.base.props
	EndProjectSection
EndProject
Project("{2150E333-8FDC-42A3-9474-1A3956D46DE8}") = "docfx.msbuild", "docfx.msbuild", "{8CFE8DE6-598F-4951-899D-8D09325FB618}"
EndProject
Project("{2150E333-8FDC-42A3-9474-1A3956D46DE8}") = "msdn.4.5.2", "msdn.4.5.2", "{7056DE24-9537-4504-95CF-7A63FBE74772}"
	ProjectSection(SolutionItems) = preProject
		src\nuspec\msdn.4.5.2\msdn.4.5.2.nuspec = src\nuspec\msdn.4.5.2\msdn.4.5.2.nuspec
	EndProjectSection
EndProject
Project("{2150E333-8FDC-42A3-9474-1A3956D46DE8}") = "content", "content", "{BB721096-D78C-4CF4-9D60-E66A26A3CB49}"
	ProjectSection(SolutionItems) = preProject
		src\nuspec\msdn.4.5.2\content\Accessibility.rpk = src\nuspec\msdn.4.5.2\content\Accessibility.rpk
		src\nuspec\msdn.4.5.2\content\CustomMarshalers.rpk = src\nuspec\msdn.4.5.2\content\CustomMarshalers.rpk
		src\nuspec\msdn.4.5.2\content\ISymWrapper.rpk = src\nuspec\msdn.4.5.2\content\ISymWrapper.rpk
		src\nuspec\msdn.4.5.2\content\Microsoft.Activities.Build.rpk = src\nuspec\msdn.4.5.2\content\Microsoft.Activities.Build.rpk
		src\nuspec\msdn.4.5.2\content\Microsoft.Build.Conversion.v4.0.rpk = src\nuspec\msdn.4.5.2\content\Microsoft.Build.Conversion.v4.0.rpk
		src\nuspec\msdn.4.5.2\content\Microsoft.Build.Engine.rpk = src\nuspec\msdn.4.5.2\content\Microsoft.Build.Engine.rpk
		src\nuspec\msdn.4.5.2\content\Microsoft.Build.Framework.rpk = src\nuspec\msdn.4.5.2\content\Microsoft.Build.Framework.rpk
		src\nuspec\msdn.4.5.2\content\Microsoft.Build.rpk = src\nuspec\msdn.4.5.2\content\Microsoft.Build.rpk
		src\nuspec\msdn.4.5.2\content\Microsoft.Build.Tasks.v4.0.rpk = src\nuspec\msdn.4.5.2\content\Microsoft.Build.Tasks.v4.0.rpk
		src\nuspec\msdn.4.5.2\content\Microsoft.Build.Utilities.v4.0.rpk = src\nuspec\msdn.4.5.2\content\Microsoft.Build.Utilities.v4.0.rpk
		src\nuspec\msdn.4.5.2\content\Microsoft.CSharp.rpk = src\nuspec\msdn.4.5.2\content\Microsoft.CSharp.rpk
		src\nuspec\msdn.4.5.2\content\Microsoft.JScript.rpk = src\nuspec\msdn.4.5.2\content\Microsoft.JScript.rpk
		src\nuspec\msdn.4.5.2\content\Microsoft.VisualBasic.Compatibility.Data.rpk = src\nuspec\msdn.4.5.2\content\Microsoft.VisualBasic.Compatibility.Data.rpk
		src\nuspec\msdn.4.5.2\content\Microsoft.VisualBasic.Compatibility.rpk = src\nuspec\msdn.4.5.2\content\Microsoft.VisualBasic.Compatibility.rpk
		src\nuspec\msdn.4.5.2\content\Microsoft.VisualBasic.rpk = src\nuspec\msdn.4.5.2\content\Microsoft.VisualBasic.rpk
		src\nuspec\msdn.4.5.2\content\Microsoft.VisualC.rpk = src\nuspec\msdn.4.5.2\content\Microsoft.VisualC.rpk
		src\nuspec\msdn.4.5.2\content\Microsoft.VisualC.STLCLR.rpk = src\nuspec\msdn.4.5.2\content\Microsoft.VisualC.STLCLR.rpk
		src\nuspec\msdn.4.5.2\content\mscorlib.rpk = src\nuspec\msdn.4.5.2\content\mscorlib.rpk
		src\nuspec\msdn.4.5.2\content\PresentationBuildTasks.rpk = src\nuspec\msdn.4.5.2\content\PresentationBuildTasks.rpk
		src\nuspec\msdn.4.5.2\content\PresentationCore.rpk = src\nuspec\msdn.4.5.2\content\PresentationCore.rpk
		src\nuspec\msdn.4.5.2\content\PresentationFramework.Aero.rpk = src\nuspec\msdn.4.5.2\content\PresentationFramework.Aero.rpk
		src\nuspec\msdn.4.5.2\content\PresentationFramework.Aero2.rpk = src\nuspec\msdn.4.5.2\content\PresentationFramework.Aero2.rpk
		src\nuspec\msdn.4.5.2\content\PresentationFramework.AeroLite.rpk = src\nuspec\msdn.4.5.2\content\PresentationFramework.AeroLite.rpk
		src\nuspec\msdn.4.5.2\content\PresentationFramework.Classic.rpk = src\nuspec\msdn.4.5.2\content\PresentationFramework.Classic.rpk
		src\nuspec\msdn.4.5.2\content\PresentationFramework.Luna.rpk = src\nuspec\msdn.4.5.2\content\PresentationFramework.Luna.rpk
		src\nuspec\msdn.4.5.2\content\PresentationFramework.Royale.rpk = src\nuspec\msdn.4.5.2\content\PresentationFramework.Royale.rpk
		src\nuspec\msdn.4.5.2\content\PresentationFramework.rpk = src\nuspec\msdn.4.5.2\content\PresentationFramework.rpk
		src\nuspec\msdn.4.5.2\content\ReachFramework.rpk = src\nuspec\msdn.4.5.2\content\ReachFramework.rpk
		src\nuspec\msdn.4.5.2\content\sysglobl.rpk = src\nuspec\msdn.4.5.2\content\sysglobl.rpk
		src\nuspec\msdn.4.5.2\content\System.Activities.Core.Presentation.rpk = src\nuspec\msdn.4.5.2\content\System.Activities.Core.Presentation.rpk
		src\nuspec\msdn.4.5.2\content\System.Activities.DurableInstancing.rpk = src\nuspec\msdn.4.5.2\content\System.Activities.DurableInstancing.rpk
		src\nuspec\msdn.4.5.2\content\System.Activities.Presentation.rpk = src\nuspec\msdn.4.5.2\content\System.Activities.Presentation.rpk
		src\nuspec\msdn.4.5.2\content\System.Activities.rpk = src\nuspec\msdn.4.5.2\content\System.Activities.rpk
		src\nuspec\msdn.4.5.2\content\System.AddIn.Contract.rpk = src\nuspec\msdn.4.5.2\content\System.AddIn.Contract.rpk
		src\nuspec\msdn.4.5.2\content\System.AddIn.rpk = src\nuspec\msdn.4.5.2\content\System.AddIn.rpk
		src\nuspec\msdn.4.5.2\content\System.ComponentModel.Composition.Registration.rpk = src\nuspec\msdn.4.5.2\content\System.ComponentModel.Composition.Registration.rpk
		src\nuspec\msdn.4.5.2\content\System.ComponentModel.Composition.rpk = src\nuspec\msdn.4.5.2\content\System.ComponentModel.Composition.rpk
		src\nuspec\msdn.4.5.2\content\System.ComponentModel.DataAnnotations.rpk = src\nuspec\msdn.4.5.2\content\System.ComponentModel.DataAnnotations.rpk
		src\nuspec\msdn.4.5.2\content\System.Configuration.Install.rpk = src\nuspec\msdn.4.5.2\content\System.Configuration.Install.rpk
		src\nuspec\msdn.4.5.2\content\System.configuration.rpk = src\nuspec\msdn.4.5.2\content\System.configuration.rpk
		src\nuspec\msdn.4.5.2\content\System.Core.rpk = src\nuspec\msdn.4.5.2\content\System.Core.rpk
		src\nuspec\msdn.4.5.2\content\System.Data.DataSetExtensions.rpk = src\nuspec\msdn.4.5.2\content\System.Data.DataSetExtensions.rpk
		src\nuspec\msdn.4.5.2\content\System.Data.Entity.Design.rpk = src\nuspec\msdn.4.5.2\content\System.Data.Entity.Design.rpk
		src\nuspec\msdn.4.5.2\content\System.Data.Entity.rpk = src\nuspec\msdn.4.5.2\content\System.Data.Entity.rpk
		src\nuspec\msdn.4.5.2\content\System.Data.Linq.rpk = src\nuspec\msdn.4.5.2\content\System.Data.Linq.rpk
		src\nuspec\msdn.4.5.2\content\System.Data.OracleClient.rpk = src\nuspec\msdn.4.5.2\content\System.Data.OracleClient.rpk
		src\nuspec\msdn.4.5.2\content\System.Data.rpk = src\nuspec\msdn.4.5.2\content\System.Data.rpk
		src\nuspec\msdn.4.5.2\content\System.Data.Services.Client.rpk = src\nuspec\msdn.4.5.2\content\System.Data.Services.Client.rpk
		src\nuspec\msdn.4.5.2\content\System.Data.Services.Design.rpk = src\nuspec\msdn.4.5.2\content\System.Data.Services.Design.rpk
		src\nuspec\msdn.4.5.2\content\System.Data.Services.rpk = src\nuspec\msdn.4.5.2\content\System.Data.Services.rpk
		src\nuspec\msdn.4.5.2\content\System.Data.SqlXml.rpk = src\nuspec\msdn.4.5.2\content\System.Data.SqlXml.rpk
		src\nuspec\msdn.4.5.2\content\System.Deployment.rpk = src\nuspec\msdn.4.5.2\content\System.Deployment.rpk
		src\nuspec\msdn.4.5.2\content\System.Design.rpk = src\nuspec\msdn.4.5.2\content\System.Design.rpk
		src\nuspec\msdn.4.5.2\content\System.Device.rpk = src\nuspec\msdn.4.5.2\content\System.Device.rpk
		src\nuspec\msdn.4.5.2\content\System.DirectoryServices.AccountManagement.rpk = src\nuspec\msdn.4.5.2\content\System.DirectoryServices.AccountManagement.rpk
		src\nuspec\msdn.4.5.2\content\System.DirectoryServices.Protocols.rpk = src\nuspec\msdn.4.5.2\content\System.DirectoryServices.Protocols.rpk
		src\nuspec\msdn.4.5.2\content\System.DirectoryServices.rpk = src\nuspec\msdn.4.5.2\content\System.DirectoryServices.rpk
		src\nuspec\msdn.4.5.2\content\System.Drawing.Design.rpk = src\nuspec\msdn.4.5.2\content\System.Drawing.Design.rpk
		src\nuspec\msdn.4.5.2\content\System.Drawing.rpk = src\nuspec\msdn.4.5.2\content\System.Drawing.rpk
		src\nuspec\msdn.4.5.2\content\System.EnterpriseServices.rpk = src\nuspec\msdn.4.5.2\content\System.EnterpriseServices.rpk
		src\nuspec\msdn.4.5.2\content\System.IdentityModel.rpk = src\nuspec\msdn.4.5.2\content\System.IdentityModel.rpk
		src\nuspec\msdn.4.5.2\content\System.IdentityModel.Selectors.rpk = src\nuspec\msdn.4.5.2\content\System.IdentityModel.Selectors.rpk
		src\nuspec\msdn.4.5.2\content\System.IdentityModel.Services.rpk = src\nuspec\msdn.4.5.2\content\System.IdentityModel.Services.rpk
		src\nuspec\msdn.4.5.2\content\System.IO.Compression.FileSystem.rpk = src\nuspec\msdn.4.5.2\content\System.IO.Compression.FileSystem.rpk
		src\nuspec\msdn.4.5.2\content\System.IO.Compression.rpk = src\nuspec\msdn.4.5.2\content\System.IO.Compression.rpk
		src\nuspec\msdn.4.5.2\content\System.IO.Log.rpk = src\nuspec\msdn.4.5.2\content\System.IO.Log.rpk
		src\nuspec\msdn.4.5.2\content\System.Management.Instrumentation.rpk = src\nuspec\msdn.4.5.2\content\System.Management.Instrumentation.rpk
		src\nuspec\msdn.4.5.2\content\System.Management.rpk = src\nuspec\msdn.4.5.2\content\System.Management.rpk
		src\nuspec\msdn.4.5.2\content\System.Messaging.rpk = src\nuspec\msdn.4.5.2\content\System.Messaging.rpk
		src\nuspec\msdn.4.5.2\content\System.Net.Http.rpk = src\nuspec\msdn.4.5.2\content\System.Net.Http.rpk
		src\nuspec\msdn.4.5.2\content\System.Net.Http.WebRequest.rpk = src\nuspec\msdn.4.5.2\content\System.Net.Http.WebRequest.rpk
		src\nuspec\msdn.4.5.2\content\System.Net.rpk = src\nuspec\msdn.4.5.2\content\System.Net.rpk
		src\nuspec\msdn.4.5.2\content\System.Numerics.rpk = src\nuspec\msdn.4.5.2\content\System.Numerics.rpk
		src\nuspec\msdn.4.5.2\content\System.Printing.rpk = src\nuspec\msdn.4.5.2\content\System.Printing.rpk
		src\nuspec\msdn.4.5.2\content\System.Reflection.Context.rpk = src\nuspec\msdn.4.5.2\content\System.Reflection.Context.rpk
		src\nuspec\msdn.4.5.2\content\System.rpk = src\nuspec\msdn.4.5.2\content\System.rpk
		src\nuspec\msdn.4.5.2\content\System.Runtime.Caching.rpk = src\nuspec\msdn.4.5.2\content\System.Runtime.Caching.rpk
		src\nuspec\msdn.4.5.2\content\System.Runtime.DurableInstancing.rpk = src\nuspec\msdn.4.5.2\content\System.Runtime.DurableInstancing.rpk
		src\nuspec\msdn.4.5.2\content\System.Runtime.Remoting.rpk = src\nuspec\msdn.4.5.2\content\System.Runtime.Remoting.rpk
		src\nuspec\msdn.4.5.2\content\System.Runtime.Serialization.Formatters.Soap.rpk = src\nuspec\msdn.4.5.2\content\System.Runtime.Serialization.Formatters.Soap.rpk
		src\nuspec\msdn.4.5.2\content\System.Runtime.Serialization.rpk = src\nuspec\msdn.4.5.2\content\System.Runtime.Serialization.rpk
		src\nuspec\msdn.4.5.2\content\System.Security.rpk = src\nuspec\msdn.4.5.2\content\System.Security.rpk
		src\nuspec\msdn.4.5.2\content\System.ServiceModel.Activation.rpk = src\nuspec\msdn.4.5.2\content\System.ServiceModel.Activation.rpk
		src\nuspec\msdn.4.5.2\content\System.ServiceModel.Activities.rpk = src\nuspec\msdn.4.5.2\content\System.ServiceModel.Activities.rpk
		src\nuspec\msdn.4.5.2\content\System.ServiceModel.Channels.rpk = src\nuspec\msdn.4.5.2\content\System.ServiceModel.Channels.rpk
		src\nuspec\msdn.4.5.2\content\System.ServiceModel.Discovery.rpk = src\nuspec\msdn.4.5.2\content\System.ServiceModel.Discovery.rpk
		src\nuspec\msdn.4.5.2\content\System.ServiceModel.Routing.rpk = src\nuspec\msdn.4.5.2\content\System.ServiceModel.Routing.rpk
		src\nuspec\msdn.4.5.2\content\System.ServiceModel.rpk = src\nuspec\msdn.4.5.2\content\System.ServiceModel.rpk
		src\nuspec\msdn.4.5.2\content\System.ServiceModel.Web.rpk = src\nuspec\msdn.4.5.2\content\System.ServiceModel.Web.rpk
		src\nuspec\msdn.4.5.2\content\System.ServiceProcess.rpk = src\nuspec\msdn.4.5.2\content\System.ServiceProcess.rpk
		src\nuspec\msdn.4.5.2\content\System.Speech.rpk = src\nuspec\msdn.4.5.2\content\System.Speech.rpk
		src\nuspec\msdn.4.5.2\content\System.Threading.Tasks.Dataflow.rpk = src\nuspec\msdn.4.5.2\content\System.Threading.Tasks.Dataflow.rpk
		src\nuspec\msdn.4.5.2\content\System.Transactions.rpk = src\nuspec\msdn.4.5.2\content\System.Transactions.rpk
		src\nuspec\msdn.4.5.2\content\System.Web.ApplicationServices.rpk = src\nuspec\msdn.4.5.2\content\System.Web.ApplicationServices.rpk
		src\nuspec\msdn.4.5.2\content\System.Web.DataVisualization.rpk = src\nuspec\msdn.4.5.2\content\System.Web.DataVisualization.rpk
		src\nuspec\msdn.4.5.2\content\System.Web.DynamicData.Design.rpk = src\nuspec\msdn.4.5.2\content\System.Web.DynamicData.Design.rpk
		src\nuspec\msdn.4.5.2\content\System.Web.DynamicData.rpk = src\nuspec\msdn.4.5.2\content\System.Web.DynamicData.rpk
		src\nuspec\msdn.4.5.2\content\System.Web.Entity.Design.rpk = src\nuspec\msdn.4.5.2\content\System.Web.Entity.Design.rpk
		src\nuspec\msdn.4.5.2\content\System.Web.Entity.rpk = src\nuspec\msdn.4.5.2\content\System.Web.Entity.rpk
		src\nuspec\msdn.4.5.2\content\System.Web.Extensions.Design.rpk = src\nuspec\msdn.4.5.2\content\System.Web.Extensions.Design.rpk
		src\nuspec\msdn.4.5.2\content\System.Web.Extensions.rpk = src\nuspec\msdn.4.5.2\content\System.Web.Extensions.rpk
		src\nuspec\msdn.4.5.2\content\System.Web.Mobile.rpk = src\nuspec\msdn.4.5.2\content\System.Web.Mobile.rpk
		src\nuspec\msdn.4.5.2\content\System.Web.RegularExpressions.rpk = src\nuspec\msdn.4.5.2\content\System.Web.RegularExpressions.rpk
		src\nuspec\msdn.4.5.2\content\System.Web.rpk = src\nuspec\msdn.4.5.2\content\System.Web.rpk
		src\nuspec\msdn.4.5.2\content\System.Web.Services.rpk = src\nuspec\msdn.4.5.2\content\System.Web.Services.rpk
		src\nuspec\msdn.4.5.2\content\System.Windows.Controls.Ribbon.rpk = src\nuspec\msdn.4.5.2\content\System.Windows.Controls.Ribbon.rpk
		src\nuspec\msdn.4.5.2\content\System.Windows.Forms.DataVisualization.rpk = src\nuspec\msdn.4.5.2\content\System.Windows.Forms.DataVisualization.rpk
		src\nuspec\msdn.4.5.2\content\System.Windows.Forms.rpk = src\nuspec\msdn.4.5.2\content\System.Windows.Forms.rpk
		src\nuspec\msdn.4.5.2\content\System.Windows.Input.Manipulations.rpk = src\nuspec\msdn.4.5.2\content\System.Windows.Input.Manipulations.rpk
		src\nuspec\msdn.4.5.2\content\System.Windows.Presentation.rpk = src\nuspec\msdn.4.5.2\content\System.Windows.Presentation.rpk
		src\nuspec\msdn.4.5.2\content\System.Workflow.Activities.rpk = src\nuspec\msdn.4.5.2\content\System.Workflow.Activities.rpk
		src\nuspec\msdn.4.5.2\content\System.Workflow.ComponentModel.rpk = src\nuspec\msdn.4.5.2\content\System.Workflow.ComponentModel.rpk
		src\nuspec\msdn.4.5.2\content\System.Workflow.Runtime.rpk = src\nuspec\msdn.4.5.2\content\System.Workflow.Runtime.rpk
		src\nuspec\msdn.4.5.2\content\System.WorkflowServices.rpk = src\nuspec\msdn.4.5.2\content\System.WorkflowServices.rpk
		src\nuspec\msdn.4.5.2\content\System.Xaml.rpk = src\nuspec\msdn.4.5.2\content\System.Xaml.rpk
		src\nuspec\msdn.4.5.2\content\System.Xml.Linq.rpk = src\nuspec\msdn.4.5.2\content\System.Xml.Linq.rpk
		src\nuspec\msdn.4.5.2\content\System.XML.rpk = src\nuspec\msdn.4.5.2\content\System.XML.rpk
		src\nuspec\msdn.4.5.2\content\UIAutomationClient.rpk = src\nuspec\msdn.4.5.2\content\UIAutomationClient.rpk
		src\nuspec\msdn.4.5.2\content\UIAutomationClientsideProviders.rpk = src\nuspec\msdn.4.5.2\content\UIAutomationClientsideProviders.rpk
		src\nuspec\msdn.4.5.2\content\UIAutomationProvider.rpk = src\nuspec\msdn.4.5.2\content\UIAutomationProvider.rpk
		src\nuspec\msdn.4.5.2\content\UIAutomationTypes.rpk = src\nuspec\msdn.4.5.2\content\UIAutomationTypes.rpk
		src\nuspec\msdn.4.5.2\content\WindowsBase.rpk = src\nuspec\msdn.4.5.2\content\WindowsBase.rpk
		src\nuspec\msdn.4.5.2\content\WindowsFormsIntegration.rpk = src\nuspec\msdn.4.5.2\content\WindowsFormsIntegration.rpk
		src\nuspec\msdn.4.5.2\content\XamlBuildTask.rpk = src\nuspec\msdn.4.5.2\content\XamlBuildTask.rpk
	EndProjectSection
EndProject
Project("{2150E333-8FDC-42A3-9474-1A3956D46DE8}") = "tools", "tools", "{04B2D6B6-82DC-48CA-AC0E-9B4A32DD71C5}"
	ProjectSection(SolutionItems) = preProject
		src\nuspec\msdn.4.5.2\tools\install.ps1 = src\nuspec\msdn.4.5.2\tools\install.ps1
		src\nuspec\msdn.4.5.2\tools\uninstall.ps1 = src\nuspec\msdn.4.5.2\tools\uninstall.ps1
	EndProjectSection
EndProject
Project("{2150E333-8FDC-42A3-9474-1A3956D46DE8}") = "ExternalPackageGenerators", "ExternalPackageGenerators", "{416A17AC-FFD4-4722-A990-598EF44F8D90}"
EndProject
Project("{FAE04EC0-301F-11D3-BF4B-00C04F79EFBC}") = "Microsoft.DocAsCode.ExternalPackageGenerators.Msdn", "tools\ExternalPackageGenerators\Microsoft.DocAsCode.ExternalPackageGenerators.Msdn\Microsoft.DocAsCode.ExternalPackageGenerators.Msdn.csproj", "{1090FD24-DC6F-4DDA-913B-F69817B31A9B}"
EndProject
Project("{2150E333-8FDC-42A3-9474-1A3956D46DE8}") = "msdn.4.0", "msdn.4.0", "{3E130485-4332-4CDE-BE7C-94BD745AA9EB}"
	ProjectSection(SolutionItems) = preProject
		src\nuspec\msdn.4.0\msdn.4.0.nuspec = src\nuspec\msdn.4.0\msdn.4.0.nuspec
	EndProjectSection
EndProject
Project("{2150E333-8FDC-42A3-9474-1A3956D46DE8}") = "content", "content", "{E50AF56D-0F80-4862-B565-0927B1C17459}"
	ProjectSection(SolutionItems) = preProject
		src\nuspec\msdn.4.0\content\Accessibility.rpk = src\nuspec\msdn.4.0\content\Accessibility.rpk
		src\nuspec\msdn.4.0\content\CustomMarshalers.rpk = src\nuspec\msdn.4.0\content\CustomMarshalers.rpk
		src\nuspec\msdn.4.0\content\ISymWrapper.rpk = src\nuspec\msdn.4.0\content\ISymWrapper.rpk
		src\nuspec\msdn.4.0\content\Microsoft.Build.Conversion.v4.0.rpk = src\nuspec\msdn.4.0\content\Microsoft.Build.Conversion.v4.0.rpk
		src\nuspec\msdn.4.0\content\Microsoft.Build.Engine.rpk = src\nuspec\msdn.4.0\content\Microsoft.Build.Engine.rpk
		src\nuspec\msdn.4.0\content\Microsoft.Build.Framework.rpk = src\nuspec\msdn.4.0\content\Microsoft.Build.Framework.rpk
		src\nuspec\msdn.4.0\content\Microsoft.Build.rpk = src\nuspec\msdn.4.0\content\Microsoft.Build.rpk
		src\nuspec\msdn.4.0\content\Microsoft.Build.Tasks.v4.0.rpk = src\nuspec\msdn.4.0\content\Microsoft.Build.Tasks.v4.0.rpk
		src\nuspec\msdn.4.0\content\Microsoft.Build.Utilities.v4.0.rpk = src\nuspec\msdn.4.0\content\Microsoft.Build.Utilities.v4.0.rpk
		src\nuspec\msdn.4.0\content\Microsoft.CSharp.rpk = src\nuspec\msdn.4.0\content\Microsoft.CSharp.rpk
		src\nuspec\msdn.4.0\content\Microsoft.JScript.rpk = src\nuspec\msdn.4.0\content\Microsoft.JScript.rpk
		src\nuspec\msdn.4.0\content\Microsoft.VisualBasic.Compatibility.Data.rpk = src\nuspec\msdn.4.0\content\Microsoft.VisualBasic.Compatibility.Data.rpk
		src\nuspec\msdn.4.0\content\Microsoft.VisualBasic.Compatibility.rpk = src\nuspec\msdn.4.0\content\Microsoft.VisualBasic.Compatibility.rpk
		src\nuspec\msdn.4.0\content\Microsoft.VisualBasic.rpk = src\nuspec\msdn.4.0\content\Microsoft.VisualBasic.rpk
		src\nuspec\msdn.4.0\content\Microsoft.VisualC.rpk = src\nuspec\msdn.4.0\content\Microsoft.VisualC.rpk
		src\nuspec\msdn.4.0\content\Microsoft.VisualC.STLCLR.rpk = src\nuspec\msdn.4.0\content\Microsoft.VisualC.STLCLR.rpk
		src\nuspec\msdn.4.0\content\mscorlib.rpk = src\nuspec\msdn.4.0\content\mscorlib.rpk
		src\nuspec\msdn.4.0\content\PresentationBuildTasks.rpk = src\nuspec\msdn.4.0\content\PresentationBuildTasks.rpk
		src\nuspec\msdn.4.0\content\PresentationCore.rpk = src\nuspec\msdn.4.0\content\PresentationCore.rpk
		src\nuspec\msdn.4.0\content\PresentationFramework.Aero.rpk = src\nuspec\msdn.4.0\content\PresentationFramework.Aero.rpk
		src\nuspec\msdn.4.0\content\PresentationFramework.Classic.rpk = src\nuspec\msdn.4.0\content\PresentationFramework.Classic.rpk
		src\nuspec\msdn.4.0\content\PresentationFramework.Luna.rpk = src\nuspec\msdn.4.0\content\PresentationFramework.Luna.rpk
		src\nuspec\msdn.4.0\content\PresentationFramework.Royale.rpk = src\nuspec\msdn.4.0\content\PresentationFramework.Royale.rpk
		src\nuspec\msdn.4.0\content\PresentationFramework.rpk = src\nuspec\msdn.4.0\content\PresentationFramework.rpk
		src\nuspec\msdn.4.0\content\ReachFramework.rpk = src\nuspec\msdn.4.0\content\ReachFramework.rpk
		src\nuspec\msdn.4.0\content\sysglobl.rpk = src\nuspec\msdn.4.0\content\sysglobl.rpk
		src\nuspec\msdn.4.0\content\System.Activities.Core.Presentation.rpk = src\nuspec\msdn.4.0\content\System.Activities.Core.Presentation.rpk
		src\nuspec\msdn.4.0\content\System.Activities.DurableInstancing.rpk = src\nuspec\msdn.4.0\content\System.Activities.DurableInstancing.rpk
		src\nuspec\msdn.4.0\content\System.Activities.Presentation.rpk = src\nuspec\msdn.4.0\content\System.Activities.Presentation.rpk
		src\nuspec\msdn.4.0\content\System.Activities.rpk = src\nuspec\msdn.4.0\content\System.Activities.rpk
		src\nuspec\msdn.4.0\content\System.AddIn.Contract.rpk = src\nuspec\msdn.4.0\content\System.AddIn.Contract.rpk
		src\nuspec\msdn.4.0\content\System.AddIn.rpk = src\nuspec\msdn.4.0\content\System.AddIn.rpk
		src\nuspec\msdn.4.0\content\System.ComponentModel.Composition.rpk = src\nuspec\msdn.4.0\content\System.ComponentModel.Composition.rpk
		src\nuspec\msdn.4.0\content\System.ComponentModel.DataAnnotations.rpk = src\nuspec\msdn.4.0\content\System.ComponentModel.DataAnnotations.rpk
		src\nuspec\msdn.4.0\content\System.Configuration.Install.rpk = src\nuspec\msdn.4.0\content\System.Configuration.Install.rpk
		src\nuspec\msdn.4.0\content\System.configuration.rpk = src\nuspec\msdn.4.0\content\System.configuration.rpk
		src\nuspec\msdn.4.0\content\System.Core.rpk = src\nuspec\msdn.4.0\content\System.Core.rpk
		src\nuspec\msdn.4.0\content\System.Data.DataSetExtensions.rpk = src\nuspec\msdn.4.0\content\System.Data.DataSetExtensions.rpk
		src\nuspec\msdn.4.0\content\System.Data.Entity.Design.rpk = src\nuspec\msdn.4.0\content\System.Data.Entity.Design.rpk
		src\nuspec\msdn.4.0\content\System.Data.Entity.rpk = src\nuspec\msdn.4.0\content\System.Data.Entity.rpk
		src\nuspec\msdn.4.0\content\System.Data.Linq.rpk = src\nuspec\msdn.4.0\content\System.Data.Linq.rpk
		src\nuspec\msdn.4.0\content\System.Data.OracleClient.rpk = src\nuspec\msdn.4.0\content\System.Data.OracleClient.rpk
		src\nuspec\msdn.4.0\content\System.Data.rpk = src\nuspec\msdn.4.0\content\System.Data.rpk
		src\nuspec\msdn.4.0\content\System.Data.Services.Client.rpk = src\nuspec\msdn.4.0\content\System.Data.Services.Client.rpk
		src\nuspec\msdn.4.0\content\System.Data.Services.Design.rpk = src\nuspec\msdn.4.0\content\System.Data.Services.Design.rpk
		src\nuspec\msdn.4.0\content\System.Data.Services.rpk = src\nuspec\msdn.4.0\content\System.Data.Services.rpk
		src\nuspec\msdn.4.0\content\System.Data.SqlXml.rpk = src\nuspec\msdn.4.0\content\System.Data.SqlXml.rpk
		src\nuspec\msdn.4.0\content\System.Deployment.rpk = src\nuspec\msdn.4.0\content\System.Deployment.rpk
		src\nuspec\msdn.4.0\content\System.Design.rpk = src\nuspec\msdn.4.0\content\System.Design.rpk
		src\nuspec\msdn.4.0\content\System.Device.rpk = src\nuspec\msdn.4.0\content\System.Device.rpk
		src\nuspec\msdn.4.0\content\System.DirectoryServices.AccountManagement.rpk = src\nuspec\msdn.4.0\content\System.DirectoryServices.AccountManagement.rpk
		src\nuspec\msdn.4.0\content\System.DirectoryServices.Protocols.rpk = src\nuspec\msdn.4.0\content\System.DirectoryServices.Protocols.rpk
		src\nuspec\msdn.4.0\content\System.DirectoryServices.rpk = src\nuspec\msdn.4.0\content\System.DirectoryServices.rpk
		src\nuspec\msdn.4.0\content\System.Drawing.Design.rpk = src\nuspec\msdn.4.0\content\System.Drawing.Design.rpk
		src\nuspec\msdn.4.0\content\System.Drawing.rpk = src\nuspec\msdn.4.0\content\System.Drawing.rpk
		src\nuspec\msdn.4.0\content\System.EnterpriseServices.rpk = src\nuspec\msdn.4.0\content\System.EnterpriseServices.rpk
		src\nuspec\msdn.4.0\content\System.IdentityModel.rpk = src\nuspec\msdn.4.0\content\System.IdentityModel.rpk
		src\nuspec\msdn.4.0\content\System.IdentityModel.Selectors.rpk = src\nuspec\msdn.4.0\content\System.IdentityModel.Selectors.rpk
		src\nuspec\msdn.4.0\content\System.IO.Log.rpk = src\nuspec\msdn.4.0\content\System.IO.Log.rpk
		src\nuspec\msdn.4.0\content\System.Management.Instrumentation.rpk = src\nuspec\msdn.4.0\content\System.Management.Instrumentation.rpk
		src\nuspec\msdn.4.0\content\System.Management.rpk = src\nuspec\msdn.4.0\content\System.Management.rpk
		src\nuspec\msdn.4.0\content\System.Messaging.rpk = src\nuspec\msdn.4.0\content\System.Messaging.rpk
		src\nuspec\msdn.4.0\content\System.Net.rpk = src\nuspec\msdn.4.0\content\System.Net.rpk
		src\nuspec\msdn.4.0\content\System.Numerics.rpk = src\nuspec\msdn.4.0\content\System.Numerics.rpk
		src\nuspec\msdn.4.0\content\System.Printing.rpk = src\nuspec\msdn.4.0\content\System.Printing.rpk
		src\nuspec\msdn.4.0\content\System.rpk = src\nuspec\msdn.4.0\content\System.rpk
		src\nuspec\msdn.4.0\content\System.Runtime.Caching.rpk = src\nuspec\msdn.4.0\content\System.Runtime.Caching.rpk
		src\nuspec\msdn.4.0\content\System.Runtime.DurableInstancing.rpk = src\nuspec\msdn.4.0\content\System.Runtime.DurableInstancing.rpk
		src\nuspec\msdn.4.0\content\System.Runtime.Remoting.rpk = src\nuspec\msdn.4.0\content\System.Runtime.Remoting.rpk
		src\nuspec\msdn.4.0\content\System.Runtime.Serialization.Formatters.Soap.rpk = src\nuspec\msdn.4.0\content\System.Runtime.Serialization.Formatters.Soap.rpk
		src\nuspec\msdn.4.0\content\System.Runtime.Serialization.rpk = src\nuspec\msdn.4.0\content\System.Runtime.Serialization.rpk
		src\nuspec\msdn.4.0\content\System.Security.rpk = src\nuspec\msdn.4.0\content\System.Security.rpk
		src\nuspec\msdn.4.0\content\System.ServiceModel.Activation.rpk = src\nuspec\msdn.4.0\content\System.ServiceModel.Activation.rpk
		src\nuspec\msdn.4.0\content\System.ServiceModel.Activities.rpk = src\nuspec\msdn.4.0\content\System.ServiceModel.Activities.rpk
		src\nuspec\msdn.4.0\content\System.ServiceModel.Channels.rpk = src\nuspec\msdn.4.0\content\System.ServiceModel.Channels.rpk
		src\nuspec\msdn.4.0\content\System.ServiceModel.Discovery.rpk = src\nuspec\msdn.4.0\content\System.ServiceModel.Discovery.rpk
		src\nuspec\msdn.4.0\content\System.ServiceModel.Routing.rpk = src\nuspec\msdn.4.0\content\System.ServiceModel.Routing.rpk
		src\nuspec\msdn.4.0\content\System.ServiceModel.rpk = src\nuspec\msdn.4.0\content\System.ServiceModel.rpk
		src\nuspec\msdn.4.0\content\System.ServiceModel.Web.rpk = src\nuspec\msdn.4.0\content\System.ServiceModel.Web.rpk
		src\nuspec\msdn.4.0\content\System.ServiceProcess.rpk = src\nuspec\msdn.4.0\content\System.ServiceProcess.rpk
		src\nuspec\msdn.4.0\content\System.Speech.rpk = src\nuspec\msdn.4.0\content\System.Speech.rpk
		src\nuspec\msdn.4.0\content\System.Transactions.rpk = src\nuspec\msdn.4.0\content\System.Transactions.rpk
		src\nuspec\msdn.4.0\content\System.Web.ApplicationServices.rpk = src\nuspec\msdn.4.0\content\System.Web.ApplicationServices.rpk
		src\nuspec\msdn.4.0\content\System.Web.DataVisualization.rpk = src\nuspec\msdn.4.0\content\System.Web.DataVisualization.rpk
		src\nuspec\msdn.4.0\content\System.Web.DynamicData.Design.rpk = src\nuspec\msdn.4.0\content\System.Web.DynamicData.Design.rpk
		src\nuspec\msdn.4.0\content\System.Web.DynamicData.rpk = src\nuspec\msdn.4.0\content\System.Web.DynamicData.rpk
		src\nuspec\msdn.4.0\content\System.Web.Entity.Design.rpk = src\nuspec\msdn.4.0\content\System.Web.Entity.Design.rpk
		src\nuspec\msdn.4.0\content\System.Web.Entity.rpk = src\nuspec\msdn.4.0\content\System.Web.Entity.rpk
		src\nuspec\msdn.4.0\content\System.Web.Extensions.Design.rpk = src\nuspec\msdn.4.0\content\System.Web.Extensions.Design.rpk
		src\nuspec\msdn.4.0\content\System.Web.Extensions.rpk = src\nuspec\msdn.4.0\content\System.Web.Extensions.rpk
		src\nuspec\msdn.4.0\content\System.Web.Mobile.rpk = src\nuspec\msdn.4.0\content\System.Web.Mobile.rpk
		src\nuspec\msdn.4.0\content\System.Web.RegularExpressions.rpk = src\nuspec\msdn.4.0\content\System.Web.RegularExpressions.rpk
		src\nuspec\msdn.4.0\content\System.Web.rpk = src\nuspec\msdn.4.0\content\System.Web.rpk
		src\nuspec\msdn.4.0\content\System.Web.Services.rpk = src\nuspec\msdn.4.0\content\System.Web.Services.rpk
		src\nuspec\msdn.4.0\content\System.Windows.Forms.DataVisualization.rpk = src\nuspec\msdn.4.0\content\System.Windows.Forms.DataVisualization.rpk
		src\nuspec\msdn.4.0\content\System.Windows.Forms.rpk = src\nuspec\msdn.4.0\content\System.Windows.Forms.rpk
		src\nuspec\msdn.4.0\content\System.Windows.Input.Manipulations.rpk = src\nuspec\msdn.4.0\content\System.Windows.Input.Manipulations.rpk
		src\nuspec\msdn.4.0\content\System.Windows.Presentation.rpk = src\nuspec\msdn.4.0\content\System.Windows.Presentation.rpk
		src\nuspec\msdn.4.0\content\System.Workflow.Activities.rpk = src\nuspec\msdn.4.0\content\System.Workflow.Activities.rpk
		src\nuspec\msdn.4.0\content\System.Workflow.ComponentModel.rpk = src\nuspec\msdn.4.0\content\System.Workflow.ComponentModel.rpk
		src\nuspec\msdn.4.0\content\System.Workflow.Runtime.rpk = src\nuspec\msdn.4.0\content\System.Workflow.Runtime.rpk
		src\nuspec\msdn.4.0\content\System.WorkflowServices.rpk = src\nuspec\msdn.4.0\content\System.WorkflowServices.rpk
		src\nuspec\msdn.4.0\content\System.Xaml.rpk = src\nuspec\msdn.4.0\content\System.Xaml.rpk
		src\nuspec\msdn.4.0\content\System.Xml.Linq.rpk = src\nuspec\msdn.4.0\content\System.Xml.Linq.rpk
		src\nuspec\msdn.4.0\content\System.XML.rpk = src\nuspec\msdn.4.0\content\System.XML.rpk
		src\nuspec\msdn.4.0\content\UIAutomationClient.rpk = src\nuspec\msdn.4.0\content\UIAutomationClient.rpk
		src\nuspec\msdn.4.0\content\UIAutomationClientsideProviders.rpk = src\nuspec\msdn.4.0\content\UIAutomationClientsideProviders.rpk
		src\nuspec\msdn.4.0\content\UIAutomationProvider.rpk = src\nuspec\msdn.4.0\content\UIAutomationProvider.rpk
		src\nuspec\msdn.4.0\content\UIAutomationTypes.rpk = src\nuspec\msdn.4.0\content\UIAutomationTypes.rpk
		src\nuspec\msdn.4.0\content\WindowsBase.rpk = src\nuspec\msdn.4.0\content\WindowsBase.rpk
		src\nuspec\msdn.4.0\content\WindowsFormsIntegration.rpk = src\nuspec\msdn.4.0\content\WindowsFormsIntegration.rpk
		src\nuspec\msdn.4.0\content\XamlBuildTask.rpk = src\nuspec\msdn.4.0\content\XamlBuildTask.rpk
	EndProjectSection
EndProject
Project("{2150E333-8FDC-42A3-9474-1A3956D46DE8}") = "tools", "tools", "{5D21F2DC-87EE-4205-B20A-B3403F2C7007}"
	ProjectSection(SolutionItems) = preProject
		src\nuspec\msdn.4.0\tools\install.ps1 = src\nuspec\msdn.4.0\tools\install.ps1
		src\nuspec\msdn.4.0\tools\uninstall.ps1 = src\nuspec\msdn.4.0\tools\uninstall.ps1
	EndProjectSection
EndProject
Project("{FAE04EC0-301F-11D3-BF4B-00C04F79EFBC}") = "docfx.msbuild", "src\nuspec\docfx.msbuild\docfx.msbuild.csproj", "{1A7FD832-EBE9-47B2-AB59-718CB18DCA44}"
EndProject
Project("{FAE04EC0-301F-11D3-BF4B-00C04F79EFBC}") = "Microsoft.DocAsCode.MarkdownLite", "src\Microsoft.DocAsCode.MarkdownLite\Microsoft.DocAsCode.MarkdownLite.csproj", "{81AD853E-6176-44CA-A43E-A699EA05CC3E}"
EndProject
Project("{FAE04EC0-301F-11D3-BF4B-00C04F79EFBC}") = "Microsoft.DocAsCode.Plugins", "src\Microsoft.DocAsCode.Plugins\Microsoft.DocAsCode.Plugins.csproj", "{42F7A3B4-464B-403C-8352-5FBF40C696FF}"
EndProject
Project("{FAE04EC0-301F-11D3-BF4B-00C04F79EFBC}") = "RunTests", "test\Shared\RunTests.csproj", "{D16CE2F7-525C-47A6-BCED-2B02CE9CBE7D}"
EndProject
Project("{FAE04EC0-301F-11D3-BF4B-00C04F79EFBC}") = "docfx.Tests", "test\docfx.Tests\docfx.Tests.csproj", "{F84BB644-A042-4364-AD2D-BF9D5BBD44BC}"
EndProject
Project("{2150E333-8FDC-42A3-9474-1A3956D46DE8}") = "Solution Items", "Solution Items", "{718078B4-D34C-4697-AAD1-5844CBF60997}"
	ProjectSection(SolutionItems) = preProject
		global.json = global.json
		NuGet.Config = NuGet.Config
	EndProjectSection
EndProject
Project("{2150E333-8FDC-42A3-9474-1A3956D46DE8}") = "Shared", "Shared", "{1CF93625-0662-4226-96A2-A5040901070E}"
	ProjectSection(SolutionItems) = preProject
		tools\Shared\base.props = tools\Shared\base.props
	EndProjectSection
EndProject
Project("{FAE04EC0-301F-11D3-BF4B-00C04F79EFBC}") = "Microsoft.DocAsCode.Utility.Tests", "test\Microsoft.DocAsCode.Utility.Tests\Microsoft.DocAsCode.Utility.Tests.csproj", "{F84BB644-A042-4364-AD2D-BF9D5BBD44AC}"
EndProject
Project("{FAE04EC0-301F-11D3-BF4B-00C04F79EFBC}") = "Microsoft.DocAsCode.YamlSerialization", "src\Microsoft.DocAsCode.YamlSerialization\Microsoft.DocAsCode.YamlSerialization.csproj", "{87EFC656-3081-442E-902B-822714514768}"
EndProject
Project("{FAE04EC0-301F-11D3-BF4B-00C04F79EFBC}") = "Microsoft.DocAsCode.MarkdownLite.Tests", "test\Microsoft.DocAsCode.MarkdownLite.Tests\Microsoft.DocAsCode.MarkdownLite.Tests.csproj", "{F94BB644-A042-4364-AD2D-BF9D5BBD44AC}"
EndProject
Project("{FAE04EC0-301F-11D3-BF4B-00C04F79EFBC}") = "Microsoft.DocAsCode.Glob", "src\Microsoft.DocAsCode.Glob\Microsoft.DocAsCode.Glob.csproj", "{629EC13D-8939-4F23-B7DC-7A98964BB9A4}"
EndProject
Project("{FAE04EC0-301F-11D3-BF4B-00C04F79EFBC}") = "Microsoft.DocAsCode.Glob.Tests", "test\Microsoft.DocAsCode.Glob.Tests\Microsoft.DocAsCode.Glob.Tests.csproj", "{957B06B4-FD5B-473F-A118-D1EA5EBF64BC}"
EndProject
Project("{FAE04EC0-301F-11D3-BF4B-00C04F79EFBC}") = "Microsoft.DocAsCode.AzureMarkdownRewriters.Tests", "test\Microsoft.DocAsCode.MarkdownRewriters.Tests\Microsoft.DocAsCode.AzureMarkdownRewriters.Tests.csproj", "{38ADEED9-CF82-4DC0-A6CF-A13AC3A5797F}"
EndProject
Project("{FAE04EC0-301F-11D3-BF4B-00C04F79EFBC}") = "Microsoft.DocAsCode.Dfm", "src\Microsoft.DocAsCode.Dfm\Microsoft.DocAsCode.Dfm.csproj", "{C212545A-62F4-40A3-A814-2EE4C7DF7D41}"
EndProject
Project("{FAE04EC0-301F-11D3-BF4B-00C04F79EFBC}") = "Microsoft.DocAsCode.Common", "src\Microsoft.DocAsCode.Common\Microsoft.DocAsCode.Common.csproj", "{72225351-32FD-103F-1818-25E3C7DF74A2}"
EndProject
Project("{FAE04EC0-301F-11D3-BF4B-00C04F79EFBC}") = "Microsoft.DocAsCode.AzureMarkdownRewriters", "src\Microsoft.DocAsCode.AzureMarkdownRewriters\Microsoft.DocAsCode.AzureMarkdownRewriters.csproj", "{99F0BB91-2CE9-4460-87E0-B99B87F7B193}"
EndProject
Project("{2150E333-8FDC-42A3-9474-1A3956D46DE8}") = "MergeSourceInfo", "MergeSourceInfo", "{66205F25-858E-4399-B331-0316D37B9A48}"
EndProject
Project("{FAE04EC0-301F-11D3-BF4B-00C04F79EFBC}") = "MergeSourceInfo", "tools\MergeSourceInfo\MergeSourceInfo.csproj", "{6269BDBC-36E8-416C-AADB-2342B0415527}"
EndProject
Project("{2150E333-8FDC-42A3-9474-1A3956D46DE8}") = "MergeDeveloperComments", "MergeDeveloperComments", "{54945137-EB1C-4944-AACE-72AF532FBAFB}"
EndProject
Project("{FAE04EC0-301F-11D3-BF4B-00C04F79EFBC}") = "MergeDeveloperComments", "tools\MergeDeveloperComments\MergeDeveloperComments.csproj", "{2190AD24-CC6A-0DD1-D17B-169012B32AAD}"
EndProject
Project("{2150E333-8FDC-42A3-9474-1A3956D46DE8}") = "AzureMarkdownRewriterTool", "AzureMarkdownRewriterTool", "{367AC9E2-3E47-40AE-93C8-6B07F4847C4B}"
EndProject
Project("{FAE04EC0-301F-11D3-BF4B-00C04F79EFBC}") = "AzureMarkdownRewriterTool", "tools\AzureMarkdownRewriterTool\AzureMarkdownRewriterTool.csproj", "{233933A5-5B94-472B-A1B6-D98870267FA4}"
EndProject
Project("{2150E333-8FDC-42A3-9474-1A3956D46DE8}") = "DataContracts", "DataContracts", "{FC516D58-DDAD-4DD7-87D8-CEB484DB86C8}"
EndProject
Project("{2150E333-8FDC-42A3-9474-1A3956D46DE8}") = "Metadata", "Metadata", "{1EF597E2-CA59-4029-9EFB-A6D3E64279F9}"
EndProject
Project("{2150E333-8FDC-42A3-9474-1A3956D46DE8}") = "Build", "Build", "{E1F4CAA2-7745-46A5-BE03-872F349A1AE8}"
EndProject
Project("{2150E333-8FDC-42A3-9474-1A3956D46DE8}") = "ManagedReference", "ManagedReference", "{8BFB6708-7DC5-40FD-AE58-D77F2A54917B}"
EndProject
Project("{2150E333-8FDC-42A3-9474-1A3956D46DE8}") = "ManagedReference", "ManagedReference", "{1E724519-C454-45E5-932C-1E637F57BD82}"
EndProject
Project("{2150E333-8FDC-42A3-9474-1A3956D46DE8}") = "ManagedReference", "ManagedReference", "{B3870527-CF8E-4B33-8157-68251131C629}"
EndProject
Project("{2150E333-8FDC-42A3-9474-1A3956D46DE8}") = "Common", "Common", "{A1051CDA-69F8-4ADF-BEA1-BA4903543906}"
EndProject
Project("{2150E333-8FDC-42A3-9474-1A3956D46DE8}") = "Engine", "Engine", "{1EB6AA89-E08B-49ED-9B55-7CCCA3182E04}"
EndProject
Project("{2150E333-8FDC-42A3-9474-1A3956D46DE8}") = "RestApi", "RestApi", "{BE371796-0C20-4E7B-81D8-1FA7B3A7962E}"
EndProject
Project("{2150E333-8FDC-42A3-9474-1A3956D46DE8}") = "ConceptualDocuments", "ConceptualDocuments", "{9B3E9B21-3DC0-44FE-98CD-0B23D603B4F8}"
EndProject
Project("{2150E333-8FDC-42A3-9474-1A3956D46DE8}") = "TableOfContents", "TableOfContents", "{2E8195DA-0B0C-4D18-9A9A-04F6F9415D7E}"
EndProject
Project("{FAE04EC0-301F-11D3-BF4B-00C04F79EFBC}") = "Microsoft.DocAsCode.Build.Common", "src\Microsoft.DocAsCode.Build.Common\Microsoft.DocAsCode.Build.Common.csproj", "{60F21EDB-35F9-420D-B1B6-3ED482F76B50}"
EndProject
Project("{FAE04EC0-301F-11D3-BF4B-00C04F79EFBC}") = "Microsoft.DocAsCode.Build.ConceptualDocuments", "src\Microsoft.DocAsCode.Build.ConceptualDocuments\Microsoft.DocAsCode.Build.ConceptualDocuments.csproj", "{60F21EDB-35F9-220D-C1B6-3ED482F76B51}"
EndProject
Project("{FAE04EC0-301F-11D3-BF4B-00C04F79EFBC}") = "Microsoft.DocAsCode.Build.Engine", "src\Microsoft.DocAsCode.Build.Engine\Microsoft.DocAsCode.Build.Engine.csproj", "{60F21EDB-35F9-420D-B1B6-3ED482F76B51}"
EndProject
Project("{FAE04EC0-301F-11D3-BF4B-00C04F79EFBC}") = "Microsoft.DocAsCode.Build.ManagedReference", "src\Microsoft.DocAsCode.Build.ManagedReference\Microsoft.DocAsCode.Build.ManagedReference.csproj", "{60F21EDB-35F9-420D-B1B6-2EC482F76B50}"
EndProject
Project("{FAE04EC0-301F-11D3-BF4B-00C04F79EFBC}") = "Microsoft.DocAsCode.Build.RestApi", "src\Microsoft.DocAsCode.Build.RestApi\Microsoft.DocAsCode.Build.RestApi.csproj", "{60F21EDB-35F9-420D-B1B6-2ED482F76B50}"
EndProject
Project("{FAE04EC0-301F-11D3-BF4B-00C04F79EFBC}") = "Microsoft.DocAsCode.Build.TableOfContents", "src\Microsoft.DocAsCode.Build.TableOfContents\Microsoft.DocAsCode.Build.TableOfContents.csproj", "{60F21EDB-35F9-220D-B1B6-3ED482F76B51}"
EndProject
Project("{FAE04EC0-301F-11D3-BF4B-00C04F79EFBC}") = "Microsoft.DocAsCode.DataContracts.ManagedReference", "src\Microsoft.DocAsCode.DataContracts.ManagedReference\Microsoft.DocAsCode.DataContracts.ManagedReference.csproj", "{60F21EDB-35F9-490D-B1B6-2EC482F76B50}"
EndProject
Project("{FAE04EC0-301F-11D3-BF4B-00C04F79EFBC}") = "Microsoft.DocAsCode.Metadata.ManagedReference", "src\Microsoft.DocAsCode.Metadata.ManagedReference\Microsoft.DocAsCode.Metadata.ManagedReference.csproj", "{60F22EDB-35F9-490D-B1B6-2EC482F76B50}"
EndProject
Project("{2150E333-8FDC-42A3-9474-1A3956D46DE8}") = "ResourceFiles", "ResourceFiles", "{478D25BC-C0F1-4416-A95B-0174C2FA4D2A}"
EndProject
Project("{FAE04EC0-301F-11D3-BF4B-00C04F79EFBC}") = "Microsoft.DocAsCode.Build.ResourceFiles", "src\Microsoft.DocAsCode.Build.ResourceFiles\Microsoft.DocAsCode.Build.ResourceFiles.csproj", "{60F21EDB-35F9-220D-B1B6-3ED882F76B51}"
EndProject
Project("{2150E333-8FDC-42A3-9474-1A3956D46DE8}") = "Common", "Common", "{C4FFDB19-28F2-4499-8FC8-AA49FDF09364}"
EndProject
Project("{FAE04EC0-301F-11D3-BF4B-00C04F79EFBC}") = "Microsoft.DocAsCode.DataContracts.Common", "src\Microsoft.DocAsCode.DataContracts.Common\Microsoft.DocAsCode.DataContracts.Common.csproj", "{60F21EDB-37F9-490D-B1B6-2EC482F76B50}"
EndProject
Project("{FAE04EC0-301F-11D3-BF4B-00C04F79EFBC}") = "Microsoft.DocAsCode.Metadata.ManagedReference.Tests", "test\Microsoft.DocAsCode.Metadata.ManagedReference.Tests\Microsoft.DocAsCode.Metadata.ManagedReference.Tests.csproj", "{C7019EBE-9423-46FD-BCA2-821255ECB426}"
EndProject
Project("{FAE04EC0-301F-11D3-BF4B-00C04F79EFBC}") = "Microsoft.DocAsCode.Build.RestApi.Tests", "test\Microsoft.DocAsCode.Build.RestApi.Tests\Microsoft.DocAsCode.Build.RestApi.Tests.csproj", "{FE8B442E-0896-4414-AA8C-266CADA198DF}"
EndProject
Project("{FAE04EC0-301F-11D3-BF4B-00C04F79EFBC}") = "Microsoft.DocAsCode.Build.Engine.Tests", "test\Microsoft.DocAsCode.Build.Engine.Tests\Microsoft.DocAsCode.Build.Engine.Tests.csproj", "{DA4AA0BA-02D1-4894-93A5-93D962135ACB}"
EndProject
Project("{FAE04EC0-301F-11D3-BF4B-00C04F79EFBC}") = "Microsoft.DocAsCode.Common.Tests", "test\Microsoft.DocAsCode.Common.Tests\Microsoft.DocAsCode.Common.Tests.csproj", "{EFAB7A53-D047-422E-A3FB-ECC834944CE6}"
EndProject
Project("{FAE04EC0-301F-11D3-BF4B-00C04F79EFBC}") = "Microsoft.DocAsCode.Build.TableOfContents.Tests", "test\Microsoft.DocAsCode.Build.TableOfContents.Tests\Microsoft.DocAsCode.Build.TableOfContents.Tests.csproj", "{1FEBD1F7-5107-4F26-9E76-597AC9593DB7}"
EndProject
Project("{FAE04EC0-301F-11D3-BF4B-00C04F79EFBC}") = "Microsoft.DocAsCode.Build.Common.Tests", "test\Microsoft.DocAsCode.Build.Common.Tests\Microsoft.DocAsCode.Build.Common.Tests.csproj", "{6AA8604A-258B-4992-97C2-3F8D4AC5F191}"
EndProject
Project("{FAE04EC0-301F-11D3-BF4B-00C04F79EFBC}") = "Microsoft.DocAsCode.Build.ConceptualDocuments.Tests", "test\Microsoft.DocAsCode.Build.ConceptualDocuments.Tests\Microsoft.DocAsCode.Build.ConceptualDocuments.Tests.csproj", "{CEE4A009-B332-49A7-8A4F-7585E5EBAD00}"
EndProject
Global
	GlobalSection(SolutionConfigurationPlatforms) = preSolution
		Debug|Any CPU = Debug|Any CPU
		Debug|x86 = Debug|x86
		Release|Any CPU = Release|Any CPU
		Release|x86 = Release|x86
	EndGlobalSection
	GlobalSection(ProjectConfigurationPlatforms) = postSolution
		{AB97BEDF-D207-42E9-A56F-C9DD395BFCDD}.Debug|Any CPU.ActiveCfg = Debug|Any CPU
		{AB97BEDF-D207-42E9-A56F-C9DD395BFCDD}.Debug|Any CPU.Build.0 = Debug|Any CPU
		{AB97BEDF-D207-42E9-A56F-C9DD395BFCDD}.Debug|x86.ActiveCfg = Debug|Any CPU
		{AB97BEDF-D207-42E9-A56F-C9DD395BFCDD}.Debug|x86.Build.0 = Debug|Any CPU
		{AB97BEDF-D207-42E9-A56F-C9DD395BFCDD}.Release|Any CPU.ActiveCfg = Release|Any CPU
		{AB97BEDF-D207-42E9-A56F-C9DD395BFCDD}.Release|Any CPU.Build.0 = Release|Any CPU
		{AB97BEDF-D207-42E9-A56F-C9DD395BFCDD}.Release|x86.ActiveCfg = Release|Any CPU
		{AB97BEDF-D207-42E9-A56F-C9DD395BFCDD}.Release|x86.Build.0 = Release|Any CPU
		{619EC13D-8939-4F23-B7DC-7A98964BB9A4}.Debug|Any CPU.ActiveCfg = Debug|Any CPU
		{619EC13D-8939-4F23-B7DC-7A98964BB9A4}.Debug|Any CPU.Build.0 = Debug|Any CPU
		{619EC13D-8939-4F23-B7DC-7A98964BB9A4}.Debug|x86.ActiveCfg = Debug|Any CPU
		{619EC13D-8939-4F23-B7DC-7A98964BB9A4}.Debug|x86.Build.0 = Debug|Any CPU
		{619EC13D-8939-4F23-B7DC-7A98964BB9A4}.Release|Any CPU.ActiveCfg = Release|Any CPU
		{619EC13D-8939-4F23-B7DC-7A98964BB9A4}.Release|Any CPU.Build.0 = Release|Any CPU
		{619EC13D-8939-4F23-B7DC-7A98964BB9A4}.Release|x86.ActiveCfg = Release|Any CPU
		{619EC13D-8939-4F23-B7DC-7A98964BB9A4}.Release|x86.Build.0 = Release|Any CPU
		{EFAA7A53-D047-422E-A3FB-ECC834944CE6}.Debug|Any CPU.ActiveCfg = Debug|Any CPU
		{EFAA7A53-D047-422E-A3FB-ECC834944CE6}.Debug|Any CPU.Build.0 = Debug|Any CPU
		{EFAA7A53-D047-422E-A3FB-ECC834944CE6}.Debug|x86.ActiveCfg = Debug|Any CPU
		{EFAA7A53-D047-422E-A3FB-ECC834944CE6}.Debug|x86.Build.0 = Debug|Any CPU
		{EFAA7A53-D047-422E-A3FB-ECC834944CE6}.Release|Any CPU.ActiveCfg = Release|Any CPU
		{EFAA7A53-D047-422E-A3FB-ECC834944CE6}.Release|Any CPU.Build.0 = Release|Any CPU
		{EFAA7A53-D047-422E-A3FB-ECC834944CE6}.Release|x86.ActiveCfg = Release|Any CPU
		{EFAA7A53-D047-422E-A3FB-ECC834944CE6}.Release|x86.Build.0 = Release|Any CPU
		{1090FD24-DC6F-4DDA-913B-F69817B31A9B}.Debug|Any CPU.ActiveCfg = Debug|Any CPU
		{1090FD24-DC6F-4DDA-913B-F69817B31A9B}.Debug|Any CPU.Build.0 = Debug|Any CPU
		{1090FD24-DC6F-4DDA-913B-F69817B31A9B}.Debug|x86.ActiveCfg = Debug|Any CPU
		{1090FD24-DC6F-4DDA-913B-F69817B31A9B}.Debug|x86.Build.0 = Debug|Any CPU
		{1090FD24-DC6F-4DDA-913B-F69817B31A9B}.Release|Any CPU.ActiveCfg = Release|Any CPU
		{1090FD24-DC6F-4DDA-913B-F69817B31A9B}.Release|Any CPU.Build.0 = Release|Any CPU
		{1090FD24-DC6F-4DDA-913B-F69817B31A9B}.Release|x86.ActiveCfg = Release|Any CPU
		{1090FD24-DC6F-4DDA-913B-F69817B31A9B}.Release|x86.Build.0 = Release|Any CPU
		{1A7FD832-EBE9-47B2-AB59-718CB18DCA44}.Debug|Any CPU.ActiveCfg = Debug|Any CPU
		{1A7FD832-EBE9-47B2-AB59-718CB18DCA44}.Debug|Any CPU.Build.0 = Debug|Any CPU
		{1A7FD832-EBE9-47B2-AB59-718CB18DCA44}.Debug|x86.ActiveCfg = Debug|Any CPU
		{1A7FD832-EBE9-47B2-AB59-718CB18DCA44}.Debug|x86.Build.0 = Debug|Any CPU
		{1A7FD832-EBE9-47B2-AB59-718CB18DCA44}.Release|Any CPU.ActiveCfg = Release|Any CPU
		{1A7FD832-EBE9-47B2-AB59-718CB18DCA44}.Release|Any CPU.Build.0 = Release|Any CPU
		{1A7FD832-EBE9-47B2-AB59-718CB18DCA44}.Release|x86.ActiveCfg = Debug|Any CPU
		{1A7FD832-EBE9-47B2-AB59-718CB18DCA44}.Release|x86.Build.0 = Debug|Any CPU
		{81AD853E-6176-44CA-A43E-A699EA05CC3E}.Debug|Any CPU.ActiveCfg = Debug|Any CPU
		{81AD853E-6176-44CA-A43E-A699EA05CC3E}.Debug|Any CPU.Build.0 = Debug|Any CPU
		{81AD853E-6176-44CA-A43E-A699EA05CC3E}.Debug|x86.ActiveCfg = Debug|Any CPU
		{81AD853E-6176-44CA-A43E-A699EA05CC3E}.Debug|x86.Build.0 = Debug|Any CPU
		{81AD853E-6176-44CA-A43E-A699EA05CC3E}.Release|Any CPU.ActiveCfg = Release|Any CPU
		{81AD853E-6176-44CA-A43E-A699EA05CC3E}.Release|Any CPU.Build.0 = Release|Any CPU
		{81AD853E-6176-44CA-A43E-A699EA05CC3E}.Release|x86.ActiveCfg = Release|Any CPU
		{81AD853E-6176-44CA-A43E-A699EA05CC3E}.Release|x86.Build.0 = Release|Any CPU
		{42F7A3B4-464B-403C-8352-5FBF40C696FF}.Debug|Any CPU.ActiveCfg = Debug|Any CPU
		{42F7A3B4-464B-403C-8352-5FBF40C696FF}.Debug|Any CPU.Build.0 = Debug|Any CPU
		{42F7A3B4-464B-403C-8352-5FBF40C696FF}.Debug|x86.ActiveCfg = Debug|Any CPU
		{42F7A3B4-464B-403C-8352-5FBF40C696FF}.Debug|x86.Build.0 = Debug|Any CPU
		{42F7A3B4-464B-403C-8352-5FBF40C696FF}.Release|Any CPU.ActiveCfg = Release|Any CPU
		{42F7A3B4-464B-403C-8352-5FBF40C696FF}.Release|Any CPU.Build.0 = Release|Any CPU
		{42F7A3B4-464B-403C-8352-5FBF40C696FF}.Release|x86.ActiveCfg = Release|Any CPU
		{42F7A3B4-464B-403C-8352-5FBF40C696FF}.Release|x86.Build.0 = Release|Any CPU
		{D16CE2F7-525C-47A6-BCED-2B02CE9CBE7D}.Debug|Any CPU.ActiveCfg = Debug|Any CPU
		{D16CE2F7-525C-47A6-BCED-2B02CE9CBE7D}.Debug|Any CPU.Build.0 = Debug|Any CPU
		{D16CE2F7-525C-47A6-BCED-2B02CE9CBE7D}.Debug|x86.ActiveCfg = Debug|Any CPU
		{D16CE2F7-525C-47A6-BCED-2B02CE9CBE7D}.Debug|x86.Build.0 = Debug|Any CPU
		{D16CE2F7-525C-47A6-BCED-2B02CE9CBE7D}.Release|Any CPU.ActiveCfg = Release|Any CPU
		{D16CE2F7-525C-47A6-BCED-2B02CE9CBE7D}.Release|Any CPU.Build.0 = Release|Any CPU
		{D16CE2F7-525C-47A6-BCED-2B02CE9CBE7D}.Release|x86.ActiveCfg = Release|Any CPU
		{D16CE2F7-525C-47A6-BCED-2B02CE9CBE7D}.Release|x86.Build.0 = Release|Any CPU
		{F84BB644-A042-4364-AD2D-BF9D5BBD44BC}.Debug|Any CPU.ActiveCfg = Debug|Any CPU
		{F84BB644-A042-4364-AD2D-BF9D5BBD44BC}.Debug|Any CPU.Build.0 = Debug|Any CPU
		{F84BB644-A042-4364-AD2D-BF9D5BBD44BC}.Debug|x86.ActiveCfg = Debug|Any CPU
		{F84BB644-A042-4364-AD2D-BF9D5BBD44BC}.Debug|x86.Build.0 = Debug|Any CPU
		{F84BB644-A042-4364-AD2D-BF9D5BBD44BC}.Release|Any CPU.ActiveCfg = Release|Any CPU
		{F84BB644-A042-4364-AD2D-BF9D5BBD44BC}.Release|Any CPU.Build.0 = Release|Any CPU
		{F84BB644-A042-4364-AD2D-BF9D5BBD44BC}.Release|x86.ActiveCfg = Release|Any CPU
		{F84BB644-A042-4364-AD2D-BF9D5BBD44BC}.Release|x86.Build.0 = Release|Any CPU
		{F84BB644-A042-4364-AD2D-BF9D5BBD44AC}.Debug|Any CPU.ActiveCfg = Debug|Any CPU
		{F84BB644-A042-4364-AD2D-BF9D5BBD44AC}.Debug|Any CPU.Build.0 = Debug|Any CPU
		{F84BB644-A042-4364-AD2D-BF9D5BBD44AC}.Debug|x86.ActiveCfg = Debug|Any CPU
		{F84BB644-A042-4364-AD2D-BF9D5BBD44AC}.Debug|x86.Build.0 = Debug|Any CPU
		{F84BB644-A042-4364-AD2D-BF9D5BBD44AC}.Release|Any CPU.ActiveCfg = Release|Any CPU
		{F84BB644-A042-4364-AD2D-BF9D5BBD44AC}.Release|Any CPU.Build.0 = Release|Any CPU
		{F84BB644-A042-4364-AD2D-BF9D5BBD44AC}.Release|x86.ActiveCfg = Release|Any CPU
		{F84BB644-A042-4364-AD2D-BF9D5BBD44AC}.Release|x86.Build.0 = Release|Any CPU
		{87EFC656-3081-442E-902B-822714514768}.Debug|Any CPU.ActiveCfg = Debug|Any CPU
		{87EFC656-3081-442E-902B-822714514768}.Debug|Any CPU.Build.0 = Debug|Any CPU
		{87EFC656-3081-442E-902B-822714514768}.Debug|x86.ActiveCfg = Debug|Any CPU
		{87EFC656-3081-442E-902B-822714514768}.Debug|x86.Build.0 = Debug|Any CPU
		{87EFC656-3081-442E-902B-822714514768}.Release|Any CPU.ActiveCfg = Release|Any CPU
		{87EFC656-3081-442E-902B-822714514768}.Release|Any CPU.Build.0 = Release|Any CPU
		{87EFC656-3081-442E-902B-822714514768}.Release|x86.ActiveCfg = Release|Any CPU
		{87EFC656-3081-442E-902B-822714514768}.Release|x86.Build.0 = Release|Any CPU
		{F94BB644-A042-4364-AD2D-BF9D5BBD44AC}.Debug|Any CPU.ActiveCfg = Debug|Any CPU
		{F94BB644-A042-4364-AD2D-BF9D5BBD44AC}.Debug|Any CPU.Build.0 = Debug|Any CPU
		{F94BB644-A042-4364-AD2D-BF9D5BBD44AC}.Debug|x86.ActiveCfg = Debug|Any CPU
		{F94BB644-A042-4364-AD2D-BF9D5BBD44AC}.Debug|x86.Build.0 = Debug|Any CPU
		{F94BB644-A042-4364-AD2D-BF9D5BBD44AC}.Release|Any CPU.ActiveCfg = Release|Any CPU
		{F94BB644-A042-4364-AD2D-BF9D5BBD44AC}.Release|Any CPU.Build.0 = Release|Any CPU
		{F94BB644-A042-4364-AD2D-BF9D5BBD44AC}.Release|x86.ActiveCfg = Release|Any CPU
		{F94BB644-A042-4364-AD2D-BF9D5BBD44AC}.Release|x86.Build.0 = Release|Any CPU
		{629EC13D-8939-4F23-B7DC-7A98964BB9A4}.Debug|Any CPU.ActiveCfg = Debug|Any CPU
		{629EC13D-8939-4F23-B7DC-7A98964BB9A4}.Debug|Any CPU.Build.0 = Debug|Any CPU
		{629EC13D-8939-4F23-B7DC-7A98964BB9A4}.Debug|x86.ActiveCfg = Debug|Any CPU
		{629EC13D-8939-4F23-B7DC-7A98964BB9A4}.Debug|x86.Build.0 = Debug|Any CPU
		{629EC13D-8939-4F23-B7DC-7A98964BB9A4}.Release|Any CPU.ActiveCfg = Release|Any CPU
		{629EC13D-8939-4F23-B7DC-7A98964BB9A4}.Release|Any CPU.Build.0 = Release|Any CPU
		{629EC13D-8939-4F23-B7DC-7A98964BB9A4}.Release|x86.ActiveCfg = Release|Any CPU
		{629EC13D-8939-4F23-B7DC-7A98964BB9A4}.Release|x86.Build.0 = Release|Any CPU
		{957B06B4-FD5B-473F-A118-D1EA5EBF64BC}.Debug|Any CPU.ActiveCfg = Debug|Any CPU
		{957B06B4-FD5B-473F-A118-D1EA5EBF64BC}.Debug|Any CPU.Build.0 = Debug|Any CPU
		{957B06B4-FD5B-473F-A118-D1EA5EBF64BC}.Debug|x86.ActiveCfg = Debug|Any CPU
		{957B06B4-FD5B-473F-A118-D1EA5EBF64BC}.Debug|x86.Build.0 = Debug|Any CPU
		{957B06B4-FD5B-473F-A118-D1EA5EBF64BC}.Release|Any CPU.ActiveCfg = Release|Any CPU
		{957B06B4-FD5B-473F-A118-D1EA5EBF64BC}.Release|Any CPU.Build.0 = Release|Any CPU
		{957B06B4-FD5B-473F-A118-D1EA5EBF64BC}.Release|x86.ActiveCfg = Release|Any CPU
		{957B06B4-FD5B-473F-A118-D1EA5EBF64BC}.Release|x86.Build.0 = Release|Any CPU
		{38ADEED9-CF82-4DC0-A6CF-A13AC3A5797F}.Debug|Any CPU.ActiveCfg = Debug|Any CPU
		{38ADEED9-CF82-4DC0-A6CF-A13AC3A5797F}.Debug|Any CPU.Build.0 = Debug|Any CPU
		{38ADEED9-CF82-4DC0-A6CF-A13AC3A5797F}.Debug|x86.ActiveCfg = Debug|Any CPU
		{38ADEED9-CF82-4DC0-A6CF-A13AC3A5797F}.Debug|x86.Build.0 = Debug|Any CPU
		{38ADEED9-CF82-4DC0-A6CF-A13AC3A5797F}.Release|Any CPU.ActiveCfg = Release|Any CPU
		{38ADEED9-CF82-4DC0-A6CF-A13AC3A5797F}.Release|Any CPU.Build.0 = Release|Any CPU
		{38ADEED9-CF82-4DC0-A6CF-A13AC3A5797F}.Release|x86.ActiveCfg = Release|Any CPU
		{38ADEED9-CF82-4DC0-A6CF-A13AC3A5797F}.Release|x86.Build.0 = Release|Any CPU
		{C212545A-62F4-40A3-A814-2EE4C7DF7D41}.Debug|Any CPU.ActiveCfg = Debug|Any CPU
		{C212545A-62F4-40A3-A814-2EE4C7DF7D41}.Debug|Any CPU.Build.0 = Debug|Any CPU
		{C212545A-62F4-40A3-A814-2EE4C7DF7D41}.Debug|x86.ActiveCfg = Debug|Any CPU
		{C212545A-62F4-40A3-A814-2EE4C7DF7D41}.Debug|x86.Build.0 = Debug|Any CPU
		{C212545A-62F4-40A3-A814-2EE4C7DF7D41}.Release|Any CPU.ActiveCfg = Release|Any CPU
		{C212545A-62F4-40A3-A814-2EE4C7DF7D41}.Release|Any CPU.Build.0 = Release|Any CPU
		{C212545A-62F4-40A3-A814-2EE4C7DF7D41}.Release|x86.ActiveCfg = Release|Any CPU
		{C212545A-62F4-40A3-A814-2EE4C7DF7D41}.Release|x86.Build.0 = Release|Any CPU
		{72225351-32FD-103F-1818-25E3C7DF74A2}.Debug|Any CPU.ActiveCfg = Debug|Any CPU
		{72225351-32FD-103F-1818-25E3C7DF74A2}.Debug|Any CPU.Build.0 = Debug|Any CPU
		{72225351-32FD-103F-1818-25E3C7DF74A2}.Debug|x86.ActiveCfg = Debug|Any CPU
		{72225351-32FD-103F-1818-25E3C7DF74A2}.Debug|x86.Build.0 = Debug|Any CPU
		{72225351-32FD-103F-1818-25E3C7DF74A2}.Release|Any CPU.ActiveCfg = Release|Any CPU
		{72225351-32FD-103F-1818-25E3C7DF74A2}.Release|Any CPU.Build.0 = Release|Any CPU
		{72225351-32FD-103F-1818-25E3C7DF74A2}.Release|x86.ActiveCfg = Release|Any CPU
		{72225351-32FD-103F-1818-25E3C7DF74A2}.Release|x86.Build.0 = Release|Any CPU
		{99F0BB91-2CE9-4460-87E0-B99B87F7B193}.Debug|Any CPU.ActiveCfg = Debug|Any CPU
		{99F0BB91-2CE9-4460-87E0-B99B87F7B193}.Debug|Any CPU.Build.0 = Debug|Any CPU
		{99F0BB91-2CE9-4460-87E0-B99B87F7B193}.Debug|x86.ActiveCfg = Debug|Any CPU
		{99F0BB91-2CE9-4460-87E0-B99B87F7B193}.Debug|x86.Build.0 = Debug|Any CPU
		{99F0BB91-2CE9-4460-87E0-B99B87F7B193}.Release|Any CPU.ActiveCfg = Release|Any CPU
		{99F0BB91-2CE9-4460-87E0-B99B87F7B193}.Release|Any CPU.Build.0 = Release|Any CPU
		{99F0BB91-2CE9-4460-87E0-B99B87F7B193}.Release|x86.ActiveCfg = Release|Any CPU
		{99F0BB91-2CE9-4460-87E0-B99B87F7B193}.Release|x86.Build.0 = Release|Any CPU
		{6269BDBC-36E8-416C-AADB-2342B0415527}.Debug|Any CPU.ActiveCfg = Debug|Any CPU
		{6269BDBC-36E8-416C-AADB-2342B0415527}.Debug|Any CPU.Build.0 = Debug|Any CPU
		{6269BDBC-36E8-416C-AADB-2342B0415527}.Debug|x86.ActiveCfg = Debug|Any CPU
		{6269BDBC-36E8-416C-AADB-2342B0415527}.Debug|x86.Build.0 = Debug|Any CPU
		{6269BDBC-36E8-416C-AADB-2342B0415527}.Release|Any CPU.ActiveCfg = Release|Any CPU
		{6269BDBC-36E8-416C-AADB-2342B0415527}.Release|Any CPU.Build.0 = Release|Any CPU
		{6269BDBC-36E8-416C-AADB-2342B0415527}.Release|x86.ActiveCfg = Release|Any CPU
		{6269BDBC-36E8-416C-AADB-2342B0415527}.Release|x86.Build.0 = Release|Any CPU
		{2190AD24-CC6A-0DD1-D17B-169012B32AAD}.Debug|Any CPU.ActiveCfg = Debug|Any CPU
		{2190AD24-CC6A-0DD1-D17B-169012B32AAD}.Debug|Any CPU.Build.0 = Debug|Any CPU
		{2190AD24-CC6A-0DD1-D17B-169012B32AAD}.Debug|x86.ActiveCfg = Debug|Any CPU
		{2190AD24-CC6A-0DD1-D17B-169012B32AAD}.Debug|x86.Build.0 = Debug|Any CPU
		{2190AD24-CC6A-0DD1-D17B-169012B32AAD}.Release|Any CPU.ActiveCfg = Release|Any CPU
		{2190AD24-CC6A-0DD1-D17B-169012B32AAD}.Release|Any CPU.Build.0 = Release|Any CPU
		{2190AD24-CC6A-0DD1-D17B-169012B32AAD}.Release|x86.ActiveCfg = Release|Any CPU
		{2190AD24-CC6A-0DD1-D17B-169012B32AAD}.Release|x86.Build.0 = Release|Any CPU
		{233933A5-5B94-472B-A1B6-D98870267FA4}.Debug|Any CPU.ActiveCfg = Debug|Any CPU
		{233933A5-5B94-472B-A1B6-D98870267FA4}.Debug|Any CPU.Build.0 = Debug|Any CPU
		{233933A5-5B94-472B-A1B6-D98870267FA4}.Debug|x86.ActiveCfg = Debug|Any CPU
		{233933A5-5B94-472B-A1B6-D98870267FA4}.Debug|x86.Build.0 = Debug|Any CPU
		{233933A5-5B94-472B-A1B6-D98870267FA4}.Release|Any CPU.ActiveCfg = Release|Any CPU
		{233933A5-5B94-472B-A1B6-D98870267FA4}.Release|Any CPU.Build.0 = Release|Any CPU
		{233933A5-5B94-472B-A1B6-D98870267FA4}.Release|x86.ActiveCfg = Release|Any CPU
		{233933A5-5B94-472B-A1B6-D98870267FA4}.Release|x86.Build.0 = Release|Any CPU
		{60F21EDB-35F9-420D-B1B6-3ED482F76B50}.Debug|Any CPU.ActiveCfg = Debug|Any CPU
		{60F21EDB-35F9-420D-B1B6-3ED482F76B50}.Debug|Any CPU.Build.0 = Debug|Any CPU
		{60F21EDB-35F9-420D-B1B6-3ED482F76B50}.Debug|x86.ActiveCfg = Debug|Any CPU
		{60F21EDB-35F9-420D-B1B6-3ED482F76B50}.Debug|x86.Build.0 = Debug|Any CPU
		{60F21EDB-35F9-420D-B1B6-3ED482F76B50}.Release|Any CPU.ActiveCfg = Release|Any CPU
		{60F21EDB-35F9-420D-B1B6-3ED482F76B50}.Release|Any CPU.Build.0 = Release|Any CPU
		{60F21EDB-35F9-420D-B1B6-3ED482F76B50}.Release|x86.ActiveCfg = Release|Any CPU
		{60F21EDB-35F9-420D-B1B6-3ED482F76B50}.Release|x86.Build.0 = Release|Any CPU
		{60F21EDB-35F9-220D-C1B6-3ED482F76B51}.Debug|Any CPU.ActiveCfg = Debug|Any CPU
		{60F21EDB-35F9-220D-C1B6-3ED482F76B51}.Debug|Any CPU.Build.0 = Debug|Any CPU
		{60F21EDB-35F9-220D-C1B6-3ED482F76B51}.Debug|x86.ActiveCfg = Debug|Any CPU
		{60F21EDB-35F9-220D-C1B6-3ED482F76B51}.Debug|x86.Build.0 = Debug|Any CPU
		{60F21EDB-35F9-220D-C1B6-3ED482F76B51}.Release|Any CPU.ActiveCfg = Release|Any CPU
		{60F21EDB-35F9-220D-C1B6-3ED482F76B51}.Release|Any CPU.Build.0 = Release|Any CPU
		{60F21EDB-35F9-220D-C1B6-3ED482F76B51}.Release|x86.ActiveCfg = Release|Any CPU
		{60F21EDB-35F9-220D-C1B6-3ED482F76B51}.Release|x86.Build.0 = Release|Any CPU
		{60F21EDB-35F9-420D-B1B6-3ED482F76B51}.Debug|Any CPU.ActiveCfg = Debug|Any CPU
		{60F21EDB-35F9-420D-B1B6-3ED482F76B51}.Debug|Any CPU.Build.0 = Debug|Any CPU
		{60F21EDB-35F9-420D-B1B6-3ED482F76B51}.Debug|x86.ActiveCfg = Debug|Any CPU
		{60F21EDB-35F9-420D-B1B6-3ED482F76B51}.Debug|x86.Build.0 = Debug|Any CPU
		{60F21EDB-35F9-420D-B1B6-3ED482F76B51}.Release|Any CPU.ActiveCfg = Release|Any CPU
		{60F21EDB-35F9-420D-B1B6-3ED482F76B51}.Release|Any CPU.Build.0 = Release|Any CPU
		{60F21EDB-35F9-420D-B1B6-3ED482F76B51}.Release|x86.ActiveCfg = Release|Any CPU
		{60F21EDB-35F9-420D-B1B6-3ED482F76B51}.Release|x86.Build.0 = Release|Any CPU
		{60F21EDB-35F9-420D-B1B6-2EC482F76B50}.Debug|Any CPU.ActiveCfg = Debug|Any CPU
		{60F21EDB-35F9-420D-B1B6-2EC482F76B50}.Debug|Any CPU.Build.0 = Debug|Any CPU
		{60F21EDB-35F9-420D-B1B6-2EC482F76B50}.Debug|x86.ActiveCfg = Debug|Any CPU
		{60F21EDB-35F9-420D-B1B6-2EC482F76B50}.Debug|x86.Build.0 = Debug|Any CPU
		{60F21EDB-35F9-420D-B1B6-2EC482F76B50}.Release|Any CPU.ActiveCfg = Release|Any CPU
		{60F21EDB-35F9-420D-B1B6-2EC482F76B50}.Release|Any CPU.Build.0 = Release|Any CPU
		{60F21EDB-35F9-420D-B1B6-2EC482F76B50}.Release|x86.ActiveCfg = Release|Any CPU
		{60F21EDB-35F9-420D-B1B6-2EC482F76B50}.Release|x86.Build.0 = Release|Any CPU
		{60F21EDB-35F9-420D-B1B6-2ED482F76B50}.Debug|Any CPU.ActiveCfg = Debug|Any CPU
		{60F21EDB-35F9-420D-B1B6-2ED482F76B50}.Debug|Any CPU.Build.0 = Debug|Any CPU
		{60F21EDB-35F9-420D-B1B6-2ED482F76B50}.Debug|x86.ActiveCfg = Debug|Any CPU
		{60F21EDB-35F9-420D-B1B6-2ED482F76B50}.Debug|x86.Build.0 = Debug|Any CPU
		{60F21EDB-35F9-420D-B1B6-2ED482F76B50}.Release|Any CPU.ActiveCfg = Release|Any CPU
		{60F21EDB-35F9-420D-B1B6-2ED482F76B50}.Release|Any CPU.Build.0 = Release|Any CPU
		{60F21EDB-35F9-420D-B1B6-2ED482F76B50}.Release|x86.ActiveCfg = Release|Any CPU
		{60F21EDB-35F9-420D-B1B6-2ED482F76B50}.Release|x86.Build.0 = Release|Any CPU
		{60F21EDB-35F9-220D-B1B6-3ED482F76B51}.Debug|Any CPU.ActiveCfg = Debug|Any CPU
		{60F21EDB-35F9-220D-B1B6-3ED482F76B51}.Debug|Any CPU.Build.0 = Debug|Any CPU
		{60F21EDB-35F9-220D-B1B6-3ED482F76B51}.Debug|x86.ActiveCfg = Debug|Any CPU
		{60F21EDB-35F9-220D-B1B6-3ED482F76B51}.Debug|x86.Build.0 = Debug|Any CPU
		{60F21EDB-35F9-220D-B1B6-3ED482F76B51}.Release|Any CPU.ActiveCfg = Release|Any CPU
		{60F21EDB-35F9-220D-B1B6-3ED482F76B51}.Release|Any CPU.Build.0 = Release|Any CPU
		{60F21EDB-35F9-220D-B1B6-3ED482F76B51}.Release|x86.ActiveCfg = Release|Any CPU
		{60F21EDB-35F9-220D-B1B6-3ED482F76B51}.Release|x86.Build.0 = Release|Any CPU
		{60F21EDB-35F9-490D-B1B6-2EC482F76B50}.Debug|Any CPU.ActiveCfg = Debug|Any CPU
		{60F21EDB-35F9-490D-B1B6-2EC482F76B50}.Debug|Any CPU.Build.0 = Debug|Any CPU
		{60F21EDB-35F9-490D-B1B6-2EC482F76B50}.Debug|x86.ActiveCfg = Debug|Any CPU
		{60F21EDB-35F9-490D-B1B6-2EC482F76B50}.Debug|x86.Build.0 = Debug|Any CPU
		{60F21EDB-35F9-490D-B1B6-2EC482F76B50}.Release|Any CPU.ActiveCfg = Release|Any CPU
		{60F21EDB-35F9-490D-B1B6-2EC482F76B50}.Release|Any CPU.Build.0 = Release|Any CPU
		{60F21EDB-35F9-490D-B1B6-2EC482F76B50}.Release|x86.ActiveCfg = Release|Any CPU
		{60F21EDB-35F9-490D-B1B6-2EC482F76B50}.Release|x86.Build.0 = Release|Any CPU
		{60F22EDB-35F9-490D-B1B6-2EC482F76B50}.Debug|Any CPU.ActiveCfg = Debug|Any CPU
		{60F22EDB-35F9-490D-B1B6-2EC482F76B50}.Debug|Any CPU.Build.0 = Debug|Any CPU
		{60F22EDB-35F9-490D-B1B6-2EC482F76B50}.Debug|x86.ActiveCfg = Debug|Any CPU
		{60F22EDB-35F9-490D-B1B6-2EC482F76B50}.Debug|x86.Build.0 = Debug|Any CPU
		{60F22EDB-35F9-490D-B1B6-2EC482F76B50}.Release|Any CPU.ActiveCfg = Release|Any CPU
		{60F22EDB-35F9-490D-B1B6-2EC482F76B50}.Release|Any CPU.Build.0 = Release|Any CPU
		{60F22EDB-35F9-490D-B1B6-2EC482F76B50}.Release|x86.ActiveCfg = Release|Any CPU
		{60F22EDB-35F9-490D-B1B6-2EC482F76B50}.Release|x86.Build.0 = Release|Any CPU
		{60F21EDB-35F9-220D-B1B6-3ED882F76B51}.Debug|Any CPU.ActiveCfg = Debug|Any CPU
		{60F21EDB-35F9-220D-B1B6-3ED882F76B51}.Debug|Any CPU.Build.0 = Debug|Any CPU
		{60F21EDB-35F9-220D-B1B6-3ED882F76B51}.Debug|x86.ActiveCfg = Debug|Any CPU
		{60F21EDB-35F9-220D-B1B6-3ED882F76B51}.Debug|x86.Build.0 = Debug|Any CPU
		{60F21EDB-35F9-220D-B1B6-3ED882F76B51}.Release|Any CPU.ActiveCfg = Release|Any CPU
		{60F21EDB-35F9-220D-B1B6-3ED882F76B51}.Release|Any CPU.Build.0 = Release|Any CPU
		{60F21EDB-35F9-220D-B1B6-3ED882F76B51}.Release|x86.ActiveCfg = Release|Any CPU
		{60F21EDB-35F9-220D-B1B6-3ED882F76B51}.Release|x86.Build.0 = Release|Any CPU
		{60F21EDB-37F9-490D-B1B6-2EC482F76B50}.Debug|Any CPU.ActiveCfg = Debug|Any CPU
		{60F21EDB-37F9-490D-B1B6-2EC482F76B50}.Debug|Any CPU.Build.0 = Debug|Any CPU
		{60F21EDB-37F9-490D-B1B6-2EC482F76B50}.Debug|x86.ActiveCfg = Debug|Any CPU
		{60F21EDB-37F9-490D-B1B6-2EC482F76B50}.Debug|x86.Build.0 = Debug|Any CPU
		{60F21EDB-37F9-490D-B1B6-2EC482F76B50}.Release|Any CPU.ActiveCfg = Release|Any CPU
		{60F21EDB-37F9-490D-B1B6-2EC482F76B50}.Release|Any CPU.Build.0 = Release|Any CPU
		{60F21EDB-37F9-490D-B1B6-2EC482F76B50}.Release|x86.ActiveCfg = Release|Any CPU
		{60F21EDB-37F9-490D-B1B6-2EC482F76B50}.Release|x86.Build.0 = Release|Any CPU
		{C7019EBE-9423-46FD-BCA2-821255ECB426}.Debug|Any CPU.ActiveCfg = Debug|Any CPU
		{C7019EBE-9423-46FD-BCA2-821255ECB426}.Debug|Any CPU.Build.0 = Debug|Any CPU
		{C7019EBE-9423-46FD-BCA2-821255ECB426}.Debug|x86.ActiveCfg = Debug|Any CPU
		{C7019EBE-9423-46FD-BCA2-821255ECB426}.Debug|x86.Build.0 = Debug|Any CPU
		{C7019EBE-9423-46FD-BCA2-821255ECB426}.Release|Any CPU.ActiveCfg = Release|Any CPU
		{C7019EBE-9423-46FD-BCA2-821255ECB426}.Release|Any CPU.Build.0 = Release|Any CPU
		{C7019EBE-9423-46FD-BCA2-821255ECB426}.Release|x86.ActiveCfg = Release|Any CPU
		{C7019EBE-9423-46FD-BCA2-821255ECB426}.Release|x86.Build.0 = Release|Any CPU
		{FE8B442E-0896-4414-AA8C-266CADA198DF}.Debug|Any CPU.ActiveCfg = Debug|Any CPU
		{FE8B442E-0896-4414-AA8C-266CADA198DF}.Debug|Any CPU.Build.0 = Debug|Any CPU
		{FE8B442E-0896-4414-AA8C-266CADA198DF}.Debug|x86.ActiveCfg = Debug|Any CPU
		{FE8B442E-0896-4414-AA8C-266CADA198DF}.Debug|x86.Build.0 = Debug|Any CPU
		{FE8B442E-0896-4414-AA8C-266CADA198DF}.Release|Any CPU.ActiveCfg = Release|Any CPU
		{FE8B442E-0896-4414-AA8C-266CADA198DF}.Release|Any CPU.Build.0 = Release|Any CPU
		{FE8B442E-0896-4414-AA8C-266CADA198DF}.Release|x86.ActiveCfg = Release|Any CPU
		{FE8B442E-0896-4414-AA8C-266CADA198DF}.Release|x86.Build.0 = Release|Any CPU
		{DA4AA0BA-02D1-4894-93A5-93D962135ACB}.Debug|Any CPU.ActiveCfg = Debug|Any CPU
		{DA4AA0BA-02D1-4894-93A5-93D962135ACB}.Debug|Any CPU.Build.0 = Debug|Any CPU
		{DA4AA0BA-02D1-4894-93A5-93D962135ACB}.Debug|x86.ActiveCfg = Debug|Any CPU
		{DA4AA0BA-02D1-4894-93A5-93D962135ACB}.Debug|x86.Build.0 = Debug|Any CPU
		{DA4AA0BA-02D1-4894-93A5-93D962135ACB}.Release|Any CPU.ActiveCfg = Release|Any CPU
		{DA4AA0BA-02D1-4894-93A5-93D962135ACB}.Release|Any CPU.Build.0 = Release|Any CPU
		{DA4AA0BA-02D1-4894-93A5-93D962135ACB}.Release|x86.ActiveCfg = Release|Any CPU
		{DA4AA0BA-02D1-4894-93A5-93D962135ACB}.Release|x86.Build.0 = Release|Any CPU
		{EFAB7A53-D047-422E-A3FB-ECC834944CE6}.Debug|Any CPU.ActiveCfg = Debug|Any CPU
		{EFAB7A53-D047-422E-A3FB-ECC834944CE6}.Debug|Any CPU.Build.0 = Debug|Any CPU
		{EFAB7A53-D047-422E-A3FB-ECC834944CE6}.Debug|x86.ActiveCfg = Debug|Any CPU
		{EFAB7A53-D047-422E-A3FB-ECC834944CE6}.Debug|x86.Build.0 = Debug|Any CPU
		{EFAB7A53-D047-422E-A3FB-ECC834944CE6}.Release|Any CPU.ActiveCfg = Release|Any CPU
		{EFAB7A53-D047-422E-A3FB-ECC834944CE6}.Release|Any CPU.Build.0 = Release|Any CPU
		{EFAB7A53-D047-422E-A3FB-ECC834944CE6}.Release|x86.ActiveCfg = Release|Any CPU
		{EFAB7A53-D047-422E-A3FB-ECC834944CE6}.Release|x86.Build.0 = Release|Any CPU
		{1FEBD1F7-5107-4F26-9E76-597AC9593DB7}.Debug|Any CPU.ActiveCfg = Debug|Any CPU
		{1FEBD1F7-5107-4F26-9E76-597AC9593DB7}.Debug|Any CPU.Build.0 = Debug|Any CPU
		{1FEBD1F7-5107-4F26-9E76-597AC9593DB7}.Debug|x86.ActiveCfg = Debug|Any CPU
		{1FEBD1F7-5107-4F26-9E76-597AC9593DB7}.Debug|x86.Build.0 = Debug|Any CPU
		{1FEBD1F7-5107-4F26-9E76-597AC9593DB7}.Release|Any CPU.ActiveCfg = Release|Any CPU
		{1FEBD1F7-5107-4F26-9E76-597AC9593DB7}.Release|Any CPU.Build.0 = Release|Any CPU
		{1FEBD1F7-5107-4F26-9E76-597AC9593DB7}.Release|x86.ActiveCfg = Release|Any CPU
		{1FEBD1F7-5107-4F26-9E76-597AC9593DB7}.Release|x86.Build.0 = Release|Any CPU
		{6AA8604A-258B-4992-97C2-3F8D4AC5F191}.Debug|Any CPU.ActiveCfg = Debug|Any CPU
		{6AA8604A-258B-4992-97C2-3F8D4AC5F191}.Debug|Any CPU.Build.0 = Debug|Any CPU
		{6AA8604A-258B-4992-97C2-3F8D4AC5F191}.Debug|x86.ActiveCfg = Debug|Any CPU
		{6AA8604A-258B-4992-97C2-3F8D4AC5F191}.Debug|x86.Build.0 = Debug|Any CPU
		{6AA8604A-258B-4992-97C2-3F8D4AC5F191}.Release|Any CPU.ActiveCfg = Release|Any CPU
		{6AA8604A-258B-4992-97C2-3F8D4AC5F191}.Release|Any CPU.Build.0 = Release|Any CPU
		{6AA8604A-258B-4992-97C2-3F8D4AC5F191}.Release|x86.ActiveCfg = Release|Any CPU
		{6AA8604A-258B-4992-97C2-3F8D4AC5F191}.Release|x86.Build.0 = Release|Any CPU
		{CEE4A009-B332-49A7-8A4F-7585E5EBAD00}.Debug|Any CPU.ActiveCfg = Debug|Any CPU
		{CEE4A009-B332-49A7-8A4F-7585E5EBAD00}.Debug|Any CPU.Build.0 = Debug|Any CPU
		{CEE4A009-B332-49A7-8A4F-7585E5EBAD00}.Debug|x86.ActiveCfg = Debug|Any CPU
		{CEE4A009-B332-49A7-8A4F-7585E5EBAD00}.Debug|x86.Build.0 = Debug|Any CPU
		{CEE4A009-B332-49A7-8A4F-7585E5EBAD00}.Release|Any CPU.ActiveCfg = Release|Any CPU
		{CEE4A009-B332-49A7-8A4F-7585E5EBAD00}.Release|Any CPU.Build.0 = Release|Any CPU
		{CEE4A009-B332-49A7-8A4F-7585E5EBAD00}.Release|x86.ActiveCfg = Release|Any CPU
		{CEE4A009-B332-49A7-8A4F-7585E5EBAD00}.Release|x86.Build.0 = Release|Any CPU
	EndGlobalSection
	GlobalSection(SolutionProperties) = preSolution
		HideSolutionNode = FALSE
	EndGlobalSection
	GlobalSection(NestedProjects) = preSolution
		{AB97BEDF-D207-42E9-A56F-C9DD395BFCDD} = {2DAAC304-36F6-4E4A-A0EA-5821B4B9842A}
		{2DAAC304-36F6-4E4A-A0EA-5821B4B9842A} = {6A65A769-DAC3-4E99-96F9-991F4CE8D164}
		{619EC13D-8939-4F23-B7DC-7A98964BB9A4} = {2DAAC304-36F6-4E4A-A0EA-5821B4B9842A}
		{004952AD-61B7-4FF7-955C-758ACD99893D} = {6A65A769-DAC3-4E99-96F9-991F4CE8D164}
		{EFAA7A53-D047-422E-A3FB-ECC834944CE6} = {E872B0D7-6331-4E40-8264-0015330DA5D3}
		{BBF2F680-8DEF-4CE4-B68D-D8FB21531FCE} = {6A65A769-DAC3-4E99-96F9-991F4CE8D164}
		{4D3D5520-B535-4FBD-9452-5B97D34BD23E} = {E872B0D7-6331-4E40-8264-0015330DA5D3}
		{8CFE8DE6-598F-4951-899D-8D09325FB618} = {BBF2F680-8DEF-4CE4-B68D-D8FB21531FCE}
		{7056DE24-9537-4504-95CF-7A63FBE74772} = {BBF2F680-8DEF-4CE4-B68D-D8FB21531FCE}
		{BB721096-D78C-4CF4-9D60-E66A26A3CB49} = {7056DE24-9537-4504-95CF-7A63FBE74772}
		{04B2D6B6-82DC-48CA-AC0E-9B4A32DD71C5} = {7056DE24-9537-4504-95CF-7A63FBE74772}
		{416A17AC-FFD4-4722-A990-598EF44F8D90} = {5AED685E-6E0F-451D-AD5E-F88B0BE74ACD}
		{1090FD24-DC6F-4DDA-913B-F69817B31A9B} = {416A17AC-FFD4-4722-A990-598EF44F8D90}
		{3E130485-4332-4CDE-BE7C-94BD745AA9EB} = {BBF2F680-8DEF-4CE4-B68D-D8FB21531FCE}
		{E50AF56D-0F80-4862-B565-0927B1C17459} = {3E130485-4332-4CDE-BE7C-94BD745AA9EB}
		{5D21F2DC-87EE-4205-B20A-B3403F2C7007} = {3E130485-4332-4CDE-BE7C-94BD745AA9EB}
		{1A7FD832-EBE9-47B2-AB59-718CB18DCA44} = {8CFE8DE6-598F-4951-899D-8D09325FB618}
		{81AD853E-6176-44CA-A43E-A699EA05CC3E} = {2DAAC304-36F6-4E4A-A0EA-5821B4B9842A}
		{42F7A3B4-464B-403C-8352-5FBF40C696FF} = {2DAAC304-36F6-4E4A-A0EA-5821B4B9842A}
		{D16CE2F7-525C-47A6-BCED-2B02CE9CBE7D} = {4D3D5520-B535-4FBD-9452-5B97D34BD23E}
		{F84BB644-A042-4364-AD2D-BF9D5BBD44BC} = {E872B0D7-6331-4E40-8264-0015330DA5D3}
		{1CF93625-0662-4226-96A2-A5040901070E} = {5AED685E-6E0F-451D-AD5E-F88B0BE74ACD}
		{F84BB644-A042-4364-AD2D-BF9D5BBD44AC} = {E872B0D7-6331-4E40-8264-0015330DA5D3}
		{87EFC656-3081-442E-902B-822714514768} = {2DAAC304-36F6-4E4A-A0EA-5821B4B9842A}
		{F94BB644-A042-4364-AD2D-BF9D5BBD44AC} = {E872B0D7-6331-4E40-8264-0015330DA5D3}
		{629EC13D-8939-4F23-B7DC-7A98964BB9A4} = {2DAAC304-36F6-4E4A-A0EA-5821B4B9842A}
		{957B06B4-FD5B-473F-A118-D1EA5EBF64BC} = {E872B0D7-6331-4E40-8264-0015330DA5D3}
		{38ADEED9-CF82-4DC0-A6CF-A13AC3A5797F} = {E872B0D7-6331-4E40-8264-0015330DA5D3}
		{C212545A-62F4-40A3-A814-2EE4C7DF7D41} = {2DAAC304-36F6-4E4A-A0EA-5821B4B9842A}
		{72225351-32FD-103F-1818-25E3C7DF74A2} = {2DAAC304-36F6-4E4A-A0EA-5821B4B9842A}
		{99F0BB91-2CE9-4460-87E0-B99B87F7B193} = {2DAAC304-36F6-4E4A-A0EA-5821B4B9842A}
		{66205F25-858E-4399-B331-0316D37B9A48} = {5AED685E-6E0F-451D-AD5E-F88B0BE74ACD}
		{6269BDBC-36E8-416C-AADB-2342B0415527} = {66205F25-858E-4399-B331-0316D37B9A48}
		{54945137-EB1C-4944-AACE-72AF532FBAFB} = {5AED685E-6E0F-451D-AD5E-F88B0BE74ACD}
		{2190AD24-CC6A-0DD1-D17B-169012B32AAD} = {54945137-EB1C-4944-AACE-72AF532FBAFB}
		{367AC9E2-3E47-40AE-93C8-6B07F4847C4B} = {5AED685E-6E0F-451D-AD5E-F88B0BE74ACD}
		{233933A5-5B94-472B-A1B6-D98870267FA4} = {367AC9E2-3E47-40AE-93C8-6B07F4847C4B}
		{FC516D58-DDAD-4DD7-87D8-CEB484DB86C8} = {2DAAC304-36F6-4E4A-A0EA-5821B4B9842A}
		{1EF597E2-CA59-4029-9EFB-A6D3E64279F9} = {2DAAC304-36F6-4E4A-A0EA-5821B4B9842A}
		{E1F4CAA2-7745-46A5-BE03-872F349A1AE8} = {2DAAC304-36F6-4E4A-A0EA-5821B4B9842A}
		{8BFB6708-7DC5-40FD-AE58-D77F2A54917B} = {E1F4CAA2-7745-46A5-BE03-872F349A1AE8}
		{1E724519-C454-45E5-932C-1E637F57BD82} = {FC516D58-DDAD-4DD7-87D8-CEB484DB86C8}
		{B3870527-CF8E-4B33-8157-68251131C629} = {1EF597E2-CA59-4029-9EFB-A6D3E64279F9}
		{A1051CDA-69F8-4ADF-BEA1-BA4903543906} = {E1F4CAA2-7745-46A5-BE03-872F349A1AE8}
		{1EB6AA89-E08B-49ED-9B55-7CCCA3182E04} = {E1F4CAA2-7745-46A5-BE03-872F349A1AE8}
		{BE371796-0C20-4E7B-81D8-1FA7B3A7962E} = {E1F4CAA2-7745-46A5-BE03-872F349A1AE8}
		{9B3E9B21-3DC0-44FE-98CD-0B23D603B4F8} = {E1F4CAA2-7745-46A5-BE03-872F349A1AE8}
		{2E8195DA-0B0C-4D18-9A9A-04F6F9415D7E} = {E1F4CAA2-7745-46A5-BE03-872F349A1AE8}
		{60F21EDB-35F9-420D-B1B6-3ED482F76B50} = {A1051CDA-69F8-4ADF-BEA1-BA4903543906}
		{60F21EDB-35F9-220D-C1B6-3ED482F76B51} = {9B3E9B21-3DC0-44FE-98CD-0B23D603B4F8}
		{60F21EDB-35F9-420D-B1B6-3ED482F76B51} = {1EB6AA89-E08B-49ED-9B55-7CCCA3182E04}
		{60F21EDB-35F9-420D-B1B6-2EC482F76B50} = {8BFB6708-7DC5-40FD-AE58-D77F2A54917B}
		{60F21EDB-35F9-420D-B1B6-2ED482F76B50} = {BE371796-0C20-4E7B-81D8-1FA7B3A7962E}
		{60F21EDB-35F9-220D-B1B6-3ED482F76B51} = {2E8195DA-0B0C-4D18-9A9A-04F6F9415D7E}
		{60F21EDB-35F9-490D-B1B6-2EC482F76B50} = {1E724519-C454-45E5-932C-1E637F57BD82}
		{60F22EDB-35F9-490D-B1B6-2EC482F76B50} = {B3870527-CF8E-4B33-8157-68251131C629}
		{478D25BC-C0F1-4416-A95B-0174C2FA4D2A} = {E1F4CAA2-7745-46A5-BE03-872F349A1AE8}
		{60F21EDB-35F9-220D-B1B6-3ED882F76B51} = {478D25BC-C0F1-4416-A95B-0174C2FA4D2A}
		{C4FFDB19-28F2-4499-8FC8-AA49FDF09364} = {FC516D58-DDAD-4DD7-87D8-CEB484DB86C8}
		{60F21EDB-37F9-490D-B1B6-2EC482F76B50} = {C4FFDB19-28F2-4499-8FC8-AA49FDF09364}
		{C7019EBE-9423-46FD-BCA2-821255ECB426} = {E872B0D7-6331-4E40-8264-0015330DA5D3}
		{FE8B442E-0896-4414-AA8C-266CADA198DF} = {E872B0D7-6331-4E40-8264-0015330DA5D3}
		{DA4AA0BA-02D1-4894-93A5-93D962135ACB} = {E872B0D7-6331-4E40-8264-0015330DA5D3}
		{EFAB7A53-D047-422E-A3FB-ECC834944CE6} = {E872B0D7-6331-4E40-8264-0015330DA5D3}
		{1FEBD1F7-5107-4F26-9E76-597AC9593DB7} = {E872B0D7-6331-4E40-8264-0015330DA5D3}
		{6AA8604A-258B-4992-97C2-3F8D4AC5F191} = {E872B0D7-6331-4E40-8264-0015330DA5D3}
		{CEE4A009-B332-49A7-8A4F-7585E5EBAD00} = {E872B0D7-6331-4E40-8264-0015330DA5D3}
	EndGlobalSection
EndGlobal
