
Microsoft Visual Studio Solution File, Format Version 12.00
# Visual Studio Version 17
VisualStudioVersion = 17.0.32014.148
MinimumVisualStudioVersion = 15.0.26124.0
Project("{2150E333-8FDC-42A3-9474-1A3956D46DE8}") = "src", "src", "{D9F346F2-6435-4FD4-8980-33233FC585A6}"
EndProject
Project("{9A19103F-16F7-4668-BE54-9A1E7A4F7556}") = "docfx", "src\docfx\docfx.csproj", "{DDE1E383-87B3-4C05-AF94-5C955035313A}"
EndProject
Project("{2150E333-8FDC-42A3-9474-1A3956D46DE8}") = "test", "test", "{5BE2024B-B512-492C-87AB-E8C7D3B3F3AE}"
EndProject
Project("{9A19103F-16F7-4668-BE54-9A1E7A4F7556}") = "docfx.Test", "test\docfx.Test\docfx.Test.csproj", "{B212F8F3-BE11-45C2-B0EA-097051CBF654}"
EndProject
Project("{9A19103F-16F7-4668-BE54-9A1E7A4F7556}") = "docfx.RegressionTest", "test\docfx.RegressionTest\docfx.RegressionTest.csproj", "{09449ABE-6F58-4728-BB4E-DD8362E21A2B}"
EndProject
Project("{9A19103F-16F7-4668-BE54-9A1E7A4F7556}") = "Microsoft.Docs.MarkdigExtensions", "src\Microsoft.Docs.MarkdigExtensions\Microsoft.Docs.MarkdigExtensions.csproj", "{08B96D2C-6C55-40A1-8D68-7F83A7D3B211}"
EndProject
Project("{9A19103F-16F7-4668-BE54-9A1E7A4F7556}") = "Microsoft.Docs.MarkdigExtensions.Tests", "test\Microsoft.Docs.MarkdigExtensions.Tests\Microsoft.Docs.MarkdigExtensions.Tests.csproj", "{84437525-A54B-425D-9DEE-AF190A591E5D}"
EndProject
Project("{9A19103F-16F7-4668-BE54-9A1E7A4F7556}") = "Microsoft.Docs.Build.Specialized", "src\Microsoft.Docs.Build.Specialized\Microsoft.Docs.Build.Specialized.csproj", "{92FB16D7-A628-41FA-89C1-E2905A8032F7}"
EndProject
Project("{9A19103F-16F7-4668-BE54-9A1E7A4F7556}") = "docfx.SpecTest", "test\docfx.SpecTest\docfx.SpecTest.csproj", "{96A85859-BF5C-4BCC-BCCF-7BDFB38B016D}"
EndProject
Project("{9A19103F-16F7-4668-BE54-9A1E7A4F7556}") = "Markdig", "markdig\src\Markdig\Markdig.csproj", "{C7BAA3A2-706E-4281-B4A9-F3DF7D5B0A55}"
EndProject
Global
	GlobalSection(SolutionConfigurationPlatforms) = preSolution
		Debug|Any CPU = Debug|Any CPU
		Debug|x64 = Debug|x64
		Debug|x86 = Debug|x86
		Release|Any CPU = Release|Any CPU
		Release|x64 = Release|x64
		Release|x86 = Release|x86
	EndGlobalSection
	GlobalSection(ProjectConfigurationPlatforms) = postSolution
		{DDE1E383-87B3-4C05-AF94-5C955035313A}.Debug|Any CPU.ActiveCfg = Debug|Any CPU
		{DDE1E383-87B3-4C05-AF94-5C955035313A}.Debug|Any CPU.Build.0 = Debug|Any CPU
		{DDE1E383-87B3-4C05-AF94-5C955035313A}.Debug|x64.ActiveCfg = Debug|Any CPU
		{DDE1E383-87B3-4C05-AF94-5C955035313A}.Debug|x64.Build.0 = Debug|Any CPU
		{DDE1E383-87B3-4C05-AF94-5C955035313A}.Debug|x86.ActiveCfg = Debug|Any CPU
		{DDE1E383-87B3-4C05-AF94-5C955035313A}.Debug|x86.Build.0 = Debug|Any CPU
		{DDE1E383-87B3-4C05-AF94-5C955035313A}.Release|Any CPU.ActiveCfg = Release|Any CPU
		{DDE1E383-87B3-4C05-AF94-5C955035313A}.Release|Any CPU.Build.0 = Release|Any CPU
		{DDE1E383-87B3-4C05-AF94-5C955035313A}.Release|x64.ActiveCfg = Release|Any CPU
		{DDE1E383-87B3-4C05-AF94-5C955035313A}.Release|x64.Build.0 = Release|Any CPU
		{DDE1E383-87B3-4C05-AF94-5C955035313A}.Release|x86.ActiveCfg = Release|Any CPU
		{DDE1E383-87B3-4C05-AF94-5C955035313A}.Release|x86.Build.0 = Release|Any CPU
		{B212F8F3-BE11-45C2-B0EA-097051CBF654}.Debug|Any CPU.ActiveCfg = Debug|Any CPU
		{B212F8F3-BE11-45C2-B0EA-097051CBF654}.Debug|Any CPU.Build.0 = Debug|Any CPU
		{B212F8F3-BE11-45C2-B0EA-097051CBF654}.Debug|x64.ActiveCfg = Debug|Any CPU
		{B212F8F3-BE11-45C2-B0EA-097051CBF654}.Debug|x64.Build.0 = Debug|Any CPU
		{B212F8F3-BE11-45C2-B0EA-097051CBF654}.Debug|x86.ActiveCfg = Debug|Any CPU
		{B212F8F3-BE11-45C2-B0EA-097051CBF654}.Debug|x86.Build.0 = Debug|Any CPU
		{B212F8F3-BE11-45C2-B0EA-097051CBF654}.Release|Any CPU.ActiveCfg = Release|Any CPU
		{B212F8F3-BE11-45C2-B0EA-097051CBF654}.Release|Any CPU.Build.0 = Release|Any CPU
		{B212F8F3-BE11-45C2-B0EA-097051CBF654}.Release|x64.ActiveCfg = Release|Any CPU
		{B212F8F3-BE11-45C2-B0EA-097051CBF654}.Release|x64.Build.0 = Release|Any CPU
		{B212F8F3-BE11-45C2-B0EA-097051CBF654}.Release|x86.ActiveCfg = Release|Any CPU
		{B212F8F3-BE11-45C2-B0EA-097051CBF654}.Release|x86.Build.0 = Release|Any CPU
		{09449ABE-6F58-4728-BB4E-DD8362E21A2B}.Debug|Any CPU.ActiveCfg = Debug|Any CPU
		{09449ABE-6F58-4728-BB4E-DD8362E21A2B}.Debug|Any CPU.Build.0 = Debug|Any CPU
		{09449ABE-6F58-4728-BB4E-DD8362E21A2B}.Debug|x64.ActiveCfg = Debug|Any CPU
		{09449ABE-6F58-4728-BB4E-DD8362E21A2B}.Debug|x64.Build.0 = Debug|Any CPU
		{09449ABE-6F58-4728-BB4E-DD8362E21A2B}.Debug|x86.ActiveCfg = Debug|Any CPU
		{09449ABE-6F58-4728-BB4E-DD8362E21A2B}.Debug|x86.Build.0 = Debug|Any CPU
		{09449ABE-6F58-4728-BB4E-DD8362E21A2B}.Release|Any CPU.ActiveCfg = Release|Any CPU
		{09449ABE-6F58-4728-BB4E-DD8362E21A2B}.Release|Any CPU.Build.0 = Release|Any CPU
		{09449ABE-6F58-4728-BB4E-DD8362E21A2B}.Release|x64.ActiveCfg = Release|Any CPU
		{09449ABE-6F58-4728-BB4E-DD8362E21A2B}.Release|x64.Build.0 = Release|Any CPU
		{09449ABE-6F58-4728-BB4E-DD8362E21A2B}.Release|x86.ActiveCfg = Release|Any CPU
		{09449ABE-6F58-4728-BB4E-DD8362E21A2B}.Release|x86.Build.0 = Release|Any CPU
		{08B96D2C-6C55-40A1-8D68-7F83A7D3B211}.Debug|Any CPU.ActiveCfg = Debug|Any CPU
		{08B96D2C-6C55-40A1-8D68-7F83A7D3B211}.Debug|Any CPU.Build.0 = Debug|Any CPU
		{08B96D2C-6C55-40A1-8D68-7F83A7D3B211}.Debug|x64.ActiveCfg = Debug|Any CPU
		{08B96D2C-6C55-40A1-8D68-7F83A7D3B211}.Debug|x64.Build.0 = Debug|Any CPU
		{08B96D2C-6C55-40A1-8D68-7F83A7D3B211}.Debug|x86.ActiveCfg = Debug|Any CPU
		{08B96D2C-6C55-40A1-8D68-7F83A7D3B211}.Debug|x86.Build.0 = Debug|Any CPU
		{08B96D2C-6C55-40A1-8D68-7F83A7D3B211}.Release|Any CPU.ActiveCfg = Release|Any CPU
		{08B96D2C-6C55-40A1-8D68-7F83A7D3B211}.Release|Any CPU.Build.0 = Release|Any CPU
		{08B96D2C-6C55-40A1-8D68-7F83A7D3B211}.Release|x64.ActiveCfg = Release|Any CPU
		{08B96D2C-6C55-40A1-8D68-7F83A7D3B211}.Release|x64.Build.0 = Release|Any CPU
		{08B96D2C-6C55-40A1-8D68-7F83A7D3B211}.Release|x86.ActiveCfg = Release|Any CPU
		{08B96D2C-6C55-40A1-8D68-7F83A7D3B211}.Release|x86.Build.0 = Release|Any CPU
		{84437525-A54B-425D-9DEE-AF190A591E5D}.Debug|Any CPU.ActiveCfg = Debug|Any CPU
		{84437525-A54B-425D-9DEE-AF190A591E5D}.Debug|Any CPU.Build.0 = Debug|Any CPU
		{84437525-A54B-425D-9DEE-AF190A591E5D}.Debug|x64.ActiveCfg = Debug|Any CPU
		{84437525-A54B-425D-9DEE-AF190A591E5D}.Debug|x64.Build.0 = Debug|Any CPU
		{84437525-A54B-425D-9DEE-AF190A591E5D}.Debug|x86.ActiveCfg = Debug|Any CPU
		{84437525-A54B-425D-9DEE-AF190A591E5D}.Debug|x86.Build.0 = Debug|Any CPU
		{84437525-A54B-425D-9DEE-AF190A591E5D}.Release|Any CPU.ActiveCfg = Release|Any CPU
		{84437525-A54B-425D-9DEE-AF190A591E5D}.Release|Any CPU.Build.0 = Release|Any CPU
		{84437525-A54B-425D-9DEE-AF190A591E5D}.Release|x64.ActiveCfg = Release|Any CPU
		{84437525-A54B-425D-9DEE-AF190A591E5D}.Release|x64.Build.0 = Release|Any CPU
		{84437525-A54B-425D-9DEE-AF190A591E5D}.Release|x86.ActiveCfg = Release|Any CPU
		{84437525-A54B-425D-9DEE-AF190A591E5D}.Release|x86.Build.0 = Release|Any CPU
		{92FB16D7-A628-41FA-89C1-E2905A8032F7}.Debug|Any CPU.ActiveCfg = Debug|Any CPU
		{92FB16D7-A628-41FA-89C1-E2905A8032F7}.Debug|Any CPU.Build.0 = Debug|Any CPU
		{92FB16D7-A628-41FA-89C1-E2905A8032F7}.Debug|x64.ActiveCfg = Debug|Any CPU
		{92FB16D7-A628-41FA-89C1-E2905A8032F7}.Debug|x64.Build.0 = Debug|Any CPU
		{92FB16D7-A628-41FA-89C1-E2905A8032F7}.Debug|x86.ActiveCfg = Debug|Any CPU
		{92FB16D7-A628-41FA-89C1-E2905A8032F7}.Debug|x86.Build.0 = Debug|Any CPU
		{92FB16D7-A628-41FA-89C1-E2905A8032F7}.Release|Any CPU.ActiveCfg = Release|Any CPU
		{92FB16D7-A628-41FA-89C1-E2905A8032F7}.Release|Any CPU.Build.0 = Release|Any CPU
		{92FB16D7-A628-41FA-89C1-E2905A8032F7}.Release|x64.ActiveCfg = Release|Any CPU
		{92FB16D7-A628-41FA-89C1-E2905A8032F7}.Release|x64.Build.0 = Release|Any CPU
		{92FB16D7-A628-41FA-89C1-E2905A8032F7}.Release|x86.ActiveCfg = Release|Any CPU
		{92FB16D7-A628-41FA-89C1-E2905A8032F7}.Release|x86.Build.0 = Release|Any CPU
		{96A85859-BF5C-4BCC-BCCF-7BDFB38B016D}.Debug|Any CPU.ActiveCfg = Debug|Any CPU
		{96A85859-BF5C-4BCC-BCCF-7BDFB38B016D}.Debug|Any CPU.Build.0 = Debug|Any CPU
		{96A85859-BF5C-4BCC-BCCF-7BDFB38B016D}.Debug|x64.ActiveCfg = Debug|Any CPU
		{96A85859-BF5C-4BCC-BCCF-7BDFB38B016D}.Debug|x64.Build.0 = Debug|Any CPU
		{96A85859-BF5C-4BCC-BCCF-7BDFB38B016D}.Debug|x86.ActiveCfg = Debug|Any CPU
		{96A85859-BF5C-4BCC-BCCF-7BDFB38B016D}.Debug|x86.Build.0 = Debug|Any CPU
		{96A85859-BF5C-4BCC-BCCF-7BDFB38B016D}.Release|Any CPU.ActiveCfg = Release|Any CPU
		{96A85859-BF5C-4BCC-BCCF-7BDFB38B016D}.Release|Any CPU.Build.0 = Release|Any CPU
		{96A85859-BF5C-4BCC-BCCF-7BDFB38B016D}.Release|x64.ActiveCfg = Release|Any CPU
		{96A85859-BF5C-4BCC-BCCF-7BDFB38B016D}.Release|x64.Build.0 = Release|Any CPU
		{96A85859-BF5C-4BCC-BCCF-7BDFB38B016D}.Release|x86.ActiveCfg = Release|Any CPU
		{96A85859-BF5C-4BCC-BCCF-7BDFB38B016D}.Release|x86.Build.0 = Release|Any CPU
		{C7BAA3A2-706E-4281-B4A9-F3DF7D5B0A55}.Debug|Any CPU.ActiveCfg = Debug|Any CPU
		{C7BAA3A2-706E-4281-B4A9-F3DF7D5B0A55}.Debug|Any CPU.Build.0 = Debug|Any CPU
		{C7BAA3A2-706E-4281-B4A9-F3DF7D5B0A55}.Debug|x64.ActiveCfg = Debug|Any CPU
		{C7BAA3A2-706E-4281-B4A9-F3DF7D5B0A55}.Debug|x64.Build.0 = Debug|Any CPU
		{C7BAA3A2-706E-4281-B4A9-F3DF7D5B0A55}.Debug|x86.ActiveCfg = Debug|Any CPU
		{C7BAA3A2-706E-4281-B4A9-F3DF7D5B0A55}.Debug|x86.Build.0 = Debug|Any CPU
		{C7BAA3A2-706E-4281-B4A9-F3DF7D5B0A55}.Release|Any CPU.ActiveCfg = Release|Any CPU
		{C7BAA3A2-706E-4281-B4A9-F3DF7D5B0A55}.Release|Any CPU.Build.0 = Release|Any CPU
		{C7BAA3A2-706E-4281-B4A9-F3DF7D5B0A55}.Release|x64.ActiveCfg = Release|Any CPU
		{C7BAA3A2-706E-4281-B4A9-F3DF7D5B0A55}.Release|x64.Build.0 = Release|Any CPU
		{C7BAA3A2-706E-4281-B4A9-F3DF7D5B0A55}.Release|x86.ActiveCfg = Release|Any CPU
		{C7BAA3A2-706E-4281-B4A9-F3DF7D5B0A55}.Release|x86.Build.0 = Release|Any CPU
	EndGlobalSection
	GlobalSection(SolutionProperties) = preSolution
		HideSolutionNode = FALSE
	EndGlobalSection
	GlobalSection(NestedProjects) = preSolution
		{DDE1E383-87B3-4C05-AF94-5C955035313A} = {D9F346F2-6435-4FD4-8980-33233FC585A6}
		{B212F8F3-BE11-45C2-B0EA-097051CBF654} = {5BE2024B-B512-492C-87AB-E8C7D3B3F3AE}
		{09449ABE-6F58-4728-BB4E-DD8362E21A2B} = {5BE2024B-B512-492C-87AB-E8C7D3B3F3AE}
		{08B96D2C-6C55-40A1-8D68-7F83A7D3B211} = {D9F346F2-6435-4FD4-8980-33233FC585A6}
		{84437525-A54B-425D-9DEE-AF190A591E5D} = {5BE2024B-B512-492C-87AB-E8C7D3B3F3AE}
		{92FB16D7-A628-41FA-89C1-E2905A8032F7} = {D9F346F2-6435-4FD4-8980-33233FC585A6}
		{96A85859-BF5C-4BCC-BCCF-7BDFB38B016D} = {5BE2024B-B512-492C-87AB-E8C7D3B3F3AE}
		{C7BAA3A2-706E-4281-B4A9-F3DF7D5B0A55} = {D9F346F2-6435-4FD4-8980-33233FC585A6}
	EndGlobalSection
	GlobalSection(ExtensibilityGlobals) = postSolution
		SolutionGuid = {BC590A45-FAD1-4FA6-A5AA-40C7BD265605}
	EndGlobalSection
EndGlobal
