Microsoft Visual Studio Solution File, Format Version 12.00
# Visual Studio Version 16
VisualStudioVersion = 16.0.28803.352
MinimumVisualStudioVersion = 10.0.40219.1
Project("{2150E333-8FDC-42A3-9474-1A3956D46DE8}") = "src", "src", "{6A65A769-DAC3-4E99-96F9-991F4CE8D164}"
EndProject
Project("{2150E333-8FDC-42A3-9474-1A3956D46DE8}") = "tools", "tools", "{5AED685E-6E0F-451D-AD5E-F88B0BE74ACD}"
EndProject
Project("{2150E333-8FDC-42A3-9474-1A3956D46DE8}") = "ExternalPackageGenerators", "ExternalPackageGenerators", "{416A17AC-FFD4-4722-A990-598EF44F8D90}"
EndProject
Project("{2150E333-8FDC-42A3-9474-1A3956D46DE8}") = "Solution Items", "Solution Items", "{718078B4-D34C-4697-AAD1-5844CBF60997}"
	ProjectSection(SolutionItems) = preProject
		NuGet.Config = NuGet.Config
	EndProjectSection
EndProject
Project("{2150E333-8FDC-42A3-9474-1A3956D46DE8}") = "MergeSourceInfo", "MergeSourceInfo", "{66205F25-858E-4399-B331-0316D37B9A48}"
EndProject
Project("{2150E333-8FDC-42A3-9474-1A3956D46DE8}") = "MergeDeveloperComments", "MergeDeveloperComments", "{54945137-EB1C-4944-AACE-72AF532FBAFB}"
EndProject
Project("{2150E333-8FDC-42A3-9474-1A3956D46DE8}") = "GEmojiCodeGenerators", "GEmojiCodeGenerators", "{8E89892D-32B8-4745-8F41-7AB73F90E0EB}"
EndProject
Project("{2150E333-8FDC-42A3-9474-1A3956D46DE8}") = "Build", "Build", "{F922E543-9AD4-4031-8BD1-8A7AA9771D1E}"
EndProject
Project("{2150E333-8FDC-42A3-9474-1A3956D46DE8}") = "DataContracts", "DataContracts", "{C3023E7B-AA8B-469E-8333-5737093A9D60}"
EndProject
Project("{2150E333-8FDC-42A3-9474-1A3956D46DE8}") = "ManagedReference", "ManagedReference", "{3A6BE380-986B-40E9-A048-C9A9AE424D90}"
EndProject
Project("{2150E333-8FDC-42A3-9474-1A3956D46DE8}") = "test", "test", "{926A0726-B806-4215-82EF-AF8E22D0FACF}"
EndProject
Project("{2150E333-8FDC-42A3-9474-1A3956D46DE8}") = "Shared", "Shared", "{94B87FB5-632A-4C6F-A2C6-5058C84ADEBB}"
	ProjectSection(SolutionItems) = preProject
		test\Shared\test.base.props = test\Shared\test.base.props
	EndProjectSection
EndProject
Project("{2150E333-8FDC-42A3-9474-1A3956D46DE8}") = "plugins", "plugins", "{DF2BA00B-1742-4F84-A469-08D7F019498E}"
EndProject
Project("{2150E333-8FDC-42A3-9474-1A3956D46DE8}") = "MemberLevelManagedReference", "MemberLevelManagedReference", "{1D6213AE-4FD9-4155-987B-29FE16F56E18}"
EndProject
Project("{2150E333-8FDC-42A3-9474-1A3956D46DE8}") = "MergeOverwrite", "MergeOverwrite", "{1C46FAD9-9D99-4102-8E57-82AF959A4B40}"
EndProject
Project("{2150E333-8FDC-42A3-9474-1A3956D46DE8}") = "SplitRestApi", "SplitRestApi", "{2EBDC7B1-6C85-4E32-A059-27370C240CBE}"
EndProject
Project("{2150E333-8FDC-42A3-9474-1A3956D46DE8}") = "TocConverter", "TocConverter", "{50A820F5-E05A-45BD-ADD0-8B73886A0E18}"
EndProject
Project("{2150E333-8FDC-42A3-9474-1A3956D46DE8}") = "MarkdownMigrate", "MarkdownMigrate", "{A1E9EC3A-A95A-493F-9053-DEDD078244A2}"
EndProject
Project("{2150E333-8FDC-42A3-9474-1A3956D46DE8}") = "XRefService", "XRefService", "{6241C3CE-51DB-4CAB-B04B-2EE6DBC10496}"
EndProject
Project("{9A19103F-16F7-4668-BE54-9A1E7A4F7556}") = "Microsoft.DocAsCode.Glob", "src\Microsoft.DocAsCode.Glob\Microsoft.DocAsCode.Glob.csproj", "{7E877810-DC13-4A6C-8DFC-184C00A20B7C}"
EndProject
Project("{9A19103F-16F7-4668-BE54-9A1E7A4F7556}") = "Microsoft.DocAsCode.MarkdownLite", "src\Microsoft.DocAsCode.MarkdownLite\Microsoft.DocAsCode.MarkdownLite.csproj", "{F154B568-9083-49F8-84B7-5F9E91CAB2DF}"
EndProject
Project("{9A19103F-16F7-4668-BE54-9A1E7A4F7556}") = "Microsoft.DocAsCode.Plugins", "src\Microsoft.DocAsCode.Plugins\Microsoft.DocAsCode.Plugins.csproj", "{B6B96738-C338-4904-B932-4C05DB7D4DDE}"
EndProject
Project("{9A19103F-16F7-4668-BE54-9A1E7A4F7556}") = "Microsoft.DocAsCode.YamlSerialization", "src\Microsoft.DocAsCode.YamlSerialization\Microsoft.DocAsCode.YamlSerialization.csproj", "{59CF2F0F-4D4D-4096-8D22-595856CCCF72}"
EndProject
Project("{9A19103F-16F7-4668-BE54-9A1E7A4F7556}") = "Microsoft.DocAsCode.Common", "src\Microsoft.DocAsCode.Common\Microsoft.DocAsCode.Common.csproj", "{E1E085F6-67CD-4257-815C-F1DABF091BA4}"
EndProject
Project("{9A19103F-16F7-4668-BE54-9A1E7A4F7556}") = "Microsoft.DocAsCode.Dfm", "src\Microsoft.DocAsCode.Dfm\Microsoft.DocAsCode.Dfm.csproj", "{EBB5D0ED-2453-49F4-9F05-B07310A24C5E}"
EndProject
Project("{9A19103F-16F7-4668-BE54-9A1E7A4F7556}") = "Microsoft.DocAsCode.Build.Common", "src\Microsoft.DocAsCode.Build.Common\Microsoft.DocAsCode.Build.Common.csproj", "{1A6D574B-5CA8-4976-B0F1-9CF338A3A930}"
EndProject
Project("{9A19103F-16F7-4668-BE54-9A1E7A4F7556}") = "Microsoft.DocAsCode.Build.ConceptualDocuments", "src\Microsoft.DocAsCode.Build.ConceptualDocuments\Microsoft.DocAsCode.Build.ConceptualDocuments.csproj", "{26428F7A-2BF3-4E4A-8161-C30EB0922CD8}"
EndProject
Project("{9A19103F-16F7-4668-BE54-9A1E7A4F7556}") = "Microsoft.DocAsCode.Build.Engine", "src\Microsoft.DocAsCode.Build.Engine\Microsoft.DocAsCode.Build.Engine.csproj", "{A98C8639-61A5-444C-AAFB-B2CFBA66A550}"
EndProject
Project("{9A19103F-16F7-4668-BE54-9A1E7A4F7556}") = "Microsoft.DocAsCode.Build.ManagedReference", "src\Microsoft.DocAsCode.Build.ManagedReference\Microsoft.DocAsCode.Build.ManagedReference.csproj", "{C6459834-F6DE-4309-80AF-0E3CDB1FC14E}"
EndProject
Project("{9A19103F-16F7-4668-BE54-9A1E7A4F7556}") = "Microsoft.DocAsCode.Build.ResourceFiles", "src\Microsoft.DocAsCode.Build.ResourceFiles\Microsoft.DocAsCode.Build.ResourceFiles.csproj", "{E43A398A-89B9-40E3-9BDD-F30E54EAA25A}"
EndProject
Project("{9A19103F-16F7-4668-BE54-9A1E7A4F7556}") = "Microsoft.DocAsCode.Build.RestApi", "src\Microsoft.DocAsCode.Build.RestApi\Microsoft.DocAsCode.Build.RestApi.csproj", "{234FA4D1-75EF-48C6-8FB1-3D838173FD8C}"
EndProject
Project("{9A19103F-16F7-4668-BE54-9A1E7A4F7556}") = "Microsoft.DocAsCode.Build.TableOfContents", "src\Microsoft.DocAsCode.Build.TableOfContents\Microsoft.DocAsCode.Build.TableOfContents.csproj", "{2F1EC9E3-4D01-4FF8-8891-FE2C44097FB8}"
EndProject
Project("{9A19103F-16F7-4668-BE54-9A1E7A4F7556}") = "Microsoft.DocAsCode.DataContracts.Common", "src\Microsoft.DocAsCode.DataContracts.Common\Microsoft.DocAsCode.DataContracts.Common.csproj", "{13E2771C-5C73-4B82-8911-55E1A70A3076}"
EndProject
Project("{9A19103F-16F7-4668-BE54-9A1E7A4F7556}") = "Microsoft.DocAsCode.Metadata.ManagedReference.Common", "src\Microsoft.DocAsCode.Metadata.ManagedReference.Common\Microsoft.DocAsCode.Metadata.ManagedReference.Common.csproj", "{416F45EB-0228-43EE-8893-C87DB2EF727D}"
EndProject
Project("{9A19103F-16F7-4668-BE54-9A1E7A4F7556}") = "Microsoft.DocAsCode.Metadata.ManagedReference.Roslyn", "src\Microsoft.DocAsCode.Metadata.ManagedReference.Roslyn\Microsoft.DocAsCode.Metadata.ManagedReference.Roslyn.csproj", "{416F45EB-0228-43EE-1234-C87DB2EF727D}"
EndProject
Project("{9A19103F-16F7-4668-BE54-9A1E7A4F7556}") = "Microsoft.DocAsCode.Metadata.ManagedReference", "src\Microsoft.DocAsCode.Metadata.ManagedReference\Microsoft.DocAsCode.Metadata.ManagedReference.csproj", "{B06BD0FD-5276-4929-87F4-48C302245C02}"
EndProject
Project("{9A19103F-16F7-4668-BE54-9A1E7A4F7556}") = "Microsoft.DocAsCode.DataContracts.ManagedReference", "src\Microsoft.DocAsCode.DataContracts.ManagedReference\Microsoft.DocAsCode.DataContracts.ManagedReference.csproj", "{2E5C8660-A883-4D32-BF67-CF5907AB1F1F}"
EndProject
Project("{9A19103F-16F7-4668-BE54-9A1E7A4F7556}") = "Microsoft.DocAsCode.DataContracts.RestApi", "src\Microsoft.DocAsCode.DataContracts.RestApi\Microsoft.DocAsCode.DataContracts.RestApi.csproj", "{05D9D594-E6F6-4887-8ECD-0FFFF7C92E68}"
EndProject
Project("{9A19103F-16F7-4668-BE54-9A1E7A4F7556}") = "docfx.Tests", "test\docfx.Tests\docfx.Tests.csproj", "{D1CF2A6C-AEB1-4A03-BE64-8A96FA5DEFE4}"
EndProject
Project("{9A19103F-16F7-4668-BE54-9A1E7A4F7556}") = "Microsoft.DocAsCode.Build.Common.Tests", "test\Microsoft.DocAsCode.Build.Common.Tests\Microsoft.DocAsCode.Build.Common.Tests.csproj", "{7F6019A6-C1AB-4B5C-BD3C-E8D271F3469D}"
EndProject
Project("{9A19103F-16F7-4668-BE54-9A1E7A4F7556}") = "Microsoft.DocAsCode.Build.ConceptualDocuments.Tests", "test\Microsoft.DocAsCode.Build.ConceptualDocuments.Tests\Microsoft.DocAsCode.Build.ConceptualDocuments.Tests.csproj", "{727C0798-F079-4CA5-85C8-289598EE9EEE}"
EndProject
Project("{9A19103F-16F7-4668-BE54-9A1E7A4F7556}") = "Microsoft.DocAsCode.Build.Engine.Tests", "test\Microsoft.DocAsCode.Build.Engine.Tests\Microsoft.DocAsCode.Build.Engine.Tests.csproj", "{56BE5194-7881-4F22-9018-A79C3C4B958A}"
EndProject
Project("{9A19103F-16F7-4668-BE54-9A1E7A4F7556}") = "Microsoft.DocAsCode.Build.RestApi.Tests", "test\Microsoft.DocAsCode.Build.RestApi.Tests\Microsoft.DocAsCode.Build.RestApi.Tests.csproj", "{DCD65A24-D8C0-4DD3-B42C-A1D878AF4DE4}"
EndProject
Project("{9A19103F-16F7-4668-BE54-9A1E7A4F7556}") = "Microsoft.DocAsCode.Build.TableOfContents.Tests", "test\Microsoft.DocAsCode.Build.TableOfContents.Tests\Microsoft.DocAsCode.Build.TableOfContents.Tests.csproj", "{05A49D39-97F0-46AF-9EDC-76D1E19FE3AC}"
EndProject
Project("{9A19103F-16F7-4668-BE54-9A1E7A4F7556}") = "Microsoft.DocAsCode.Common.Tests", "test\Microsoft.DocAsCode.Common.Tests\Microsoft.DocAsCode.Common.Tests.csproj", "{B2EEB5FE-CF39-4CC7-9650-5709E71D2BA9}"
EndProject
Project("{9A19103F-16F7-4668-BE54-9A1E7A4F7556}") = "Microsoft.DocAsCode.Dfm.Tests", "test\Microsoft.DocAsCode.Dfm.Tests\Microsoft.DocAsCode.Dfm.Tests.csproj", "{F50B1AF2-B971-4B01-962B-0BB14E6CB209}"
EndProject
Project("{9A19103F-16F7-4668-BE54-9A1E7A4F7556}") = "Microsoft.DocAsCode.Glob.Tests", "test\Microsoft.DocAsCode.Glob.Tests\Microsoft.DocAsCode.Glob.Tests.csproj", "{A95C5BAE-1D0D-44FD-A984-7CBF055A62E2}"
EndProject
Project("{9A19103F-16F7-4668-BE54-9A1E7A4F7556}") = "Microsoft.DocAsCode.MarkdownLite.Tests", "test\Microsoft.DocAsCode.MarkdownLite.Tests\Microsoft.DocAsCode.MarkdownLite.Tests.csproj", "{4E26923D-9F35-4668-AB5A-BDC5D56D70CC}"
EndProject
Project("{9A19103F-16F7-4668-BE54-9A1E7A4F7556}") = "Microsoft.DocAsCode.MarkdownRewriters.Tests", "test\Microsoft.DocAsCode.MarkdownRewriters.Tests\Microsoft.DocAsCode.MarkdownRewriters.Tests.csproj", "{FE512CCA-E21D-41DA-BD89-34C7DEF3CC48}"
EndProject
Project("{9A19103F-16F7-4668-BE54-9A1E7A4F7556}") = "Microsoft.DocAsCode.Metadata.ManagedReference.Tests", "test\Microsoft.DocAsCode.Metadata.ManagedReference.Tests\Microsoft.DocAsCode.Metadata.ManagedReference.Tests.csproj", "{3076A12F-C423-4D5E-9B6F-543B683820F9}"
EndProject
Project("{9A19103F-16F7-4668-BE54-9A1E7A4F7556}") = "GEmojiCodeGenerators", "tools\GEmojiCodeGenerators\GEmojiCodeGenerators.csproj", "{BC0F523B-FA7B-4BC8-82B0-34C050F787EE}"
EndProject
Project("{9A19103F-16F7-4668-BE54-9A1E7A4F7556}") = "MergeDeveloperComments", "tools\MergeDeveloperComments\MergeDeveloperComments.csproj", "{320876F3-E87A-4C12-A9B5-1F9BB130394D}"
EndProject
Project("{9A19103F-16F7-4668-BE54-9A1E7A4F7556}") = "MergeSourceInfo", "tools\MergeSourceInfo\MergeSourceInfo.csproj", "{817E7CD2-3419-4443-B9D2-5880B3A62E0F}"
EndProject
Project("{9A19103F-16F7-4668-BE54-9A1E7A4F7556}") = "Microsoft.DocAsCode.Build.MemberLevelManagedReference", "plugins\Microsoft.DocAsCode.Build.MemberLevelManagedReference\Microsoft.DocAsCode.Build.MemberLevelManagedReference.csproj", "{2746DA6E-D310-4F07-B41B-929BB3D6E14B}"
EndProject
Project("{9A19103F-16F7-4668-BE54-9A1E7A4F7556}") = "Microsoft.DocAsCode.Plugins.Tests", "test\Microsoft.DocAsCode.Plugins.Tests\Microsoft.DocAsCode.Plugins.Tests.csproj", "{B3EEB5FE-CF39-4CC7-9650-5709E71D2BA9}"
EndProject
Project("{9A19103F-16F7-4668-BE54-9A1E7A4F7556}") = "Microsoft.DocAsCode.Build.ManagedReference.Tests", "test\Microsoft.DocAsCode.Build.ManagedReference.Tests\Microsoft.DocAsCode.Build.ManagedReference.Tests.csproj", "{958DF90F-0528-4C50-9AC2-E86C60971B7D}"
EndProject
Project("{9A19103F-16F7-4668-BE54-9A1E7A4F7556}") = "Microsoft.DocAsCode.Build.MergeOverwrite", "plugins\Microsoft.DocAsCode.Build.MergeOverwrite\Microsoft.DocAsCode.Build.MergeOverwrite.csproj", "{8C50AA79-A360-43A3-BCC2-658633B099EC}"
EndProject
Project("{9A19103F-16F7-4668-BE54-9A1E7A4F7556}") = "Microsoft.DocAsCode.Build.MergeOverwrite.Tests", "test\Microsoft.DocAsCode.Build.MergeOverwrite.Tests\Microsoft.DocAsCode.Build.MergeOverwrite.Tests.csproj", "{BC834D62-F7F1-4227-9D5F-3DF45197B335}"
EndProject
Project("{9A19103F-16F7-4668-BE54-9A1E7A4F7556}") = "Microsoft.DocAsCode.Build.ManagedReference.WithPlugins.Tests", "test\Microsoft.DocAsCode.Build.ManagedReference.WithPlugins.Tests\Microsoft.DocAsCode.Build.ManagedReference.WithPlugins.Tests.csproj", "{958DF90F-0528-4C53-9AC2-E86C60971B7D}"
EndProject
Project("{9A19103F-16F7-4668-BE54-9A1E7A4F7556}") = "docfx", "src\docfx\docfx.csproj", "{EF53214F-BA98-4026-BEED-CF771865C312}"
EndProject
Project("{9A19103F-16F7-4668-BE54-9A1E7A4F7556}") = "Microsoft.DocAsCode.Build.UniversalReference.Tests", "test\Microsoft.DocAsCode.Build.UniversalReference.Tests\Microsoft.DocAsCode.Build.UniversalReference.Tests.csproj", "{E9795C9A-1F98-4716-A0FC-843C6B000BE5}"
EndProject
Project("{9A19103F-16F7-4668-BE54-9A1E7A4F7556}") = "Microsoft.DocAsCode.HtmlToPdf", "src\Microsoft.DocAsCode.HtmlToPdf\Microsoft.DocAsCode.HtmlToPdf.csproj", "{FF8D61D0-01C9-44B9-98F9-37FCBF20CD72}"
EndProject
Project("{9A19103F-16F7-4668-BE54-9A1E7A4F7556}") = "Microsoft.DocAsCode.Tests.Common", "test\Microsoft.DocAsCode.Tests.Common\Microsoft.DocAsCode.Tests.Common.csproj", "{1D2D316B-4C70-4410-817A-DEDB5B0072A5}"
EndProject
Project("{9A19103F-16F7-4668-BE54-9A1E7A4F7556}") = "Microsoft.DocAsCode.Build.TagLevelRestApi", "plugins\Microsoft.DocAsCode.Build.TagLevelRestApi\Microsoft.DocAsCode.Build.TagLevelRestApi.csproj", "{D10F65C3-5D5A-427A-91D1-A1061A988AA1}"
EndProject
Project("{9A19103F-16F7-4668-BE54-9A1E7A4F7556}") = "Microsoft.DocAsCode.Build.RestApi.WithPlugins.Tests", "test\Microsoft.DocAsCode.Build.RestApi.WithPlugins.Tests\Microsoft.DocAsCode.Build.RestApi.WithPlugins.Tests.csproj", "{63266510-C4BF-44E0-AF76-B01BA47019B2}"
EndProject
Project("{9A19103F-16F7-4668-BE54-9A1E7A4F7556}") = "Microsoft.DocAsCode.Build.OperationLevelRestApi", "plugins\Microsoft.DocAsCode.Build.OperationLevelRestApi\Microsoft.DocAsCode.Build.OperationLevelRestApi.csproj", "{CB8D3397-E338-4801-B3E7-42FE65F535AE}"
EndProject
Project("{9A19103F-16F7-4668-BE54-9A1E7A4F7556}") = "Microsoft.DocAsCode.Build.SchemaDriven", "src\Microsoft.DocAsCode.Build.SchemaDriven\Microsoft.DocAsCode.Build.SchemaDriven.csproj", "{2978E4CC-7D67-43DA-B6C9-09559C530EFC}"
EndProject
Project("{9A19103F-16F7-4668-BE54-9A1E7A4F7556}") = "TocConverter", "tools\TocConverter\TocConverter.csproj", "{2342F190-F8CE-4C8F-8FEF-8E65C725F8B0}"
EndProject
Project("{9A19103F-16F7-4668-BE54-9A1E7A4F7556}") = "Microsoft.DocAsCode.Build.SchemaDriven.Tests", "test\Microsoft.DocAsCode.Build.SchemaDriven.Tests\Microsoft.DocAsCode.Build.SchemaDriven.Tests.csproj", "{298FBFBA-F535-4C29-AB70-A1041F50098C}"
EndProject
Project("{9A19103F-16F7-4668-BE54-9A1E7A4F7556}") = "Microsoft.DocAsCode.MarkdigMarkdownRewriters", "src\Microsoft.DocAsCode.MarkdigMarkdownRewriters\Microsoft.DocAsCode.MarkdigMarkdownRewriters.csproj", "{15F6D925-973D-46F2-9603-93FDECC4430D}"
EndProject
Project("{9A19103F-16F7-4668-BE54-9A1E7A4F7556}") = "XRefService.Get", "tools\XRefService\XRefService\XRefService.Get.csproj", "{FAD166CA-AADD-4AB0-A08A-614707922B4B}"
EndProject
Project("{9A19103F-16F7-4668-BE54-9A1E7A4F7556}") = "XRefService.Manage", "tools\XRefService\ManageXRefService\XRefService.Manage.csproj", "{401FE126-222D-4D58-B03D-B0322C30DFC4}"
EndProject
Project("{9A19103F-16F7-4668-BE54-9A1E7A4F7556}") = "XRefService.Common", "tools\XRefService\XRefService.Common\XRefService.Common.csproj", "{A1EF5A35-D6C8-438F-9820-8889278BC847}"
EndProject
Project("{9A19103F-16F7-4668-BE54-9A1E7A4F7556}") = "MarkdownMigrateTool", "tools\MarkdownMigrateTool\MarkdownMigrateTool.csproj", "{9DB0109F-EC29-4593-A6E8-DD07C860E53E}"
EndProject
Project("{9A19103F-16F7-4668-BE54-9A1E7A4F7556}") = "Microsoft.DocAsCode.Build.UniversalReference", "src\Microsoft.DocAsCode.Build.UniversalReference\Microsoft.DocAsCode.Build.UniversalReference.csproj", "{DF88D1C8-1139-4174-8325-DD8166D6C3A4}"
EndProject
Project("{9A19103F-16F7-4668-BE54-9A1E7A4F7556}") = "Microsoft.DocAsCode.DataContracts.UniversalReference", "src\Microsoft.DocAsCode.DataContracts.UniversalReference\Microsoft.DocAsCode.DataContracts.UniversalReference.csproj", "{8C31E8EB-0CCB-4442-9DDB-79822BB7D8C3}"
EndProject
Project("{9A19103F-16F7-4668-BE54-9A1E7A4F7556}") = "Microsoft.DocAsCode.Build.OverwriteDocuments", "src\Microsoft.DocAsCode.Build.OverwriteDocuments\Microsoft.DocAsCode.Build.OverwriteDocuments.csproj", "{085AB724-DC2D-4133-AC0F-87BD1A1743F9}"
EndProject
Project("{9A19103F-16F7-4668-BE54-9A1E7A4F7556}") = "Microsoft.DocAsCode.Build.OverwriteDocuments.Tests", "test\Microsoft.DocAsCode.Build.OverwriteDocuments.Tests\Microsoft.DocAsCode.Build.OverwriteDocuments.Tests.csproj", "{B3843152-55A6-4BF0-B774-18E05F0B99AF}"
EndProject
Project("{9A19103F-16F7-4668-BE54-9A1E7A4F7556}") = "Microsoft.DocAsCode.MarkdigEngine", "src\Microsoft.DocAsCode.MarkdigEngine\Microsoft.DocAsCode.MarkdigEngine.csproj", "{EA44B820-4C3A-476C-A514-C89CAA6A0F46}"
EndProject
Project("{9A19103F-16F7-4668-BE54-9A1E7A4F7556}") = "Microsoft.DocAsCode.MarkdigEngine.Extensions", "src\Microsoft.DocAsCode.MarkdigEngine.Extensions\Microsoft.DocAsCode.MarkdigEngine.Extensions.csproj", "{FD0365CB-3F03-43B0-9FB2-FB50047BF3E5}"
EndProject
Project("{9A19103F-16F7-4668-BE54-9A1E7A4F7556}") = "Microsoft.DocAsCode.MarkdigEngine.Tests", "test\Microsoft.DocAsCode.MarkdigEngine.Tests\Microsoft.DocAsCode.MarkdigEngine.Tests.csproj", "{DD9736B2-8AA2-44AE-B0B3-57510FF0D634}"
EndProject
Project("{2150E333-8FDC-42A3-9474-1A3956D46DE8}") = "MarkdownFragments", "MarkdownFragments", "{12B398BA-5002-40BE-A863-5B51FEB6EC68}"
EndProject
Project("{9A19103F-16F7-4668-BE54-9A1E7A4F7556}") = "YamlSplitter", "tools\YamlSplitter\YamlSplitter.csproj", "{2CA09972-F737-459A-A79E-EB96CC726200}"
EndProject
Project("{9A19103F-16F7-4668-BE54-9A1E7A4F7556}") = "Microsoft.DocAsCode.MarkdigEngine.Validators", "src\Microsoft.DocAsCode.MarkdigEngine.Validators\Microsoft.DocAsCode.MarkdigEngine.Validators.csproj", "{BD35FD90-4F00-4A19-9530-2279A6A15EE8}"
EndProject
Project("{6EC3EE1D-3C4E-46DD-8F32-0CC8E7565705}") = "Microsoft.DocAsCode.Metadata.ManagedReference.FSharp", "src\Microsoft.DocAsCode.Metadata.ManagedReference.FSharp\Microsoft.DocAsCode.Metadata.ManagedReference.FSharp.fsproj", "{98610813-2DD7-4FB7-8F82-272EF3C40E89}"
EndProject
Project("{6EC3EE1D-3C4E-46DD-8F32-0CC8E7565705}") = "Microsoft.DocAsCode.Metadata.ManagedReference.FSharp.Tests", "test\Microsoft.DocAsCode.Metadata.ManagedReference.FSharp.Tests\Microsoft.DocAsCode.Metadata.ManagedReference.FSharp.Tests.fsproj", "{42D47E04-64AA-4828-9555-8C644F42A665}"
EndProject
Project("{2150E333-8FDC-42A3-9474-1A3956D46DE8}") = "SandcastleRefMapper", "SandcastleRefMapper", "{8B98574E-E9DE-4EA5-90DE-65FF4088A634}"
EndProject
Project("{9A19103F-16F7-4668-BE54-9A1E7A4F7556}") = "SandcastleRefMapper", "tools\SandcastleRefMapper\SandcastleRefMapper.csproj", "{433A15DB-10E0-4B1F-B203-DB76CFEEEFD7}"
EndProject
Project("{2150E333-8FDC-42A3-9474-1A3956D46DE8}") = "Markdown", "Markdown", "{377A4748-C426-4D5E-9A25-6D1809A7B85C}"
EndProject
Project("{2150E333-8FDC-42A3-9474-1A3956D46DE8}") = "Common", "Common", "{C533106C-5699-450C-A18C-249364CBF58B}"
EndProject
Project("{2150E333-8FDC-42A3-9474-1A3956D46DE8}") = "PDF", "PDF", "{15381BB2-762E-4841-8E5B-ACE727A3F2DA}"
EndProject
Project("{FAE04EC0-301F-11D3-BF4B-00C04F79EFBC}") = "Microsoft.DocAsCode.MarkdigEngine.Extensions.Tests", "test\Microsoft.DocAsCode.MarkdigEngine.Extensions.Tests\Microsoft.DocAsCode.MarkdigEngine.Extensions.Tests.csproj", "{4C9CF944-2489-4AC2-9B18-497D12B53769}"
EndProject
Global
	GlobalSection(SolutionConfigurationPlatforms) = preSolution
		Debug|Any CPU = Debug|Any CPU
		Debug|x64 = Debug|x64
		Debug|x86 = Debug|x86
		Release|Any CPU = Release|Any CPU
		Release|x64 = Release|x64
		Release|x86 = Release|x86
	EndGlobalSection
	GlobalSection(ProjectConfigurationPlatforms) = postSolution
		{7E877810-DC13-4A6C-8DFC-184C00A20B7C}.Debug|Any CPU.ActiveCfg = Debug|Any CPU
		{7E877810-DC13-4A6C-8DFC-184C00A20B7C}.Debug|Any CPU.Build.0 = Debug|Any CPU
		{7E877810-DC13-4A6C-8DFC-184C00A20B7C}.Debug|x64.ActiveCfg = Debug|Any CPU
		{7E877810-DC13-4A6C-8DFC-184C00A20B7C}.Debug|x64.Build.0 = Debug|Any CPU
		{7E877810-DC13-4A6C-8DFC-184C00A20B7C}.Debug|x86.ActiveCfg = Debug|Any CPU
		{7E877810-DC13-4A6C-8DFC-184C00A20B7C}.Debug|x86.Build.0 = Debug|Any CPU
		{7E877810-DC13-4A6C-8DFC-184C00A20B7C}.Release|Any CPU.ActiveCfg = Release|Any CPU
		{7E877810-DC13-4A6C-8DFC-184C00A20B7C}.Release|Any CPU.Build.0 = Release|Any CPU
		{7E877810-DC13-4A6C-8DFC-184C00A20B7C}.Release|x64.ActiveCfg = Release|Any CPU
		{7E877810-DC13-4A6C-8DFC-184C00A20B7C}.Release|x64.Build.0 = Release|Any CPU
		{7E877810-DC13-4A6C-8DFC-184C00A20B7C}.Release|x86.ActiveCfg = Release|Any CPU
		{7E877810-DC13-4A6C-8DFC-184C00A20B7C}.Release|x86.Build.0 = Release|Any CPU
		{F154B568-9083-49F8-84B7-5F9E91CAB2DF}.Debug|Any CPU.ActiveCfg = Debug|Any CPU
		{F154B568-9083-49F8-84B7-5F9E91CAB2DF}.Debug|Any CPU.Build.0 = Debug|Any CPU
		{F154B568-9083-49F8-84B7-5F9E91CAB2DF}.Debug|x64.ActiveCfg = Debug|Any CPU
		{F154B568-9083-49F8-84B7-5F9E91CAB2DF}.Debug|x64.Build.0 = Debug|Any CPU
		{F154B568-9083-49F8-84B7-5F9E91CAB2DF}.Debug|x86.ActiveCfg = Debug|Any CPU
		{F154B568-9083-49F8-84B7-5F9E91CAB2DF}.Debug|x86.Build.0 = Debug|Any CPU
		{F154B568-9083-49F8-84B7-5F9E91CAB2DF}.Release|Any CPU.ActiveCfg = Release|Any CPU
		{F154B568-9083-49F8-84B7-5F9E91CAB2DF}.Release|Any CPU.Build.0 = Release|Any CPU
		{F154B568-9083-49F8-84B7-5F9E91CAB2DF}.Release|x64.ActiveCfg = Release|Any CPU
		{F154B568-9083-49F8-84B7-5F9E91CAB2DF}.Release|x64.Build.0 = Release|Any CPU
		{F154B568-9083-49F8-84B7-5F9E91CAB2DF}.Release|x86.ActiveCfg = Release|Any CPU
		{F154B568-9083-49F8-84B7-5F9E91CAB2DF}.Release|x86.Build.0 = Release|Any CPU
		{B6B96738-C338-4904-B932-4C05DB7D4DDE}.Debug|Any CPU.ActiveCfg = Debug|Any CPU
		{B6B96738-C338-4904-B932-4C05DB7D4DDE}.Debug|Any CPU.Build.0 = Debug|Any CPU
		{B6B96738-C338-4904-B932-4C05DB7D4DDE}.Debug|x64.ActiveCfg = Debug|Any CPU
		{B6B96738-C338-4904-B932-4C05DB7D4DDE}.Debug|x64.Build.0 = Debug|Any CPU
		{B6B96738-C338-4904-B932-4C05DB7D4DDE}.Debug|x86.ActiveCfg = Debug|Any CPU
		{B6B96738-C338-4904-B932-4C05DB7D4DDE}.Debug|x86.Build.0 = Debug|Any CPU
		{B6B96738-C338-4904-B932-4C05DB7D4DDE}.Release|Any CPU.ActiveCfg = Release|Any CPU
		{B6B96738-C338-4904-B932-4C05DB7D4DDE}.Release|Any CPU.Build.0 = Release|Any CPU
		{B6B96738-C338-4904-B932-4C05DB7D4DDE}.Release|x64.ActiveCfg = Release|Any CPU
		{B6B96738-C338-4904-B932-4C05DB7D4DDE}.Release|x64.Build.0 = Release|Any CPU
		{B6B96738-C338-4904-B932-4C05DB7D4DDE}.Release|x86.ActiveCfg = Release|Any CPU
		{B6B96738-C338-4904-B932-4C05DB7D4DDE}.Release|x86.Build.0 = Release|Any CPU
		{59CF2F0F-4D4D-4096-8D22-595856CCCF72}.Debug|Any CPU.ActiveCfg = Debug|Any CPU
		{59CF2F0F-4D4D-4096-8D22-595856CCCF72}.Debug|Any CPU.Build.0 = Debug|Any CPU
		{59CF2F0F-4D4D-4096-8D22-595856CCCF72}.Debug|x64.ActiveCfg = Debug|Any CPU
		{59CF2F0F-4D4D-4096-8D22-595856CCCF72}.Debug|x64.Build.0 = Debug|Any CPU
		{59CF2F0F-4D4D-4096-8D22-595856CCCF72}.Debug|x86.ActiveCfg = Debug|Any CPU
		{59CF2F0F-4D4D-4096-8D22-595856CCCF72}.Debug|x86.Build.0 = Debug|Any CPU
		{59CF2F0F-4D4D-4096-8D22-595856CCCF72}.Release|Any CPU.ActiveCfg = Release|Any CPU
		{59CF2F0F-4D4D-4096-8D22-595856CCCF72}.Release|Any CPU.Build.0 = Release|Any CPU
		{59CF2F0F-4D4D-4096-8D22-595856CCCF72}.Release|x64.ActiveCfg = Release|Any CPU
		{59CF2F0F-4D4D-4096-8D22-595856CCCF72}.Release|x64.Build.0 = Release|Any CPU
		{59CF2F0F-4D4D-4096-8D22-595856CCCF72}.Release|x86.ActiveCfg = Release|Any CPU
		{59CF2F0F-4D4D-4096-8D22-595856CCCF72}.Release|x86.Build.0 = Release|Any CPU
		{E1E085F6-67CD-4257-815C-F1DABF091BA4}.Debug|Any CPU.ActiveCfg = Debug|Any CPU
		{E1E085F6-67CD-4257-815C-F1DABF091BA4}.Debug|Any CPU.Build.0 = Debug|Any CPU
		{E1E085F6-67CD-4257-815C-F1DABF091BA4}.Debug|x64.ActiveCfg = Debug|Any CPU
		{E1E085F6-67CD-4257-815C-F1DABF091BA4}.Debug|x64.Build.0 = Debug|Any CPU
		{E1E085F6-67CD-4257-815C-F1DABF091BA4}.Debug|x86.ActiveCfg = Debug|Any CPU
		{E1E085F6-67CD-4257-815C-F1DABF091BA4}.Debug|x86.Build.0 = Debug|Any CPU
		{E1E085F6-67CD-4257-815C-F1DABF091BA4}.Release|Any CPU.ActiveCfg = Release|Any CPU
		{E1E085F6-67CD-4257-815C-F1DABF091BA4}.Release|Any CPU.Build.0 = Release|Any CPU
		{E1E085F6-67CD-4257-815C-F1DABF091BA4}.Release|x64.ActiveCfg = Release|Any CPU
		{E1E085F6-67CD-4257-815C-F1DABF091BA4}.Release|x64.Build.0 = Release|Any CPU
		{E1E085F6-67CD-4257-815C-F1DABF091BA4}.Release|x86.ActiveCfg = Release|Any CPU
		{E1E085F6-67CD-4257-815C-F1DABF091BA4}.Release|x86.Build.0 = Release|Any CPU
		{EBB5D0ED-2453-49F4-9F05-B07310A24C5E}.Debug|Any CPU.ActiveCfg = Debug|Any CPU
		{EBB5D0ED-2453-49F4-9F05-B07310A24C5E}.Debug|Any CPU.Build.0 = Debug|Any CPU
		{EBB5D0ED-2453-49F4-9F05-B07310A24C5E}.Debug|x64.ActiveCfg = Debug|Any CPU
		{EBB5D0ED-2453-49F4-9F05-B07310A24C5E}.Debug|x64.Build.0 = Debug|Any CPU
		{EBB5D0ED-2453-49F4-9F05-B07310A24C5E}.Debug|x86.ActiveCfg = Debug|Any CPU
		{EBB5D0ED-2453-49F4-9F05-B07310A24C5E}.Debug|x86.Build.0 = Debug|Any CPU
		{EBB5D0ED-2453-49F4-9F05-B07310A24C5E}.Release|Any CPU.ActiveCfg = Release|Any CPU
		{EBB5D0ED-2453-49F4-9F05-B07310A24C5E}.Release|Any CPU.Build.0 = Release|Any CPU
		{EBB5D0ED-2453-49F4-9F05-B07310A24C5E}.Release|x64.ActiveCfg = Release|Any CPU
		{EBB5D0ED-2453-49F4-9F05-B07310A24C5E}.Release|x64.Build.0 = Release|Any CPU
		{EBB5D0ED-2453-49F4-9F05-B07310A24C5E}.Release|x86.ActiveCfg = Release|Any CPU
		{EBB5D0ED-2453-49F4-9F05-B07310A24C5E}.Release|x86.Build.0 = Release|Any CPU
		{1A6D574B-5CA8-4976-B0F1-9CF338A3A930}.Debug|Any CPU.ActiveCfg = Debug|Any CPU
		{1A6D574B-5CA8-4976-B0F1-9CF338A3A930}.Debug|Any CPU.Build.0 = Debug|Any CPU
		{1A6D574B-5CA8-4976-B0F1-9CF338A3A930}.Debug|x64.ActiveCfg = Debug|Any CPU
		{1A6D574B-5CA8-4976-B0F1-9CF338A3A930}.Debug|x64.Build.0 = Debug|Any CPU
		{1A6D574B-5CA8-4976-B0F1-9CF338A3A930}.Debug|x86.ActiveCfg = Debug|Any CPU
		{1A6D574B-5CA8-4976-B0F1-9CF338A3A930}.Debug|x86.Build.0 = Debug|Any CPU
		{1A6D574B-5CA8-4976-B0F1-9CF338A3A930}.Release|Any CPU.ActiveCfg = Release|Any CPU
		{1A6D574B-5CA8-4976-B0F1-9CF338A3A930}.Release|Any CPU.Build.0 = Release|Any CPU
		{1A6D574B-5CA8-4976-B0F1-9CF338A3A930}.Release|x64.ActiveCfg = Release|Any CPU
		{1A6D574B-5CA8-4976-B0F1-9CF338A3A930}.Release|x64.Build.0 = Release|Any CPU
		{1A6D574B-5CA8-4976-B0F1-9CF338A3A930}.Release|x86.ActiveCfg = Release|Any CPU
		{1A6D574B-5CA8-4976-B0F1-9CF338A3A930}.Release|x86.Build.0 = Release|Any CPU
		{26428F7A-2BF3-4E4A-8161-C30EB0922CD8}.Debug|Any CPU.ActiveCfg = Debug|Any CPU
		{26428F7A-2BF3-4E4A-8161-C30EB0922CD8}.Debug|Any CPU.Build.0 = Debug|Any CPU
		{26428F7A-2BF3-4E4A-8161-C30EB0922CD8}.Debug|x64.ActiveCfg = Debug|Any CPU
		{26428F7A-2BF3-4E4A-8161-C30EB0922CD8}.Debug|x64.Build.0 = Debug|Any CPU
		{26428F7A-2BF3-4E4A-8161-C30EB0922CD8}.Debug|x86.ActiveCfg = Debug|Any CPU
		{26428F7A-2BF3-4E4A-8161-C30EB0922CD8}.Debug|x86.Build.0 = Debug|Any CPU
		{26428F7A-2BF3-4E4A-8161-C30EB0922CD8}.Release|Any CPU.ActiveCfg = Release|Any CPU
		{26428F7A-2BF3-4E4A-8161-C30EB0922CD8}.Release|Any CPU.Build.0 = Release|Any CPU
		{26428F7A-2BF3-4E4A-8161-C30EB0922CD8}.Release|x64.ActiveCfg = Release|Any CPU
		{26428F7A-2BF3-4E4A-8161-C30EB0922CD8}.Release|x64.Build.0 = Release|Any CPU
		{26428F7A-2BF3-4E4A-8161-C30EB0922CD8}.Release|x86.ActiveCfg = Release|Any CPU
		{26428F7A-2BF3-4E4A-8161-C30EB0922CD8}.Release|x86.Build.0 = Release|Any CPU
		{A98C8639-61A5-444C-AAFB-B2CFBA66A550}.Debug|Any CPU.ActiveCfg = Debug|Any CPU
		{A98C8639-61A5-444C-AAFB-B2CFBA66A550}.Debug|Any CPU.Build.0 = Debug|Any CPU
		{A98C8639-61A5-444C-AAFB-B2CFBA66A550}.Debug|x64.ActiveCfg = Debug|Any CPU
		{A98C8639-61A5-444C-AAFB-B2CFBA66A550}.Debug|x64.Build.0 = Debug|Any CPU
		{A98C8639-61A5-444C-AAFB-B2CFBA66A550}.Debug|x86.ActiveCfg = Debug|Any CPU
		{A98C8639-61A5-444C-AAFB-B2CFBA66A550}.Debug|x86.Build.0 = Debug|Any CPU
		{A98C8639-61A5-444C-AAFB-B2CFBA66A550}.Release|Any CPU.ActiveCfg = Release|Any CPU
		{A98C8639-61A5-444C-AAFB-B2CFBA66A550}.Release|Any CPU.Build.0 = Release|Any CPU
		{A98C8639-61A5-444C-AAFB-B2CFBA66A550}.Release|x64.ActiveCfg = Release|Any CPU
		{A98C8639-61A5-444C-AAFB-B2CFBA66A550}.Release|x64.Build.0 = Release|Any CPU
		{A98C8639-61A5-444C-AAFB-B2CFBA66A550}.Release|x86.ActiveCfg = Release|Any CPU
		{A98C8639-61A5-444C-AAFB-B2CFBA66A550}.Release|x86.Build.0 = Release|Any CPU
		{C6459834-F6DE-4309-80AF-0E3CDB1FC14E}.Debug|Any CPU.ActiveCfg = Debug|Any CPU
		{C6459834-F6DE-4309-80AF-0E3CDB1FC14E}.Debug|Any CPU.Build.0 = Debug|Any CPU
		{C6459834-F6DE-4309-80AF-0E3CDB1FC14E}.Debug|x64.ActiveCfg = Debug|Any CPU
		{C6459834-F6DE-4309-80AF-0E3CDB1FC14E}.Debug|x64.Build.0 = Debug|Any CPU
		{C6459834-F6DE-4309-80AF-0E3CDB1FC14E}.Debug|x86.ActiveCfg = Debug|Any CPU
		{C6459834-F6DE-4309-80AF-0E3CDB1FC14E}.Debug|x86.Build.0 = Debug|Any CPU
		{C6459834-F6DE-4309-80AF-0E3CDB1FC14E}.Release|Any CPU.ActiveCfg = Release|Any CPU
		{C6459834-F6DE-4309-80AF-0E3CDB1FC14E}.Release|Any CPU.Build.0 = Release|Any CPU
		{C6459834-F6DE-4309-80AF-0E3CDB1FC14E}.Release|x64.ActiveCfg = Release|Any CPU
		{C6459834-F6DE-4309-80AF-0E3CDB1FC14E}.Release|x64.Build.0 = Release|Any CPU
		{C6459834-F6DE-4309-80AF-0E3CDB1FC14E}.Release|x86.ActiveCfg = Release|Any CPU
		{C6459834-F6DE-4309-80AF-0E3CDB1FC14E}.Release|x86.Build.0 = Release|Any CPU
		{E43A398A-89B9-40E3-9BDD-F30E54EAA25A}.Debug|Any CPU.ActiveCfg = Debug|Any CPU
		{E43A398A-89B9-40E3-9BDD-F30E54EAA25A}.Debug|Any CPU.Build.0 = Debug|Any CPU
		{E43A398A-89B9-40E3-9BDD-F30E54EAA25A}.Debug|x64.ActiveCfg = Debug|Any CPU
		{E43A398A-89B9-40E3-9BDD-F30E54EAA25A}.Debug|x64.Build.0 = Debug|Any CPU
		{E43A398A-89B9-40E3-9BDD-F30E54EAA25A}.Debug|x86.ActiveCfg = Debug|Any CPU
		{E43A398A-89B9-40E3-9BDD-F30E54EAA25A}.Debug|x86.Build.0 = Debug|Any CPU
		{E43A398A-89B9-40E3-9BDD-F30E54EAA25A}.Release|Any CPU.ActiveCfg = Release|Any CPU
		{E43A398A-89B9-40E3-9BDD-F30E54EAA25A}.Release|Any CPU.Build.0 = Release|Any CPU
		{E43A398A-89B9-40E3-9BDD-F30E54EAA25A}.Release|x64.ActiveCfg = Release|Any CPU
		{E43A398A-89B9-40E3-9BDD-F30E54EAA25A}.Release|x64.Build.0 = Release|Any CPU
		{E43A398A-89B9-40E3-9BDD-F30E54EAA25A}.Release|x86.ActiveCfg = Release|Any CPU
		{E43A398A-89B9-40E3-9BDD-F30E54EAA25A}.Release|x86.Build.0 = Release|Any CPU
		{234FA4D1-75EF-48C6-8FB1-3D838173FD8C}.Debug|Any CPU.ActiveCfg = Debug|Any CPU
		{234FA4D1-75EF-48C6-8FB1-3D838173FD8C}.Debug|Any CPU.Build.0 = Debug|Any CPU
		{234FA4D1-75EF-48C6-8FB1-3D838173FD8C}.Debug|x64.ActiveCfg = Debug|Any CPU
		{234FA4D1-75EF-48C6-8FB1-3D838173FD8C}.Debug|x64.Build.0 = Debug|Any CPU
		{234FA4D1-75EF-48C6-8FB1-3D838173FD8C}.Debug|x86.ActiveCfg = Debug|Any CPU
		{234FA4D1-75EF-48C6-8FB1-3D838173FD8C}.Debug|x86.Build.0 = Debug|Any CPU
		{234FA4D1-75EF-48C6-8FB1-3D838173FD8C}.Release|Any CPU.ActiveCfg = Release|Any CPU
		{234FA4D1-75EF-48C6-8FB1-3D838173FD8C}.Release|Any CPU.Build.0 = Release|Any CPU
		{234FA4D1-75EF-48C6-8FB1-3D838173FD8C}.Release|x64.ActiveCfg = Release|Any CPU
		{234FA4D1-75EF-48C6-8FB1-3D838173FD8C}.Release|x64.Build.0 = Release|Any CPU
		{234FA4D1-75EF-48C6-8FB1-3D838173FD8C}.Release|x86.ActiveCfg = Release|Any CPU
		{234FA4D1-75EF-48C6-8FB1-3D838173FD8C}.Release|x86.Build.0 = Release|Any CPU
		{2F1EC9E3-4D01-4FF8-8891-FE2C44097FB8}.Debug|Any CPU.ActiveCfg = Debug|Any CPU
		{2F1EC9E3-4D01-4FF8-8891-FE2C44097FB8}.Debug|Any CPU.Build.0 = Debug|Any CPU
		{2F1EC9E3-4D01-4FF8-8891-FE2C44097FB8}.Debug|x64.ActiveCfg = Debug|Any CPU
		{2F1EC9E3-4D01-4FF8-8891-FE2C44097FB8}.Debug|x64.Build.0 = Debug|Any CPU
		{2F1EC9E3-4D01-4FF8-8891-FE2C44097FB8}.Debug|x86.ActiveCfg = Debug|Any CPU
		{2F1EC9E3-4D01-4FF8-8891-FE2C44097FB8}.Debug|x86.Build.0 = Debug|Any CPU
		{2F1EC9E3-4D01-4FF8-8891-FE2C44097FB8}.Release|Any CPU.ActiveCfg = Release|Any CPU
		{2F1EC9E3-4D01-4FF8-8891-FE2C44097FB8}.Release|Any CPU.Build.0 = Release|Any CPU
		{2F1EC9E3-4D01-4FF8-8891-FE2C44097FB8}.Release|x64.ActiveCfg = Release|Any CPU
		{2F1EC9E3-4D01-4FF8-8891-FE2C44097FB8}.Release|x64.Build.0 = Release|Any CPU
		{2F1EC9E3-4D01-4FF8-8891-FE2C44097FB8}.Release|x86.ActiveCfg = Release|Any CPU
		{2F1EC9E3-4D01-4FF8-8891-FE2C44097FB8}.Release|x86.Build.0 = Release|Any CPU
		{13E2771C-5C73-4B82-8911-55E1A70A3076}.Debug|Any CPU.ActiveCfg = Debug|Any CPU
		{13E2771C-5C73-4B82-8911-55E1A70A3076}.Debug|Any CPU.Build.0 = Debug|Any CPU
		{13E2771C-5C73-4B82-8911-55E1A70A3076}.Debug|x64.ActiveCfg = Debug|Any CPU
		{13E2771C-5C73-4B82-8911-55E1A70A3076}.Debug|x64.Build.0 = Debug|Any CPU
		{13E2771C-5C73-4B82-8911-55E1A70A3076}.Debug|x86.ActiveCfg = Debug|Any CPU
		{13E2771C-5C73-4B82-8911-55E1A70A3076}.Debug|x86.Build.0 = Debug|Any CPU
		{13E2771C-5C73-4B82-8911-55E1A70A3076}.Release|Any CPU.ActiveCfg = Release|Any CPU
		{13E2771C-5C73-4B82-8911-55E1A70A3076}.Release|Any CPU.Build.0 = Release|Any CPU
		{13E2771C-5C73-4B82-8911-55E1A70A3076}.Release|x64.ActiveCfg = Release|Any CPU
		{13E2771C-5C73-4B82-8911-55E1A70A3076}.Release|x64.Build.0 = Release|Any CPU
		{13E2771C-5C73-4B82-8911-55E1A70A3076}.Release|x86.ActiveCfg = Release|Any CPU
		{13E2771C-5C73-4B82-8911-55E1A70A3076}.Release|x86.Build.0 = Release|Any CPU
		{416F45EB-0228-43EE-8893-C87DB2EF727D}.Debug|Any CPU.ActiveCfg = Debug|Any CPU
		{416F45EB-0228-43EE-8893-C87DB2EF727D}.Debug|Any CPU.Build.0 = Debug|Any CPU
		{416F45EB-0228-43EE-8893-C87DB2EF727D}.Debug|x64.ActiveCfg = Debug|Any CPU
		{416F45EB-0228-43EE-8893-C87DB2EF727D}.Debug|x64.Build.0 = Debug|Any CPU
		{416F45EB-0228-43EE-8893-C87DB2EF727D}.Debug|x86.ActiveCfg = Debug|Any CPU
		{416F45EB-0228-43EE-8893-C87DB2EF727D}.Debug|x86.Build.0 = Debug|Any CPU
		{416F45EB-0228-43EE-8893-C87DB2EF727D}.Release|Any CPU.ActiveCfg = Release|Any CPU
		{416F45EB-0228-43EE-8893-C87DB2EF727D}.Release|Any CPU.Build.0 = Release|Any CPU
		{416F45EB-0228-43EE-8893-C87DB2EF727D}.Release|x64.ActiveCfg = Release|Any CPU
		{416F45EB-0228-43EE-8893-C87DB2EF727D}.Release|x64.Build.0 = Release|Any CPU
		{416F45EB-0228-43EE-8893-C87DB2EF727D}.Release|x86.ActiveCfg = Release|Any CPU
		{416F45EB-0228-43EE-8893-C87DB2EF727D}.Release|x86.Build.0 = Release|Any CPU
		{416F45EB-0228-43EE-1234-C87DB2EF727D}.Debug|Any CPU.ActiveCfg = Debug|Any CPU
		{416F45EB-0228-43EE-1234-C87DB2EF727D}.Debug|Any CPU.Build.0 = Debug|Any CPU
		{416F45EB-0228-43EE-1234-C87DB2EF727D}.Debug|x64.ActiveCfg = Debug|Any CPU
		{416F45EB-0228-43EE-1234-C87DB2EF727D}.Debug|x64.Build.0 = Debug|Any CPU
		{416F45EB-0228-43EE-1234-C87DB2EF727D}.Debug|x86.ActiveCfg = Debug|Any CPU
		{416F45EB-0228-43EE-1234-C87DB2EF727D}.Debug|x86.Build.0 = Debug|Any CPU
		{416F45EB-0228-43EE-1234-C87DB2EF727D}.Release|Any CPU.ActiveCfg = Release|Any CPU
		{416F45EB-0228-43EE-1234-C87DB2EF727D}.Release|Any CPU.Build.0 = Release|Any CPU
		{416F45EB-0228-43EE-1234-C87DB2EF727D}.Release|x64.ActiveCfg = Release|Any CPU
		{416F45EB-0228-43EE-1234-C87DB2EF727D}.Release|x64.Build.0 = Release|Any CPU
		{416F45EB-0228-43EE-1234-C87DB2EF727D}.Release|x86.ActiveCfg = Release|Any CPU
		{416F45EB-0228-43EE-1234-C87DB2EF727D}.Release|x86.Build.0 = Release|Any CPU
		{B06BD0FD-5276-4929-87F4-48C302245C02}.Debug|Any CPU.ActiveCfg = Debug|Any CPU
		{B06BD0FD-5276-4929-87F4-48C302245C02}.Debug|Any CPU.Build.0 = Debug|Any CPU
		{B06BD0FD-5276-4929-87F4-48C302245C02}.Debug|x64.ActiveCfg = Debug|Any CPU
		{B06BD0FD-5276-4929-87F4-48C302245C02}.Debug|x64.Build.0 = Debug|Any CPU
		{B06BD0FD-5276-4929-87F4-48C302245C02}.Debug|x86.ActiveCfg = Debug|Any CPU
		{B06BD0FD-5276-4929-87F4-48C302245C02}.Debug|x86.Build.0 = Debug|Any CPU
		{B06BD0FD-5276-4929-87F4-48C302245C02}.Release|Any CPU.ActiveCfg = Release|Any CPU
		{B06BD0FD-5276-4929-87F4-48C302245C02}.Release|Any CPU.Build.0 = Release|Any CPU
		{B06BD0FD-5276-4929-87F4-48C302245C02}.Release|x64.ActiveCfg = Release|Any CPU
		{B06BD0FD-5276-4929-87F4-48C302245C02}.Release|x64.Build.0 = Release|Any CPU
		{B06BD0FD-5276-4929-87F4-48C302245C02}.Release|x86.ActiveCfg = Release|Any CPU
		{B06BD0FD-5276-4929-87F4-48C302245C02}.Release|x86.Build.0 = Release|Any CPU
		{2E5C8660-A883-4D32-BF67-CF5907AB1F1F}.Debug|Any CPU.ActiveCfg = Debug|Any CPU
		{2E5C8660-A883-4D32-BF67-CF5907AB1F1F}.Debug|Any CPU.Build.0 = Debug|Any CPU
		{2E5C8660-A883-4D32-BF67-CF5907AB1F1F}.Debug|x64.ActiveCfg = Debug|Any CPU
		{2E5C8660-A883-4D32-BF67-CF5907AB1F1F}.Debug|x64.Build.0 = Debug|Any CPU
		{2E5C8660-A883-4D32-BF67-CF5907AB1F1F}.Debug|x86.ActiveCfg = Debug|Any CPU
		{2E5C8660-A883-4D32-BF67-CF5907AB1F1F}.Debug|x86.Build.0 = Debug|Any CPU
		{2E5C8660-A883-4D32-BF67-CF5907AB1F1F}.Release|Any CPU.ActiveCfg = Release|Any CPU
		{2E5C8660-A883-4D32-BF67-CF5907AB1F1F}.Release|Any CPU.Build.0 = Release|Any CPU
		{2E5C8660-A883-4D32-BF67-CF5907AB1F1F}.Release|x64.ActiveCfg = Release|Any CPU
		{2E5C8660-A883-4D32-BF67-CF5907AB1F1F}.Release|x64.Build.0 = Release|Any CPU
		{2E5C8660-A883-4D32-BF67-CF5907AB1F1F}.Release|x86.ActiveCfg = Release|Any CPU
		{2E5C8660-A883-4D32-BF67-CF5907AB1F1F}.Release|x86.Build.0 = Release|Any CPU
		{05D9D594-E6F6-4887-8ECD-0FFFF7C92E68}.Debug|Any CPU.ActiveCfg = Debug|Any CPU
		{05D9D594-E6F6-4887-8ECD-0FFFF7C92E68}.Debug|Any CPU.Build.0 = Debug|Any CPU
		{05D9D594-E6F6-4887-8ECD-0FFFF7C92E68}.Debug|x64.ActiveCfg = Debug|Any CPU
		{05D9D594-E6F6-4887-8ECD-0FFFF7C92E68}.Debug|x64.Build.0 = Debug|Any CPU
		{05D9D594-E6F6-4887-8ECD-0FFFF7C92E68}.Debug|x86.ActiveCfg = Debug|Any CPU
		{05D9D594-E6F6-4887-8ECD-0FFFF7C92E68}.Debug|x86.Build.0 = Debug|Any CPU
		{05D9D594-E6F6-4887-8ECD-0FFFF7C92E68}.Release|Any CPU.ActiveCfg = Release|Any CPU
		{05D9D594-E6F6-4887-8ECD-0FFFF7C92E68}.Release|Any CPU.Build.0 = Release|Any CPU
		{05D9D594-E6F6-4887-8ECD-0FFFF7C92E68}.Release|x64.ActiveCfg = Release|Any CPU
		{05D9D594-E6F6-4887-8ECD-0FFFF7C92E68}.Release|x64.Build.0 = Release|Any CPU
		{05D9D594-E6F6-4887-8ECD-0FFFF7C92E68}.Release|x86.ActiveCfg = Release|Any CPU
		{05D9D594-E6F6-4887-8ECD-0FFFF7C92E68}.Release|x86.Build.0 = Release|Any CPU
		{D1CF2A6C-AEB1-4A03-BE64-8A96FA5DEFE4}.Debug|Any CPU.ActiveCfg = Debug|Any CPU
		{D1CF2A6C-AEB1-4A03-BE64-8A96FA5DEFE4}.Debug|Any CPU.Build.0 = Debug|Any CPU
		{D1CF2A6C-AEB1-4A03-BE64-8A96FA5DEFE4}.Debug|x64.ActiveCfg = Debug|Any CPU
		{D1CF2A6C-AEB1-4A03-BE64-8A96FA5DEFE4}.Debug|x64.Build.0 = Debug|Any CPU
		{D1CF2A6C-AEB1-4A03-BE64-8A96FA5DEFE4}.Debug|x86.ActiveCfg = Debug|Any CPU
		{D1CF2A6C-AEB1-4A03-BE64-8A96FA5DEFE4}.Debug|x86.Build.0 = Debug|Any CPU
		{D1CF2A6C-AEB1-4A03-BE64-8A96FA5DEFE4}.Release|Any CPU.ActiveCfg = Release|Any CPU
		{D1CF2A6C-AEB1-4A03-BE64-8A96FA5DEFE4}.Release|Any CPU.Build.0 = Release|Any CPU
		{D1CF2A6C-AEB1-4A03-BE64-8A96FA5DEFE4}.Release|x64.ActiveCfg = Release|Any CPU
		{D1CF2A6C-AEB1-4A03-BE64-8A96FA5DEFE4}.Release|x64.Build.0 = Release|Any CPU
		{D1CF2A6C-AEB1-4A03-BE64-8A96FA5DEFE4}.Release|x86.ActiveCfg = Release|Any CPU
		{D1CF2A6C-AEB1-4A03-BE64-8A96FA5DEFE4}.Release|x86.Build.0 = Release|Any CPU
		{7F6019A6-C1AB-4B5C-BD3C-E8D271F3469D}.Debug|Any CPU.ActiveCfg = Debug|Any CPU
		{7F6019A6-C1AB-4B5C-BD3C-E8D271F3469D}.Debug|Any CPU.Build.0 = Debug|Any CPU
		{7F6019A6-C1AB-4B5C-BD3C-E8D271F3469D}.Debug|x64.ActiveCfg = Debug|Any CPU
		{7F6019A6-C1AB-4B5C-BD3C-E8D271F3469D}.Debug|x64.Build.0 = Debug|Any CPU
		{7F6019A6-C1AB-4B5C-BD3C-E8D271F3469D}.Debug|x86.ActiveCfg = Debug|Any CPU
		{7F6019A6-C1AB-4B5C-BD3C-E8D271F3469D}.Debug|x86.Build.0 = Debug|Any CPU
		{7F6019A6-C1AB-4B5C-BD3C-E8D271F3469D}.Release|Any CPU.ActiveCfg = Release|Any CPU
		{7F6019A6-C1AB-4B5C-BD3C-E8D271F3469D}.Release|Any CPU.Build.0 = Release|Any CPU
		{7F6019A6-C1AB-4B5C-BD3C-E8D271F3469D}.Release|x64.ActiveCfg = Release|Any CPU
		{7F6019A6-C1AB-4B5C-BD3C-E8D271F3469D}.Release|x64.Build.0 = Release|Any CPU
		{7F6019A6-C1AB-4B5C-BD3C-E8D271F3469D}.Release|x86.ActiveCfg = Release|Any CPU
		{7F6019A6-C1AB-4B5C-BD3C-E8D271F3469D}.Release|x86.Build.0 = Release|Any CPU
		{727C0798-F079-4CA5-85C8-289598EE9EEE}.Debug|Any CPU.ActiveCfg = Debug|Any CPU
		{727C0798-F079-4CA5-85C8-289598EE9EEE}.Debug|Any CPU.Build.0 = Debug|Any CPU
		{727C0798-F079-4CA5-85C8-289598EE9EEE}.Debug|x64.ActiveCfg = Debug|Any CPU
		{727C0798-F079-4CA5-85C8-289598EE9EEE}.Debug|x64.Build.0 = Debug|Any CPU
		{727C0798-F079-4CA5-85C8-289598EE9EEE}.Debug|x86.ActiveCfg = Debug|Any CPU
		{727C0798-F079-4CA5-85C8-289598EE9EEE}.Debug|x86.Build.0 = Debug|Any CPU
		{727C0798-F079-4CA5-85C8-289598EE9EEE}.Release|Any CPU.ActiveCfg = Release|Any CPU
		{727C0798-F079-4CA5-85C8-289598EE9EEE}.Release|Any CPU.Build.0 = Release|Any CPU
		{727C0798-F079-4CA5-85C8-289598EE9EEE}.Release|x64.ActiveCfg = Release|Any CPU
		{727C0798-F079-4CA5-85C8-289598EE9EEE}.Release|x64.Build.0 = Release|Any CPU
		{727C0798-F079-4CA5-85C8-289598EE9EEE}.Release|x86.ActiveCfg = Release|Any CPU
		{727C0798-F079-4CA5-85C8-289598EE9EEE}.Release|x86.Build.0 = Release|Any CPU
		{56BE5194-7881-4F22-9018-A79C3C4B958A}.Debug|Any CPU.ActiveCfg = Debug|Any CPU
		{56BE5194-7881-4F22-9018-A79C3C4B958A}.Debug|Any CPU.Build.0 = Debug|Any CPU
		{56BE5194-7881-4F22-9018-A79C3C4B958A}.Debug|x64.ActiveCfg = Debug|Any CPU
		{56BE5194-7881-4F22-9018-A79C3C4B958A}.Debug|x64.Build.0 = Debug|Any CPU
		{56BE5194-7881-4F22-9018-A79C3C4B958A}.Debug|x86.ActiveCfg = Debug|Any CPU
		{56BE5194-7881-4F22-9018-A79C3C4B958A}.Debug|x86.Build.0 = Debug|Any CPU
		{56BE5194-7881-4F22-9018-A79C3C4B958A}.Release|Any CPU.ActiveCfg = Release|Any CPU
		{56BE5194-7881-4F22-9018-A79C3C4B958A}.Release|Any CPU.Build.0 = Release|Any CPU
		{56BE5194-7881-4F22-9018-A79C3C4B958A}.Release|x64.ActiveCfg = Release|Any CPU
		{56BE5194-7881-4F22-9018-A79C3C4B958A}.Release|x64.Build.0 = Release|Any CPU
		{56BE5194-7881-4F22-9018-A79C3C4B958A}.Release|x86.ActiveCfg = Release|Any CPU
		{56BE5194-7881-4F22-9018-A79C3C4B958A}.Release|x86.Build.0 = Release|Any CPU
		{DCD65A24-D8C0-4DD3-B42C-A1D878AF4DE4}.Debug|Any CPU.ActiveCfg = Debug|Any CPU
		{DCD65A24-D8C0-4DD3-B42C-A1D878AF4DE4}.Debug|Any CPU.Build.0 = Debug|Any CPU
		{DCD65A24-D8C0-4DD3-B42C-A1D878AF4DE4}.Debug|x64.ActiveCfg = Debug|Any CPU
		{DCD65A24-D8C0-4DD3-B42C-A1D878AF4DE4}.Debug|x64.Build.0 = Debug|Any CPU
		{DCD65A24-D8C0-4DD3-B42C-A1D878AF4DE4}.Debug|x86.ActiveCfg = Debug|Any CPU
		{DCD65A24-D8C0-4DD3-B42C-A1D878AF4DE4}.Debug|x86.Build.0 = Debug|Any CPU
		{DCD65A24-D8C0-4DD3-B42C-A1D878AF4DE4}.Release|Any CPU.ActiveCfg = Release|Any CPU
		{DCD65A24-D8C0-4DD3-B42C-A1D878AF4DE4}.Release|Any CPU.Build.0 = Release|Any CPU
		{DCD65A24-D8C0-4DD3-B42C-A1D878AF4DE4}.Release|x64.ActiveCfg = Release|Any CPU
		{DCD65A24-D8C0-4DD3-B42C-A1D878AF4DE4}.Release|x64.Build.0 = Release|Any CPU
		{DCD65A24-D8C0-4DD3-B42C-A1D878AF4DE4}.Release|x86.ActiveCfg = Release|Any CPU
		{DCD65A24-D8C0-4DD3-B42C-A1D878AF4DE4}.Release|x86.Build.0 = Release|Any CPU
		{05A49D39-97F0-46AF-9EDC-76D1E19FE3AC}.Debug|Any CPU.ActiveCfg = Debug|Any CPU
		{05A49D39-97F0-46AF-9EDC-76D1E19FE3AC}.Debug|Any CPU.Build.0 = Debug|Any CPU
		{05A49D39-97F0-46AF-9EDC-76D1E19FE3AC}.Debug|x64.ActiveCfg = Debug|Any CPU
		{05A49D39-97F0-46AF-9EDC-76D1E19FE3AC}.Debug|x64.Build.0 = Debug|Any CPU
		{05A49D39-97F0-46AF-9EDC-76D1E19FE3AC}.Debug|x86.ActiveCfg = Debug|Any CPU
		{05A49D39-97F0-46AF-9EDC-76D1E19FE3AC}.Debug|x86.Build.0 = Debug|Any CPU
		{05A49D39-97F0-46AF-9EDC-76D1E19FE3AC}.Release|Any CPU.ActiveCfg = Release|Any CPU
		{05A49D39-97F0-46AF-9EDC-76D1E19FE3AC}.Release|Any CPU.Build.0 = Release|Any CPU
		{05A49D39-97F0-46AF-9EDC-76D1E19FE3AC}.Release|x64.ActiveCfg = Release|Any CPU
		{05A49D39-97F0-46AF-9EDC-76D1E19FE3AC}.Release|x64.Build.0 = Release|Any CPU
		{05A49D39-97F0-46AF-9EDC-76D1E19FE3AC}.Release|x86.ActiveCfg = Release|Any CPU
		{05A49D39-97F0-46AF-9EDC-76D1E19FE3AC}.Release|x86.Build.0 = Release|Any CPU
		{B2EEB5FE-CF39-4CC7-9650-5709E71D2BA9}.Debug|Any CPU.ActiveCfg = Debug|Any CPU
		{B2EEB5FE-CF39-4CC7-9650-5709E71D2BA9}.Debug|Any CPU.Build.0 = Debug|Any CPU
		{B2EEB5FE-CF39-4CC7-9650-5709E71D2BA9}.Debug|x64.ActiveCfg = Debug|Any CPU
		{B2EEB5FE-CF39-4CC7-9650-5709E71D2BA9}.Debug|x64.Build.0 = Debug|Any CPU
		{B2EEB5FE-CF39-4CC7-9650-5709E71D2BA9}.Debug|x86.ActiveCfg = Debug|Any CPU
		{B2EEB5FE-CF39-4CC7-9650-5709E71D2BA9}.Debug|x86.Build.0 = Debug|Any CPU
		{B2EEB5FE-CF39-4CC7-9650-5709E71D2BA9}.Release|Any CPU.ActiveCfg = Release|Any CPU
		{B2EEB5FE-CF39-4CC7-9650-5709E71D2BA9}.Release|Any CPU.Build.0 = Release|Any CPU
		{B2EEB5FE-CF39-4CC7-9650-5709E71D2BA9}.Release|x64.ActiveCfg = Release|Any CPU
		{B2EEB5FE-CF39-4CC7-9650-5709E71D2BA9}.Release|x64.Build.0 = Release|Any CPU
		{B2EEB5FE-CF39-4CC7-9650-5709E71D2BA9}.Release|x86.ActiveCfg = Release|Any CPU
		{B2EEB5FE-CF39-4CC7-9650-5709E71D2BA9}.Release|x86.Build.0 = Release|Any CPU
		{F50B1AF2-B971-4B01-962B-0BB14E6CB209}.Debug|Any CPU.ActiveCfg = Debug|Any CPU
		{F50B1AF2-B971-4B01-962B-0BB14E6CB209}.Debug|Any CPU.Build.0 = Debug|Any CPU
		{F50B1AF2-B971-4B01-962B-0BB14E6CB209}.Debug|x64.ActiveCfg = Debug|Any CPU
		{F50B1AF2-B971-4B01-962B-0BB14E6CB209}.Debug|x64.Build.0 = Debug|Any CPU
		{F50B1AF2-B971-4B01-962B-0BB14E6CB209}.Debug|x86.ActiveCfg = Debug|Any CPU
		{F50B1AF2-B971-4B01-962B-0BB14E6CB209}.Debug|x86.Build.0 = Debug|Any CPU
		{F50B1AF2-B971-4B01-962B-0BB14E6CB209}.Release|Any CPU.ActiveCfg = Release|Any CPU
		{F50B1AF2-B971-4B01-962B-0BB14E6CB209}.Release|Any CPU.Build.0 = Release|Any CPU
		{F50B1AF2-B971-4B01-962B-0BB14E6CB209}.Release|x64.ActiveCfg = Release|Any CPU
		{F50B1AF2-B971-4B01-962B-0BB14E6CB209}.Release|x64.Build.0 = Release|Any CPU
		{F50B1AF2-B971-4B01-962B-0BB14E6CB209}.Release|x86.ActiveCfg = Release|Any CPU
		{F50B1AF2-B971-4B01-962B-0BB14E6CB209}.Release|x86.Build.0 = Release|Any CPU
		{A95C5BAE-1D0D-44FD-A984-7CBF055A62E2}.Debug|Any CPU.ActiveCfg = Debug|Any CPU
		{A95C5BAE-1D0D-44FD-A984-7CBF055A62E2}.Debug|Any CPU.Build.0 = Debug|Any CPU
		{A95C5BAE-1D0D-44FD-A984-7CBF055A62E2}.Debug|x64.ActiveCfg = Debug|Any CPU
		{A95C5BAE-1D0D-44FD-A984-7CBF055A62E2}.Debug|x64.Build.0 = Debug|Any CPU
		{A95C5BAE-1D0D-44FD-A984-7CBF055A62E2}.Debug|x86.ActiveCfg = Debug|Any CPU
		{A95C5BAE-1D0D-44FD-A984-7CBF055A62E2}.Debug|x86.Build.0 = Debug|Any CPU
		{A95C5BAE-1D0D-44FD-A984-7CBF055A62E2}.Release|Any CPU.ActiveCfg = Release|Any CPU
		{A95C5BAE-1D0D-44FD-A984-7CBF055A62E2}.Release|Any CPU.Build.0 = Release|Any CPU
		{A95C5BAE-1D0D-44FD-A984-7CBF055A62E2}.Release|x64.ActiveCfg = Release|Any CPU
		{A95C5BAE-1D0D-44FD-A984-7CBF055A62E2}.Release|x64.Build.0 = Release|Any CPU
		{A95C5BAE-1D0D-44FD-A984-7CBF055A62E2}.Release|x86.ActiveCfg = Release|Any CPU
		{A95C5BAE-1D0D-44FD-A984-7CBF055A62E2}.Release|x86.Build.0 = Release|Any CPU
		{4E26923D-9F35-4668-AB5A-BDC5D56D70CC}.Debug|Any CPU.ActiveCfg = Debug|Any CPU
		{4E26923D-9F35-4668-AB5A-BDC5D56D70CC}.Debug|Any CPU.Build.0 = Debug|Any CPU
		{4E26923D-9F35-4668-AB5A-BDC5D56D70CC}.Debug|x64.ActiveCfg = Debug|Any CPU
		{4E26923D-9F35-4668-AB5A-BDC5D56D70CC}.Debug|x64.Build.0 = Debug|Any CPU
		{4E26923D-9F35-4668-AB5A-BDC5D56D70CC}.Debug|x86.ActiveCfg = Debug|Any CPU
		{4E26923D-9F35-4668-AB5A-BDC5D56D70CC}.Debug|x86.Build.0 = Debug|Any CPU
		{4E26923D-9F35-4668-AB5A-BDC5D56D70CC}.Release|Any CPU.ActiveCfg = Release|Any CPU
		{4E26923D-9F35-4668-AB5A-BDC5D56D70CC}.Release|Any CPU.Build.0 = Release|Any CPU
		{4E26923D-9F35-4668-AB5A-BDC5D56D70CC}.Release|x64.ActiveCfg = Release|Any CPU
		{4E26923D-9F35-4668-AB5A-BDC5D56D70CC}.Release|x64.Build.0 = Release|Any CPU
		{4E26923D-9F35-4668-AB5A-BDC5D56D70CC}.Release|x86.ActiveCfg = Release|Any CPU
		{4E26923D-9F35-4668-AB5A-BDC5D56D70CC}.Release|x86.Build.0 = Release|Any CPU
		{FE512CCA-E21D-41DA-BD89-34C7DEF3CC48}.Debug|Any CPU.ActiveCfg = Debug|Any CPU
		{FE512CCA-E21D-41DA-BD89-34C7DEF3CC48}.Debug|Any CPU.Build.0 = Debug|Any CPU
		{FE512CCA-E21D-41DA-BD89-34C7DEF3CC48}.Debug|x64.ActiveCfg = Debug|Any CPU
		{FE512CCA-E21D-41DA-BD89-34C7DEF3CC48}.Debug|x64.Build.0 = Debug|Any CPU
		{FE512CCA-E21D-41DA-BD89-34C7DEF3CC48}.Debug|x86.ActiveCfg = Debug|Any CPU
		{FE512CCA-E21D-41DA-BD89-34C7DEF3CC48}.Debug|x86.Build.0 = Debug|Any CPU
		{FE512CCA-E21D-41DA-BD89-34C7DEF3CC48}.Release|Any CPU.ActiveCfg = Release|Any CPU
		{FE512CCA-E21D-41DA-BD89-34C7DEF3CC48}.Release|Any CPU.Build.0 = Release|Any CPU
		{FE512CCA-E21D-41DA-BD89-34C7DEF3CC48}.Release|x64.ActiveCfg = Release|Any CPU
		{FE512CCA-E21D-41DA-BD89-34C7DEF3CC48}.Release|x64.Build.0 = Release|Any CPU
		{FE512CCA-E21D-41DA-BD89-34C7DEF3CC48}.Release|x86.ActiveCfg = Release|Any CPU
		{FE512CCA-E21D-41DA-BD89-34C7DEF3CC48}.Release|x86.Build.0 = Release|Any CPU
		{3076A12F-C423-4D5E-9B6F-543B683820F9}.Debug|Any CPU.ActiveCfg = Debug|Any CPU
		{3076A12F-C423-4D5E-9B6F-543B683820F9}.Debug|Any CPU.Build.0 = Debug|Any CPU
		{3076A12F-C423-4D5E-9B6F-543B683820F9}.Debug|x64.ActiveCfg = Debug|Any CPU
		{3076A12F-C423-4D5E-9B6F-543B683820F9}.Debug|x64.Build.0 = Debug|Any CPU
		{3076A12F-C423-4D5E-9B6F-543B683820F9}.Debug|x86.ActiveCfg = Debug|Any CPU
		{3076A12F-C423-4D5E-9B6F-543B683820F9}.Debug|x86.Build.0 = Debug|Any CPU
		{3076A12F-C423-4D5E-9B6F-543B683820F9}.Release|Any CPU.ActiveCfg = Release|Any CPU
		{3076A12F-C423-4D5E-9B6F-543B683820F9}.Release|Any CPU.Build.0 = Release|Any CPU
		{3076A12F-C423-4D5E-9B6F-543B683820F9}.Release|x64.ActiveCfg = Release|Any CPU
		{3076A12F-C423-4D5E-9B6F-543B683820F9}.Release|x64.Build.0 = Release|Any CPU
		{3076A12F-C423-4D5E-9B6F-543B683820F9}.Release|x86.ActiveCfg = Release|Any CPU
		{3076A12F-C423-4D5E-9B6F-543B683820F9}.Release|x86.Build.0 = Release|Any CPU
		{BC0F523B-FA7B-4BC8-82B0-34C050F787EE}.Debug|Any CPU.ActiveCfg = Debug|Any CPU
		{BC0F523B-FA7B-4BC8-82B0-34C050F787EE}.Debug|Any CPU.Build.0 = Debug|Any CPU
		{BC0F523B-FA7B-4BC8-82B0-34C050F787EE}.Debug|x64.ActiveCfg = Debug|Any CPU
		{BC0F523B-FA7B-4BC8-82B0-34C050F787EE}.Debug|x64.Build.0 = Debug|Any CPU
		{BC0F523B-FA7B-4BC8-82B0-34C050F787EE}.Debug|x86.ActiveCfg = Debug|Any CPU
		{BC0F523B-FA7B-4BC8-82B0-34C050F787EE}.Debug|x86.Build.0 = Debug|Any CPU
		{BC0F523B-FA7B-4BC8-82B0-34C050F787EE}.Release|Any CPU.ActiveCfg = Release|Any CPU
		{BC0F523B-FA7B-4BC8-82B0-34C050F787EE}.Release|Any CPU.Build.0 = Release|Any CPU
		{BC0F523B-FA7B-4BC8-82B0-34C050F787EE}.Release|x64.ActiveCfg = Release|Any CPU
		{BC0F523B-FA7B-4BC8-82B0-34C050F787EE}.Release|x64.Build.0 = Release|Any CPU
		{BC0F523B-FA7B-4BC8-82B0-34C050F787EE}.Release|x86.ActiveCfg = Release|Any CPU
		{BC0F523B-FA7B-4BC8-82B0-34C050F787EE}.Release|x86.Build.0 = Release|Any CPU
		{320876F3-E87A-4C12-A9B5-1F9BB130394D}.Debug|Any CPU.ActiveCfg = Debug|Any CPU
		{320876F3-E87A-4C12-A9B5-1F9BB130394D}.Debug|Any CPU.Build.0 = Debug|Any CPU
		{320876F3-E87A-4C12-A9B5-1F9BB130394D}.Debug|x64.ActiveCfg = Debug|Any CPU
		{320876F3-E87A-4C12-A9B5-1F9BB130394D}.Debug|x64.Build.0 = Debug|Any CPU
		{320876F3-E87A-4C12-A9B5-1F9BB130394D}.Debug|x86.ActiveCfg = Debug|Any CPU
		{320876F3-E87A-4C12-A9B5-1F9BB130394D}.Debug|x86.Build.0 = Debug|Any CPU
		{320876F3-E87A-4C12-A9B5-1F9BB130394D}.Release|Any CPU.ActiveCfg = Release|Any CPU
		{320876F3-E87A-4C12-A9B5-1F9BB130394D}.Release|Any CPU.Build.0 = Release|Any CPU
		{320876F3-E87A-4C12-A9B5-1F9BB130394D}.Release|x64.ActiveCfg = Release|Any CPU
		{320876F3-E87A-4C12-A9B5-1F9BB130394D}.Release|x64.Build.0 = Release|Any CPU
		{320876F3-E87A-4C12-A9B5-1F9BB130394D}.Release|x86.ActiveCfg = Release|Any CPU
		{320876F3-E87A-4C12-A9B5-1F9BB130394D}.Release|x86.Build.0 = Release|Any CPU
		{817E7CD2-3419-4443-B9D2-5880B3A62E0F}.Debug|Any CPU.ActiveCfg = Debug|Any CPU
		{817E7CD2-3419-4443-B9D2-5880B3A62E0F}.Debug|Any CPU.Build.0 = Debug|Any CPU
		{817E7CD2-3419-4443-B9D2-5880B3A62E0F}.Debug|x64.ActiveCfg = Debug|Any CPU
		{817E7CD2-3419-4443-B9D2-5880B3A62E0F}.Debug|x64.Build.0 = Debug|Any CPU
		{817E7CD2-3419-4443-B9D2-5880B3A62E0F}.Debug|x86.ActiveCfg = Debug|Any CPU
		{817E7CD2-3419-4443-B9D2-5880B3A62E0F}.Debug|x86.Build.0 = Debug|Any CPU
		{817E7CD2-3419-4443-B9D2-5880B3A62E0F}.Release|Any CPU.ActiveCfg = Release|Any CPU
		{817E7CD2-3419-4443-B9D2-5880B3A62E0F}.Release|Any CPU.Build.0 = Release|Any CPU
		{817E7CD2-3419-4443-B9D2-5880B3A62E0F}.Release|x64.ActiveCfg = Release|Any CPU
		{817E7CD2-3419-4443-B9D2-5880B3A62E0F}.Release|x64.Build.0 = Release|Any CPU
		{817E7CD2-3419-4443-B9D2-5880B3A62E0F}.Release|x86.ActiveCfg = Release|Any CPU
		{817E7CD2-3419-4443-B9D2-5880B3A62E0F}.Release|x86.Build.0 = Release|Any CPU
		{2746DA6E-D310-4F07-B41B-929BB3D6E14B}.Debug|Any CPU.ActiveCfg = Debug|Any CPU
		{2746DA6E-D310-4F07-B41B-929BB3D6E14B}.Debug|Any CPU.Build.0 = Debug|Any CPU
		{2746DA6E-D310-4F07-B41B-929BB3D6E14B}.Debug|x64.ActiveCfg = Debug|Any CPU
		{2746DA6E-D310-4F07-B41B-929BB3D6E14B}.Debug|x64.Build.0 = Debug|Any CPU
		{2746DA6E-D310-4F07-B41B-929BB3D6E14B}.Debug|x86.ActiveCfg = Debug|Any CPU
		{2746DA6E-D310-4F07-B41B-929BB3D6E14B}.Debug|x86.Build.0 = Debug|Any CPU
		{2746DA6E-D310-4F07-B41B-929BB3D6E14B}.Release|Any CPU.ActiveCfg = Release|Any CPU
		{2746DA6E-D310-4F07-B41B-929BB3D6E14B}.Release|Any CPU.Build.0 = Release|Any CPU
		{2746DA6E-D310-4F07-B41B-929BB3D6E14B}.Release|x64.ActiveCfg = Release|Any CPU
		{2746DA6E-D310-4F07-B41B-929BB3D6E14B}.Release|x64.Build.0 = Release|Any CPU
		{2746DA6E-D310-4F07-B41B-929BB3D6E14B}.Release|x86.ActiveCfg = Release|Any CPU
		{2746DA6E-D310-4F07-B41B-929BB3D6E14B}.Release|x86.Build.0 = Release|Any CPU
		{B3EEB5FE-CF39-4CC7-9650-5709E71D2BA9}.Debug|Any CPU.ActiveCfg = Debug|Any CPU
		{B3EEB5FE-CF39-4CC7-9650-5709E71D2BA9}.Debug|Any CPU.Build.0 = Debug|Any CPU
		{B3EEB5FE-CF39-4CC7-9650-5709E71D2BA9}.Debug|x64.ActiveCfg = Debug|Any CPU
		{B3EEB5FE-CF39-4CC7-9650-5709E71D2BA9}.Debug|x64.Build.0 = Debug|Any CPU
		{B3EEB5FE-CF39-4CC7-9650-5709E71D2BA9}.Debug|x86.ActiveCfg = Debug|Any CPU
		{B3EEB5FE-CF39-4CC7-9650-5709E71D2BA9}.Debug|x86.Build.0 = Debug|Any CPU
		{B3EEB5FE-CF39-4CC7-9650-5709E71D2BA9}.Release|Any CPU.ActiveCfg = Release|Any CPU
		{B3EEB5FE-CF39-4CC7-9650-5709E71D2BA9}.Release|Any CPU.Build.0 = Release|Any CPU
		{B3EEB5FE-CF39-4CC7-9650-5709E71D2BA9}.Release|x64.ActiveCfg = Release|Any CPU
		{B3EEB5FE-CF39-4CC7-9650-5709E71D2BA9}.Release|x64.Build.0 = Release|Any CPU
		{B3EEB5FE-CF39-4CC7-9650-5709E71D2BA9}.Release|x86.ActiveCfg = Release|Any CPU
		{B3EEB5FE-CF39-4CC7-9650-5709E71D2BA9}.Release|x86.Build.0 = Release|Any CPU
		{958DF90F-0528-4C50-9AC2-E86C60971B7D}.Debug|Any CPU.ActiveCfg = Debug|Any CPU
		{958DF90F-0528-4C50-9AC2-E86C60971B7D}.Debug|Any CPU.Build.0 = Debug|Any CPU
		{958DF90F-0528-4C50-9AC2-E86C60971B7D}.Debug|x64.ActiveCfg = Debug|Any CPU
		{958DF90F-0528-4C50-9AC2-E86C60971B7D}.Debug|x64.Build.0 = Debug|Any CPU
		{958DF90F-0528-4C50-9AC2-E86C60971B7D}.Debug|x86.ActiveCfg = Debug|Any CPU
		{958DF90F-0528-4C50-9AC2-E86C60971B7D}.Debug|x86.Build.0 = Debug|Any CPU
		{958DF90F-0528-4C50-9AC2-E86C60971B7D}.Release|Any CPU.ActiveCfg = Release|Any CPU
		{958DF90F-0528-4C50-9AC2-E86C60971B7D}.Release|Any CPU.Build.0 = Release|Any CPU
		{958DF90F-0528-4C50-9AC2-E86C60971B7D}.Release|x64.ActiveCfg = Release|Any CPU
		{958DF90F-0528-4C50-9AC2-E86C60971B7D}.Release|x64.Build.0 = Release|Any CPU
		{958DF90F-0528-4C50-9AC2-E86C60971B7D}.Release|x86.ActiveCfg = Release|Any CPU
		{958DF90F-0528-4C50-9AC2-E86C60971B7D}.Release|x86.Build.0 = Release|Any CPU
		{8C50AA79-A360-43A3-BCC2-658633B099EC}.Debug|Any CPU.ActiveCfg = Debug|Any CPU
		{8C50AA79-A360-43A3-BCC2-658633B099EC}.Debug|Any CPU.Build.0 = Debug|Any CPU
		{8C50AA79-A360-43A3-BCC2-658633B099EC}.Debug|x64.ActiveCfg = Debug|Any CPU
		{8C50AA79-A360-43A3-BCC2-658633B099EC}.Debug|x64.Build.0 = Debug|Any CPU
		{8C50AA79-A360-43A3-BCC2-658633B099EC}.Debug|x86.ActiveCfg = Debug|Any CPU
		{8C50AA79-A360-43A3-BCC2-658633B099EC}.Debug|x86.Build.0 = Debug|Any CPU
		{8C50AA79-A360-43A3-BCC2-658633B099EC}.Release|Any CPU.ActiveCfg = Release|Any CPU
		{8C50AA79-A360-43A3-BCC2-658633B099EC}.Release|Any CPU.Build.0 = Release|Any CPU
		{8C50AA79-A360-43A3-BCC2-658633B099EC}.Release|x64.ActiveCfg = Release|Any CPU
		{8C50AA79-A360-43A3-BCC2-658633B099EC}.Release|x64.Build.0 = Release|Any CPU
		{8C50AA79-A360-43A3-BCC2-658633B099EC}.Release|x86.ActiveCfg = Release|Any CPU
		{8C50AA79-A360-43A3-BCC2-658633B099EC}.Release|x86.Build.0 = Release|Any CPU
		{BC834D62-F7F1-4227-9D5F-3DF45197B335}.Debug|Any CPU.ActiveCfg = Debug|Any CPU
		{BC834D62-F7F1-4227-9D5F-3DF45197B335}.Debug|Any CPU.Build.0 = Debug|Any CPU
		{BC834D62-F7F1-4227-9D5F-3DF45197B335}.Debug|x64.ActiveCfg = Debug|Any CPU
		{BC834D62-F7F1-4227-9D5F-3DF45197B335}.Debug|x64.Build.0 = Debug|Any CPU
		{BC834D62-F7F1-4227-9D5F-3DF45197B335}.Debug|x86.ActiveCfg = Debug|Any CPU
		{BC834D62-F7F1-4227-9D5F-3DF45197B335}.Debug|x86.Build.0 = Debug|Any CPU
		{BC834D62-F7F1-4227-9D5F-3DF45197B335}.Release|Any CPU.ActiveCfg = Release|Any CPU
		{BC834D62-F7F1-4227-9D5F-3DF45197B335}.Release|Any CPU.Build.0 = Release|Any CPU
		{BC834D62-F7F1-4227-9D5F-3DF45197B335}.Release|x64.ActiveCfg = Release|Any CPU
		{BC834D62-F7F1-4227-9D5F-3DF45197B335}.Release|x64.Build.0 = Release|Any CPU
		{BC834D62-F7F1-4227-9D5F-3DF45197B335}.Release|x86.ActiveCfg = Release|Any CPU
		{BC834D62-F7F1-4227-9D5F-3DF45197B335}.Release|x86.Build.0 = Release|Any CPU
		{958DF90F-0528-4C53-9AC2-E86C60971B7D}.Debug|Any CPU.ActiveCfg = Debug|Any CPU
		{958DF90F-0528-4C53-9AC2-E86C60971B7D}.Debug|Any CPU.Build.0 = Debug|Any CPU
		{958DF90F-0528-4C53-9AC2-E86C60971B7D}.Debug|x64.ActiveCfg = Debug|Any CPU
		{958DF90F-0528-4C53-9AC2-E86C60971B7D}.Debug|x64.Build.0 = Debug|Any CPU
		{958DF90F-0528-4C53-9AC2-E86C60971B7D}.Debug|x86.ActiveCfg = Debug|Any CPU
		{958DF90F-0528-4C53-9AC2-E86C60971B7D}.Debug|x86.Build.0 = Debug|Any CPU
		{958DF90F-0528-4C53-9AC2-E86C60971B7D}.Release|Any CPU.ActiveCfg = Release|Any CPU
		{958DF90F-0528-4C53-9AC2-E86C60971B7D}.Release|Any CPU.Build.0 = Release|Any CPU
		{958DF90F-0528-4C53-9AC2-E86C60971B7D}.Release|x64.ActiveCfg = Release|Any CPU
		{958DF90F-0528-4C53-9AC2-E86C60971B7D}.Release|x64.Build.0 = Release|Any CPU
		{958DF90F-0528-4C53-9AC2-E86C60971B7D}.Release|x86.ActiveCfg = Release|Any CPU
		{958DF90F-0528-4C53-9AC2-E86C60971B7D}.Release|x86.Build.0 = Release|Any CPU
		{EF53214F-BA98-4026-BEED-CF771865C312}.Debug|Any CPU.ActiveCfg = Debug|Any CPU
		{EF53214F-BA98-4026-BEED-CF771865C312}.Debug|Any CPU.Build.0 = Debug|Any CPU
		{EF53214F-BA98-4026-BEED-CF771865C312}.Debug|x64.ActiveCfg = Debug|Any CPU
		{EF53214F-BA98-4026-BEED-CF771865C312}.Debug|x64.Build.0 = Debug|Any CPU
		{EF53214F-BA98-4026-BEED-CF771865C312}.Debug|x86.ActiveCfg = Debug|Any CPU
		{EF53214F-BA98-4026-BEED-CF771865C312}.Debug|x86.Build.0 = Debug|Any CPU
		{EF53214F-BA98-4026-BEED-CF771865C312}.Release|Any CPU.ActiveCfg = Release|Any CPU
		{EF53214F-BA98-4026-BEED-CF771865C312}.Release|Any CPU.Build.0 = Release|Any CPU
		{EF53214F-BA98-4026-BEED-CF771865C312}.Release|x64.ActiveCfg = Release|Any CPU
		{EF53214F-BA98-4026-BEED-CF771865C312}.Release|x64.Build.0 = Release|Any CPU
		{EF53214F-BA98-4026-BEED-CF771865C312}.Release|x86.ActiveCfg = Release|Any CPU
		{EF53214F-BA98-4026-BEED-CF771865C312}.Release|x86.Build.0 = Release|Any CPU
		{E9795C9A-1F98-4716-A0FC-843C6B000BE5}.Debug|Any CPU.ActiveCfg = Debug|Any CPU
		{E9795C9A-1F98-4716-A0FC-843C6B000BE5}.Debug|Any CPU.Build.0 = Debug|Any CPU
		{E9795C9A-1F98-4716-A0FC-843C6B000BE5}.Debug|x64.ActiveCfg = Debug|Any CPU
		{E9795C9A-1F98-4716-A0FC-843C6B000BE5}.Debug|x64.Build.0 = Debug|Any CPU
		{E9795C9A-1F98-4716-A0FC-843C6B000BE5}.Debug|x86.ActiveCfg = Debug|Any CPU
		{E9795C9A-1F98-4716-A0FC-843C6B000BE5}.Debug|x86.Build.0 = Debug|Any CPU
		{E9795C9A-1F98-4716-A0FC-843C6B000BE5}.Release|Any CPU.ActiveCfg = Release|Any CPU
		{E9795C9A-1F98-4716-A0FC-843C6B000BE5}.Release|Any CPU.Build.0 = Release|Any CPU
		{E9795C9A-1F98-4716-A0FC-843C6B000BE5}.Release|x64.ActiveCfg = Release|Any CPU
		{E9795C9A-1F98-4716-A0FC-843C6B000BE5}.Release|x64.Build.0 = Release|Any CPU
		{E9795C9A-1F98-4716-A0FC-843C6B000BE5}.Release|x86.ActiveCfg = Release|Any CPU
		{E9795C9A-1F98-4716-A0FC-843C6B000BE5}.Release|x86.Build.0 = Release|Any CPU
		{FF8D61D0-01C9-44B9-98F9-37FCBF20CD72}.Debug|Any CPU.ActiveCfg = Debug|Any CPU
		{FF8D61D0-01C9-44B9-98F9-37FCBF20CD72}.Debug|Any CPU.Build.0 = Debug|Any CPU
		{FF8D61D0-01C9-44B9-98F9-37FCBF20CD72}.Debug|x64.ActiveCfg = Debug|Any CPU
		{FF8D61D0-01C9-44B9-98F9-37FCBF20CD72}.Debug|x64.Build.0 = Debug|Any CPU
		{FF8D61D0-01C9-44B9-98F9-37FCBF20CD72}.Debug|x86.ActiveCfg = Debug|Any CPU
		{FF8D61D0-01C9-44B9-98F9-37FCBF20CD72}.Debug|x86.Build.0 = Debug|Any CPU
		{FF8D61D0-01C9-44B9-98F9-37FCBF20CD72}.Release|Any CPU.ActiveCfg = Release|Any CPU
		{FF8D61D0-01C9-44B9-98F9-37FCBF20CD72}.Release|Any CPU.Build.0 = Release|Any CPU
		{FF8D61D0-01C9-44B9-98F9-37FCBF20CD72}.Release|x64.ActiveCfg = Release|Any CPU
		{FF8D61D0-01C9-44B9-98F9-37FCBF20CD72}.Release|x64.Build.0 = Release|Any CPU
		{FF8D61D0-01C9-44B9-98F9-37FCBF20CD72}.Release|x86.ActiveCfg = Release|Any CPU
		{FF8D61D0-01C9-44B9-98F9-37FCBF20CD72}.Release|x86.Build.0 = Release|Any CPU
		{1D2D316B-4C70-4410-817A-DEDB5B0072A5}.Debug|Any CPU.ActiveCfg = Debug|Any CPU
		{1D2D316B-4C70-4410-817A-DEDB5B0072A5}.Debug|Any CPU.Build.0 = Debug|Any CPU
		{1D2D316B-4C70-4410-817A-DEDB5B0072A5}.Debug|x64.ActiveCfg = Debug|Any CPU
		{1D2D316B-4C70-4410-817A-DEDB5B0072A5}.Debug|x64.Build.0 = Debug|Any CPU
		{1D2D316B-4C70-4410-817A-DEDB5B0072A5}.Debug|x86.ActiveCfg = Debug|Any CPU
		{1D2D316B-4C70-4410-817A-DEDB5B0072A5}.Debug|x86.Build.0 = Debug|Any CPU
		{1D2D316B-4C70-4410-817A-DEDB5B0072A5}.Release|Any CPU.ActiveCfg = Release|Any CPU
		{1D2D316B-4C70-4410-817A-DEDB5B0072A5}.Release|Any CPU.Build.0 = Release|Any CPU
		{1D2D316B-4C70-4410-817A-DEDB5B0072A5}.Release|x64.ActiveCfg = Release|Any CPU
		{1D2D316B-4C70-4410-817A-DEDB5B0072A5}.Release|x64.Build.0 = Release|Any CPU
		{1D2D316B-4C70-4410-817A-DEDB5B0072A5}.Release|x86.ActiveCfg = Release|Any CPU
		{1D2D316B-4C70-4410-817A-DEDB5B0072A5}.Release|x86.Build.0 = Release|Any CPU
		{D10F65C3-5D5A-427A-91D1-A1061A988AA1}.Debug|Any CPU.ActiveCfg = Debug|Any CPU
		{D10F65C3-5D5A-427A-91D1-A1061A988AA1}.Debug|Any CPU.Build.0 = Debug|Any CPU
		{D10F65C3-5D5A-427A-91D1-A1061A988AA1}.Debug|x64.ActiveCfg = Debug|Any CPU
		{D10F65C3-5D5A-427A-91D1-A1061A988AA1}.Debug|x64.Build.0 = Debug|Any CPU
		{D10F65C3-5D5A-427A-91D1-A1061A988AA1}.Debug|x86.ActiveCfg = Debug|Any CPU
		{D10F65C3-5D5A-427A-91D1-A1061A988AA1}.Debug|x86.Build.0 = Debug|Any CPU
		{D10F65C3-5D5A-427A-91D1-A1061A988AA1}.Release|Any CPU.ActiveCfg = Release|Any CPU
		{D10F65C3-5D5A-427A-91D1-A1061A988AA1}.Release|Any CPU.Build.0 = Release|Any CPU
		{D10F65C3-5D5A-427A-91D1-A1061A988AA1}.Release|x64.ActiveCfg = Release|Any CPU
		{D10F65C3-5D5A-427A-91D1-A1061A988AA1}.Release|x64.Build.0 = Release|Any CPU
		{D10F65C3-5D5A-427A-91D1-A1061A988AA1}.Release|x86.ActiveCfg = Release|Any CPU
		{D10F65C3-5D5A-427A-91D1-A1061A988AA1}.Release|x86.Build.0 = Release|Any CPU
		{63266510-C4BF-44E0-AF76-B01BA47019B2}.Debug|Any CPU.ActiveCfg = Debug|Any CPU
		{63266510-C4BF-44E0-AF76-B01BA47019B2}.Debug|Any CPU.Build.0 = Debug|Any CPU
		{63266510-C4BF-44E0-AF76-B01BA47019B2}.Debug|x64.ActiveCfg = Debug|Any CPU
		{63266510-C4BF-44E0-AF76-B01BA47019B2}.Debug|x64.Build.0 = Debug|Any CPU
		{63266510-C4BF-44E0-AF76-B01BA47019B2}.Debug|x86.ActiveCfg = Debug|Any CPU
		{63266510-C4BF-44E0-AF76-B01BA47019B2}.Debug|x86.Build.0 = Debug|Any CPU
		{63266510-C4BF-44E0-AF76-B01BA47019B2}.Release|Any CPU.ActiveCfg = Release|Any CPU
		{63266510-C4BF-44E0-AF76-B01BA47019B2}.Release|Any CPU.Build.0 = Release|Any CPU
		{63266510-C4BF-44E0-AF76-B01BA47019B2}.Release|x64.ActiveCfg = Release|Any CPU
		{63266510-C4BF-44E0-AF76-B01BA47019B2}.Release|x64.Build.0 = Release|Any CPU
		{63266510-C4BF-44E0-AF76-B01BA47019B2}.Release|x86.ActiveCfg = Release|Any CPU
		{63266510-C4BF-44E0-AF76-B01BA47019B2}.Release|x86.Build.0 = Release|Any CPU
		{CB8D3397-E338-4801-B3E7-42FE65F535AE}.Debug|Any CPU.ActiveCfg = Debug|Any CPU
		{CB8D3397-E338-4801-B3E7-42FE65F535AE}.Debug|Any CPU.Build.0 = Debug|Any CPU
		{CB8D3397-E338-4801-B3E7-42FE65F535AE}.Debug|x64.ActiveCfg = Debug|Any CPU
		{CB8D3397-E338-4801-B3E7-42FE65F535AE}.Debug|x64.Build.0 = Debug|Any CPU
		{CB8D3397-E338-4801-B3E7-42FE65F535AE}.Debug|x86.ActiveCfg = Debug|Any CPU
		{CB8D3397-E338-4801-B3E7-42FE65F535AE}.Debug|x86.Build.0 = Debug|Any CPU
		{CB8D3397-E338-4801-B3E7-42FE65F535AE}.Release|Any CPU.ActiveCfg = Release|Any CPU
		{CB8D3397-E338-4801-B3E7-42FE65F535AE}.Release|Any CPU.Build.0 = Release|Any CPU
		{CB8D3397-E338-4801-B3E7-42FE65F535AE}.Release|x64.ActiveCfg = Release|Any CPU
		{CB8D3397-E338-4801-B3E7-42FE65F535AE}.Release|x64.Build.0 = Release|Any CPU
		{CB8D3397-E338-4801-B3E7-42FE65F535AE}.Release|x86.ActiveCfg = Release|Any CPU
		{CB8D3397-E338-4801-B3E7-42FE65F535AE}.Release|x86.Build.0 = Release|Any CPU
		{2978E4CC-7D67-43DA-B6C9-09559C530EFC}.Debug|Any CPU.ActiveCfg = Debug|Any CPU
		{2978E4CC-7D67-43DA-B6C9-09559C530EFC}.Debug|Any CPU.Build.0 = Debug|Any CPU
		{2978E4CC-7D67-43DA-B6C9-09559C530EFC}.Debug|x64.ActiveCfg = Debug|Any CPU
		{2978E4CC-7D67-43DA-B6C9-09559C530EFC}.Debug|x64.Build.0 = Debug|Any CPU
		{2978E4CC-7D67-43DA-B6C9-09559C530EFC}.Debug|x86.ActiveCfg = Debug|Any CPU
		{2978E4CC-7D67-43DA-B6C9-09559C530EFC}.Debug|x86.Build.0 = Debug|Any CPU
		{2978E4CC-7D67-43DA-B6C9-09559C530EFC}.Release|Any CPU.ActiveCfg = Release|Any CPU
		{2978E4CC-7D67-43DA-B6C9-09559C530EFC}.Release|Any CPU.Build.0 = Release|Any CPU
		{2978E4CC-7D67-43DA-B6C9-09559C530EFC}.Release|x64.ActiveCfg = Release|Any CPU
		{2978E4CC-7D67-43DA-B6C9-09559C530EFC}.Release|x64.Build.0 = Release|Any CPU
		{2978E4CC-7D67-43DA-B6C9-09559C530EFC}.Release|x86.ActiveCfg = Release|Any CPU
		{2978E4CC-7D67-43DA-B6C9-09559C530EFC}.Release|x86.Build.0 = Release|Any CPU
		{2342F190-F8CE-4C8F-8FEF-8E65C725F8B0}.Debug|Any CPU.ActiveCfg = Debug|Any CPU
		{2342F190-F8CE-4C8F-8FEF-8E65C725F8B0}.Debug|Any CPU.Build.0 = Debug|Any CPU
		{2342F190-F8CE-4C8F-8FEF-8E65C725F8B0}.Debug|x64.ActiveCfg = Debug|Any CPU
		{2342F190-F8CE-4C8F-8FEF-8E65C725F8B0}.Debug|x64.Build.0 = Debug|Any CPU
		{2342F190-F8CE-4C8F-8FEF-8E65C725F8B0}.Debug|x86.ActiveCfg = Debug|Any CPU
		{2342F190-F8CE-4C8F-8FEF-8E65C725F8B0}.Debug|x86.Build.0 = Debug|Any CPU
		{2342F190-F8CE-4C8F-8FEF-8E65C725F8B0}.Release|Any CPU.ActiveCfg = Release|Any CPU
		{2342F190-F8CE-4C8F-8FEF-8E65C725F8B0}.Release|Any CPU.Build.0 = Release|Any CPU
		{2342F190-F8CE-4C8F-8FEF-8E65C725F8B0}.Release|x64.ActiveCfg = Release|Any CPU
		{2342F190-F8CE-4C8F-8FEF-8E65C725F8B0}.Release|x64.Build.0 = Release|Any CPU
		{2342F190-F8CE-4C8F-8FEF-8E65C725F8B0}.Release|x86.ActiveCfg = Release|Any CPU
		{2342F190-F8CE-4C8F-8FEF-8E65C725F8B0}.Release|x86.Build.0 = Release|Any CPU
		{298FBFBA-F535-4C29-AB70-A1041F50098C}.Debug|Any CPU.ActiveCfg = Debug|Any CPU
		{298FBFBA-F535-4C29-AB70-A1041F50098C}.Debug|Any CPU.Build.0 = Debug|Any CPU
		{298FBFBA-F535-4C29-AB70-A1041F50098C}.Debug|x64.ActiveCfg = Debug|Any CPU
		{298FBFBA-F535-4C29-AB70-A1041F50098C}.Debug|x64.Build.0 = Debug|Any CPU
		{298FBFBA-F535-4C29-AB70-A1041F50098C}.Debug|x86.ActiveCfg = Debug|Any CPU
		{298FBFBA-F535-4C29-AB70-A1041F50098C}.Debug|x86.Build.0 = Debug|Any CPU
		{298FBFBA-F535-4C29-AB70-A1041F50098C}.Release|Any CPU.ActiveCfg = Release|Any CPU
		{298FBFBA-F535-4C29-AB70-A1041F50098C}.Release|Any CPU.Build.0 = Release|Any CPU
		{298FBFBA-F535-4C29-AB70-A1041F50098C}.Release|x64.ActiveCfg = Release|Any CPU
		{298FBFBA-F535-4C29-AB70-A1041F50098C}.Release|x64.Build.0 = Release|Any CPU
		{298FBFBA-F535-4C29-AB70-A1041F50098C}.Release|x86.ActiveCfg = Release|Any CPU
		{298FBFBA-F535-4C29-AB70-A1041F50098C}.Release|x86.Build.0 = Release|Any CPU
		{15F6D925-973D-46F2-9603-93FDECC4430D}.Debug|Any CPU.ActiveCfg = Debug|Any CPU
		{15F6D925-973D-46F2-9603-93FDECC4430D}.Debug|Any CPU.Build.0 = Debug|Any CPU
		{15F6D925-973D-46F2-9603-93FDECC4430D}.Debug|x64.ActiveCfg = Debug|Any CPU
		{15F6D925-973D-46F2-9603-93FDECC4430D}.Debug|x64.Build.0 = Debug|Any CPU
		{15F6D925-973D-46F2-9603-93FDECC4430D}.Debug|x86.ActiveCfg = Debug|Any CPU
		{15F6D925-973D-46F2-9603-93FDECC4430D}.Debug|x86.Build.0 = Debug|Any CPU
		{15F6D925-973D-46F2-9603-93FDECC4430D}.Release|Any CPU.ActiveCfg = Release|Any CPU
		{15F6D925-973D-46F2-9603-93FDECC4430D}.Release|Any CPU.Build.0 = Release|Any CPU
		{15F6D925-973D-46F2-9603-93FDECC4430D}.Release|x64.ActiveCfg = Release|Any CPU
		{15F6D925-973D-46F2-9603-93FDECC4430D}.Release|x64.Build.0 = Release|Any CPU
		{15F6D925-973D-46F2-9603-93FDECC4430D}.Release|x86.ActiveCfg = Release|Any CPU
		{15F6D925-973D-46F2-9603-93FDECC4430D}.Release|x86.Build.0 = Release|Any CPU
		{FAD166CA-AADD-4AB0-A08A-614707922B4B}.Debug|Any CPU.ActiveCfg = Debug|Any CPU
		{FAD166CA-AADD-4AB0-A08A-614707922B4B}.Debug|Any CPU.Build.0 = Debug|Any CPU
		{FAD166CA-AADD-4AB0-A08A-614707922B4B}.Debug|x64.ActiveCfg = Debug|Any CPU
		{FAD166CA-AADD-4AB0-A08A-614707922B4B}.Debug|x64.Build.0 = Debug|Any CPU
		{FAD166CA-AADD-4AB0-A08A-614707922B4B}.Debug|x86.ActiveCfg = Debug|Any CPU
		{FAD166CA-AADD-4AB0-A08A-614707922B4B}.Debug|x86.Build.0 = Debug|Any CPU
		{FAD166CA-AADD-4AB0-A08A-614707922B4B}.Release|Any CPU.ActiveCfg = Release|Any CPU
		{FAD166CA-AADD-4AB0-A08A-614707922B4B}.Release|Any CPU.Build.0 = Release|Any CPU
		{FAD166CA-AADD-4AB0-A08A-614707922B4B}.Release|x64.ActiveCfg = Release|Any CPU
		{FAD166CA-AADD-4AB0-A08A-614707922B4B}.Release|x64.Build.0 = Release|Any CPU
		{FAD166CA-AADD-4AB0-A08A-614707922B4B}.Release|x86.ActiveCfg = Release|Any CPU
		{FAD166CA-AADD-4AB0-A08A-614707922B4B}.Release|x86.Build.0 = Release|Any CPU
		{401FE126-222D-4D58-B03D-B0322C30DFC4}.Debug|Any CPU.ActiveCfg = Debug|Any CPU
		{401FE126-222D-4D58-B03D-B0322C30DFC4}.Debug|Any CPU.Build.0 = Debug|Any CPU
		{401FE126-222D-4D58-B03D-B0322C30DFC4}.Debug|x64.ActiveCfg = Debug|Any CPU
		{401FE126-222D-4D58-B03D-B0322C30DFC4}.Debug|x64.Build.0 = Debug|Any CPU
		{401FE126-222D-4D58-B03D-B0322C30DFC4}.Debug|x86.ActiveCfg = Debug|Any CPU
		{401FE126-222D-4D58-B03D-B0322C30DFC4}.Debug|x86.Build.0 = Debug|Any CPU
		{401FE126-222D-4D58-B03D-B0322C30DFC4}.Release|Any CPU.ActiveCfg = Release|Any CPU
		{401FE126-222D-4D58-B03D-B0322C30DFC4}.Release|Any CPU.Build.0 = Release|Any CPU
		{401FE126-222D-4D58-B03D-B0322C30DFC4}.Release|x64.ActiveCfg = Release|Any CPU
		{401FE126-222D-4D58-B03D-B0322C30DFC4}.Release|x64.Build.0 = Release|Any CPU
		{401FE126-222D-4D58-B03D-B0322C30DFC4}.Release|x86.ActiveCfg = Release|Any CPU
		{401FE126-222D-4D58-B03D-B0322C30DFC4}.Release|x86.Build.0 = Release|Any CPU
		{A1EF5A35-D6C8-438F-9820-8889278BC847}.Debug|Any CPU.ActiveCfg = Debug|Any CPU
		{A1EF5A35-D6C8-438F-9820-8889278BC847}.Debug|Any CPU.Build.0 = Debug|Any CPU
		{A1EF5A35-D6C8-438F-9820-8889278BC847}.Debug|x64.ActiveCfg = Debug|Any CPU
		{A1EF5A35-D6C8-438F-9820-8889278BC847}.Debug|x64.Build.0 = Debug|Any CPU
		{A1EF5A35-D6C8-438F-9820-8889278BC847}.Debug|x86.ActiveCfg = Debug|Any CPU
		{A1EF5A35-D6C8-438F-9820-8889278BC847}.Debug|x86.Build.0 = Debug|Any CPU
		{A1EF5A35-D6C8-438F-9820-8889278BC847}.Release|Any CPU.ActiveCfg = Release|Any CPU
		{A1EF5A35-D6C8-438F-9820-8889278BC847}.Release|Any CPU.Build.0 = Release|Any CPU
		{A1EF5A35-D6C8-438F-9820-8889278BC847}.Release|x64.ActiveCfg = Release|Any CPU
		{A1EF5A35-D6C8-438F-9820-8889278BC847}.Release|x64.Build.0 = Release|Any CPU
		{A1EF5A35-D6C8-438F-9820-8889278BC847}.Release|x86.ActiveCfg = Release|Any CPU
		{A1EF5A35-D6C8-438F-9820-8889278BC847}.Release|x86.Build.0 = Release|Any CPU
		{9DB0109F-EC29-4593-A6E8-DD07C860E53E}.Debug|Any CPU.ActiveCfg = Debug|Any CPU
		{9DB0109F-EC29-4593-A6E8-DD07C860E53E}.Debug|Any CPU.Build.0 = Debug|Any CPU
		{9DB0109F-EC29-4593-A6E8-DD07C860E53E}.Debug|x64.ActiveCfg = Debug|Any CPU
		{9DB0109F-EC29-4593-A6E8-DD07C860E53E}.Debug|x64.Build.0 = Debug|Any CPU
		{9DB0109F-EC29-4593-A6E8-DD07C860E53E}.Debug|x86.ActiveCfg = Debug|Any CPU
		{9DB0109F-EC29-4593-A6E8-DD07C860E53E}.Debug|x86.Build.0 = Debug|Any CPU
		{9DB0109F-EC29-4593-A6E8-DD07C860E53E}.Release|Any CPU.ActiveCfg = Release|Any CPU
		{9DB0109F-EC29-4593-A6E8-DD07C860E53E}.Release|Any CPU.Build.0 = Release|Any CPU
		{9DB0109F-EC29-4593-A6E8-DD07C860E53E}.Release|x64.ActiveCfg = Release|Any CPU
		{9DB0109F-EC29-4593-A6E8-DD07C860E53E}.Release|x64.Build.0 = Release|Any CPU
		{9DB0109F-EC29-4593-A6E8-DD07C860E53E}.Release|x86.ActiveCfg = Release|Any CPU
		{9DB0109F-EC29-4593-A6E8-DD07C860E53E}.Release|x86.Build.0 = Release|Any CPU
		{DF88D1C8-1139-4174-8325-DD8166D6C3A4}.Debug|Any CPU.ActiveCfg = Debug|Any CPU
		{DF88D1C8-1139-4174-8325-DD8166D6C3A4}.Debug|Any CPU.Build.0 = Debug|Any CPU
		{DF88D1C8-1139-4174-8325-DD8166D6C3A4}.Debug|x64.ActiveCfg = Debug|Any CPU
		{DF88D1C8-1139-4174-8325-DD8166D6C3A4}.Debug|x64.Build.0 = Debug|Any CPU
		{DF88D1C8-1139-4174-8325-DD8166D6C3A4}.Debug|x86.ActiveCfg = Debug|Any CPU
		{DF88D1C8-1139-4174-8325-DD8166D6C3A4}.Debug|x86.Build.0 = Debug|Any CPU
		{DF88D1C8-1139-4174-8325-DD8166D6C3A4}.Release|Any CPU.ActiveCfg = Release|Any CPU
		{DF88D1C8-1139-4174-8325-DD8166D6C3A4}.Release|Any CPU.Build.0 = Release|Any CPU
		{DF88D1C8-1139-4174-8325-DD8166D6C3A4}.Release|x64.ActiveCfg = Release|Any CPU
		{DF88D1C8-1139-4174-8325-DD8166D6C3A4}.Release|x64.Build.0 = Release|Any CPU
		{DF88D1C8-1139-4174-8325-DD8166D6C3A4}.Release|x86.ActiveCfg = Release|Any CPU
		{DF88D1C8-1139-4174-8325-DD8166D6C3A4}.Release|x86.Build.0 = Release|Any CPU
		{8C31E8EB-0CCB-4442-9DDB-79822BB7D8C3}.Debug|Any CPU.ActiveCfg = Debug|Any CPU
		{8C31E8EB-0CCB-4442-9DDB-79822BB7D8C3}.Debug|Any CPU.Build.0 = Debug|Any CPU
		{8C31E8EB-0CCB-4442-9DDB-79822BB7D8C3}.Debug|x64.ActiveCfg = Debug|Any CPU
		{8C31E8EB-0CCB-4442-9DDB-79822BB7D8C3}.Debug|x64.Build.0 = Debug|Any CPU
		{8C31E8EB-0CCB-4442-9DDB-79822BB7D8C3}.Debug|x86.ActiveCfg = Debug|Any CPU
		{8C31E8EB-0CCB-4442-9DDB-79822BB7D8C3}.Debug|x86.Build.0 = Debug|Any CPU
		{8C31E8EB-0CCB-4442-9DDB-79822BB7D8C3}.Release|Any CPU.ActiveCfg = Release|Any CPU
		{8C31E8EB-0CCB-4442-9DDB-79822BB7D8C3}.Release|Any CPU.Build.0 = Release|Any CPU
		{8C31E8EB-0CCB-4442-9DDB-79822BB7D8C3}.Release|x64.ActiveCfg = Release|Any CPU
		{8C31E8EB-0CCB-4442-9DDB-79822BB7D8C3}.Release|x64.Build.0 = Release|Any CPU
		{8C31E8EB-0CCB-4442-9DDB-79822BB7D8C3}.Release|x86.ActiveCfg = Release|Any CPU
		{8C31E8EB-0CCB-4442-9DDB-79822BB7D8C3}.Release|x86.Build.0 = Release|Any CPU
		{085AB724-DC2D-4133-AC0F-87BD1A1743F9}.Debug|Any CPU.ActiveCfg = Debug|Any CPU
		{085AB724-DC2D-4133-AC0F-87BD1A1743F9}.Debug|Any CPU.Build.0 = Debug|Any CPU
		{085AB724-DC2D-4133-AC0F-87BD1A1743F9}.Debug|x64.ActiveCfg = Debug|Any CPU
		{085AB724-DC2D-4133-AC0F-87BD1A1743F9}.Debug|x64.Build.0 = Debug|Any CPU
		{085AB724-DC2D-4133-AC0F-87BD1A1743F9}.Debug|x86.ActiveCfg = Debug|Any CPU
		{085AB724-DC2D-4133-AC0F-87BD1A1743F9}.Debug|x86.Build.0 = Debug|Any CPU
		{085AB724-DC2D-4133-AC0F-87BD1A1743F9}.Release|Any CPU.ActiveCfg = Release|Any CPU
		{085AB724-DC2D-4133-AC0F-87BD1A1743F9}.Release|Any CPU.Build.0 = Release|Any CPU
		{085AB724-DC2D-4133-AC0F-87BD1A1743F9}.Release|x64.ActiveCfg = Release|Any CPU
		{085AB724-DC2D-4133-AC0F-87BD1A1743F9}.Release|x64.Build.0 = Release|Any CPU
		{085AB724-DC2D-4133-AC0F-87BD1A1743F9}.Release|x86.ActiveCfg = Release|Any CPU
		{085AB724-DC2D-4133-AC0F-87BD1A1743F9}.Release|x86.Build.0 = Release|Any CPU
		{B3843152-55A6-4BF0-B774-18E05F0B99AF}.Debug|Any CPU.ActiveCfg = Debug|Any CPU
		{B3843152-55A6-4BF0-B774-18E05F0B99AF}.Debug|Any CPU.Build.0 = Debug|Any CPU
		{B3843152-55A6-4BF0-B774-18E05F0B99AF}.Debug|x64.ActiveCfg = Debug|Any CPU
		{B3843152-55A6-4BF0-B774-18E05F0B99AF}.Debug|x64.Build.0 = Debug|Any CPU
		{B3843152-55A6-4BF0-B774-18E05F0B99AF}.Debug|x86.ActiveCfg = Debug|Any CPU
		{B3843152-55A6-4BF0-B774-18E05F0B99AF}.Debug|x86.Build.0 = Debug|Any CPU
		{B3843152-55A6-4BF0-B774-18E05F0B99AF}.Release|Any CPU.ActiveCfg = Release|Any CPU
		{B3843152-55A6-4BF0-B774-18E05F0B99AF}.Release|Any CPU.Build.0 = Release|Any CPU
		{B3843152-55A6-4BF0-B774-18E05F0B99AF}.Release|x64.ActiveCfg = Release|Any CPU
		{B3843152-55A6-4BF0-B774-18E05F0B99AF}.Release|x64.Build.0 = Release|Any CPU
		{B3843152-55A6-4BF0-B774-18E05F0B99AF}.Release|x86.ActiveCfg = Release|Any CPU
		{B3843152-55A6-4BF0-B774-18E05F0B99AF}.Release|x86.Build.0 = Release|Any CPU
		{EA44B820-4C3A-476C-A514-C89CAA6A0F46}.Debug|Any CPU.ActiveCfg = Debug|Any CPU
		{EA44B820-4C3A-476C-A514-C89CAA6A0F46}.Debug|Any CPU.Build.0 = Debug|Any CPU
		{EA44B820-4C3A-476C-A514-C89CAA6A0F46}.Debug|x64.ActiveCfg = Debug|Any CPU
		{EA44B820-4C3A-476C-A514-C89CAA6A0F46}.Debug|x64.Build.0 = Debug|Any CPU
		{EA44B820-4C3A-476C-A514-C89CAA6A0F46}.Debug|x86.ActiveCfg = Debug|Any CPU
		{EA44B820-4C3A-476C-A514-C89CAA6A0F46}.Debug|x86.Build.0 = Debug|Any CPU
		{EA44B820-4C3A-476C-A514-C89CAA6A0F46}.Release|Any CPU.ActiveCfg = Release|Any CPU
		{EA44B820-4C3A-476C-A514-C89CAA6A0F46}.Release|Any CPU.Build.0 = Release|Any CPU
		{EA44B820-4C3A-476C-A514-C89CAA6A0F46}.Release|x64.ActiveCfg = Release|Any CPU
		{EA44B820-4C3A-476C-A514-C89CAA6A0F46}.Release|x64.Build.0 = Release|Any CPU
		{EA44B820-4C3A-476C-A514-C89CAA6A0F46}.Release|x86.ActiveCfg = Release|Any CPU
		{EA44B820-4C3A-476C-A514-C89CAA6A0F46}.Release|x86.Build.0 = Release|Any CPU
		{FD0365CB-3F03-43B0-9FB2-FB50047BF3E5}.Debug|Any CPU.ActiveCfg = Debug|Any CPU
		{FD0365CB-3F03-43B0-9FB2-FB50047BF3E5}.Debug|Any CPU.Build.0 = Debug|Any CPU
		{FD0365CB-3F03-43B0-9FB2-FB50047BF3E5}.Debug|x64.ActiveCfg = Debug|Any CPU
		{FD0365CB-3F03-43B0-9FB2-FB50047BF3E5}.Debug|x64.Build.0 = Debug|Any CPU
		{FD0365CB-3F03-43B0-9FB2-FB50047BF3E5}.Debug|x86.ActiveCfg = Debug|Any CPU
		{FD0365CB-3F03-43B0-9FB2-FB50047BF3E5}.Debug|x86.Build.0 = Debug|Any CPU
		{FD0365CB-3F03-43B0-9FB2-FB50047BF3E5}.Release|Any CPU.ActiveCfg = Release|Any CPU
		{FD0365CB-3F03-43B0-9FB2-FB50047BF3E5}.Release|Any CPU.Build.0 = Release|Any CPU
		{FD0365CB-3F03-43B0-9FB2-FB50047BF3E5}.Release|x64.ActiveCfg = Release|Any CPU
		{FD0365CB-3F03-43B0-9FB2-FB50047BF3E5}.Release|x64.Build.0 = Release|Any CPU
		{FD0365CB-3F03-43B0-9FB2-FB50047BF3E5}.Release|x86.ActiveCfg = Release|Any CPU
		{FD0365CB-3F03-43B0-9FB2-FB50047BF3E5}.Release|x86.Build.0 = Release|Any CPU
		{DD9736B2-8AA2-44AE-B0B3-57510FF0D634}.Debug|Any CPU.ActiveCfg = Debug|Any CPU
		{DD9736B2-8AA2-44AE-B0B3-57510FF0D634}.Debug|Any CPU.Build.0 = Debug|Any CPU
		{DD9736B2-8AA2-44AE-B0B3-57510FF0D634}.Debug|x64.ActiveCfg = Debug|Any CPU
		{DD9736B2-8AA2-44AE-B0B3-57510FF0D634}.Debug|x64.Build.0 = Debug|Any CPU
		{DD9736B2-8AA2-44AE-B0B3-57510FF0D634}.Debug|x86.ActiveCfg = Debug|Any CPU
		{DD9736B2-8AA2-44AE-B0B3-57510FF0D634}.Debug|x86.Build.0 = Debug|Any CPU
		{DD9736B2-8AA2-44AE-B0B3-57510FF0D634}.Release|Any CPU.ActiveCfg = Release|Any CPU
		{DD9736B2-8AA2-44AE-B0B3-57510FF0D634}.Release|Any CPU.Build.0 = Release|Any CPU
		{DD9736B2-8AA2-44AE-B0B3-57510FF0D634}.Release|x64.ActiveCfg = Release|Any CPU
		{DD9736B2-8AA2-44AE-B0B3-57510FF0D634}.Release|x64.Build.0 = Release|Any CPU
		{DD9736B2-8AA2-44AE-B0B3-57510FF0D634}.Release|x86.ActiveCfg = Release|Any CPU
		{DD9736B2-8AA2-44AE-B0B3-57510FF0D634}.Release|x86.Build.0 = Release|Any CPU
		{2CA09972-F737-459A-A79E-EB96CC726200}.Debug|Any CPU.ActiveCfg = Debug|Any CPU
		{2CA09972-F737-459A-A79E-EB96CC726200}.Debug|Any CPU.Build.0 = Debug|Any CPU
		{2CA09972-F737-459A-A79E-EB96CC726200}.Debug|x64.ActiveCfg = Debug|Any CPU
		{2CA09972-F737-459A-A79E-EB96CC726200}.Debug|x64.Build.0 = Debug|Any CPU
		{2CA09972-F737-459A-A79E-EB96CC726200}.Debug|x86.ActiveCfg = Debug|Any CPU
		{2CA09972-F737-459A-A79E-EB96CC726200}.Debug|x86.Build.0 = Debug|Any CPU
		{2CA09972-F737-459A-A79E-EB96CC726200}.Release|Any CPU.ActiveCfg = Release|Any CPU
		{2CA09972-F737-459A-A79E-EB96CC726200}.Release|Any CPU.Build.0 = Release|Any CPU
		{2CA09972-F737-459A-A79E-EB96CC726200}.Release|x64.ActiveCfg = Release|Any CPU
		{2CA09972-F737-459A-A79E-EB96CC726200}.Release|x64.Build.0 = Release|Any CPU
		{2CA09972-F737-459A-A79E-EB96CC726200}.Release|x86.ActiveCfg = Release|Any CPU
		{2CA09972-F737-459A-A79E-EB96CC726200}.Release|x86.Build.0 = Release|Any CPU
		{BD35FD90-4F00-4A19-9530-2279A6A15EE8}.Debug|Any CPU.ActiveCfg = Debug|Any CPU
		{BD35FD90-4F00-4A19-9530-2279A6A15EE8}.Debug|Any CPU.Build.0 = Debug|Any CPU
		{BD35FD90-4F00-4A19-9530-2279A6A15EE8}.Debug|x64.ActiveCfg = Debug|Any CPU
		{BD35FD90-4F00-4A19-9530-2279A6A15EE8}.Debug|x64.Build.0 = Debug|Any CPU
		{BD35FD90-4F00-4A19-9530-2279A6A15EE8}.Debug|x86.ActiveCfg = Debug|Any CPU
		{BD35FD90-4F00-4A19-9530-2279A6A15EE8}.Debug|x86.Build.0 = Debug|Any CPU
		{BD35FD90-4F00-4A19-9530-2279A6A15EE8}.Release|Any CPU.ActiveCfg = Release|Any CPU
		{BD35FD90-4F00-4A19-9530-2279A6A15EE8}.Release|Any CPU.Build.0 = Release|Any CPU
		{BD35FD90-4F00-4A19-9530-2279A6A15EE8}.Release|x64.ActiveCfg = Release|Any CPU
		{BD35FD90-4F00-4A19-9530-2279A6A15EE8}.Release|x64.Build.0 = Release|Any CPU
		{BD35FD90-4F00-4A19-9530-2279A6A15EE8}.Release|x86.ActiveCfg = Release|Any CPU
		{BD35FD90-4F00-4A19-9530-2279A6A15EE8}.Release|x86.Build.0 = Release|Any CPU
		{98610813-2DD7-4FB7-8F82-272EF3C40E89}.Debug|Any CPU.ActiveCfg = Debug|Any CPU
		{98610813-2DD7-4FB7-8F82-272EF3C40E89}.Debug|Any CPU.Build.0 = Debug|Any CPU
		{98610813-2DD7-4FB7-8F82-272EF3C40E89}.Debug|x64.ActiveCfg = Debug|Any CPU
		{98610813-2DD7-4FB7-8F82-272EF3C40E89}.Debug|x64.Build.0 = Debug|Any CPU
		{98610813-2DD7-4FB7-8F82-272EF3C40E89}.Debug|x86.ActiveCfg = Debug|Any CPU
		{98610813-2DD7-4FB7-8F82-272EF3C40E89}.Debug|x86.Build.0 = Debug|Any CPU
		{98610813-2DD7-4FB7-8F82-272EF3C40E89}.Release|Any CPU.ActiveCfg = Release|Any CPU
		{98610813-2DD7-4FB7-8F82-272EF3C40E89}.Release|Any CPU.Build.0 = Release|Any CPU
		{98610813-2DD7-4FB7-8F82-272EF3C40E89}.Release|x64.ActiveCfg = Release|Any CPU
		{98610813-2DD7-4FB7-8F82-272EF3C40E89}.Release|x64.Build.0 = Release|Any CPU
		{98610813-2DD7-4FB7-8F82-272EF3C40E89}.Release|x86.ActiveCfg = Release|Any CPU
		{98610813-2DD7-4FB7-8F82-272EF3C40E89}.Release|x86.Build.0 = Release|Any CPU
		{42D47E04-64AA-4828-9555-8C644F42A665}.Debug|Any CPU.ActiveCfg = Debug|Any CPU
		{42D47E04-64AA-4828-9555-8C644F42A665}.Debug|Any CPU.Build.0 = Debug|Any CPU
		{42D47E04-64AA-4828-9555-8C644F42A665}.Debug|x64.ActiveCfg = Debug|Any CPU
		{42D47E04-64AA-4828-9555-8C644F42A665}.Debug|x64.Build.0 = Debug|Any CPU
		{42D47E04-64AA-4828-9555-8C644F42A665}.Debug|x86.ActiveCfg = Debug|Any CPU
		{42D47E04-64AA-4828-9555-8C644F42A665}.Debug|x86.Build.0 = Debug|Any CPU
		{42D47E04-64AA-4828-9555-8C644F42A665}.Release|Any CPU.ActiveCfg = Release|Any CPU
		{42D47E04-64AA-4828-9555-8C644F42A665}.Release|Any CPU.Build.0 = Release|Any CPU
		{42D47E04-64AA-4828-9555-8C644F42A665}.Release|x64.ActiveCfg = Release|Any CPU
		{42D47E04-64AA-4828-9555-8C644F42A665}.Release|x64.Build.0 = Release|Any CPU
		{42D47E04-64AA-4828-9555-8C644F42A665}.Release|x86.ActiveCfg = Release|Any CPU
		{42D47E04-64AA-4828-9555-8C644F42A665}.Release|x86.Build.0 = Release|Any CPU
		{433A15DB-10E0-4B1F-B203-DB76CFEEEFD7}.Debug|Any CPU.ActiveCfg = Debug|Any CPU
		{433A15DB-10E0-4B1F-B203-DB76CFEEEFD7}.Debug|Any CPU.Build.0 = Debug|Any CPU
		{433A15DB-10E0-4B1F-B203-DB76CFEEEFD7}.Debug|x64.ActiveCfg = Debug|Any CPU
		{433A15DB-10E0-4B1F-B203-DB76CFEEEFD7}.Debug|x64.Build.0 = Debug|Any CPU
		{433A15DB-10E0-4B1F-B203-DB76CFEEEFD7}.Debug|x86.ActiveCfg = Debug|Any CPU
		{433A15DB-10E0-4B1F-B203-DB76CFEEEFD7}.Debug|x86.Build.0 = Debug|Any CPU
		{433A15DB-10E0-4B1F-B203-DB76CFEEEFD7}.Release|Any CPU.ActiveCfg = Release|Any CPU
		{433A15DB-10E0-4B1F-B203-DB76CFEEEFD7}.Release|Any CPU.Build.0 = Release|Any CPU
		{433A15DB-10E0-4B1F-B203-DB76CFEEEFD7}.Release|x64.ActiveCfg = Release|Any CPU
		{433A15DB-10E0-4B1F-B203-DB76CFEEEFD7}.Release|x64.Build.0 = Release|Any CPU
		{433A15DB-10E0-4B1F-B203-DB76CFEEEFD7}.Release|x86.ActiveCfg = Release|Any CPU
		{433A15DB-10E0-4B1F-B203-DB76CFEEEFD7}.Release|x86.Build.0 = Release|Any CPU
		{4C9CF944-2489-4AC2-9B18-497D12B53769}.Debug|Any CPU.ActiveCfg = Debug|Any CPU
		{4C9CF944-2489-4AC2-9B18-497D12B53769}.Debug|Any CPU.Build.0 = Debug|Any CPU
		{4C9CF944-2489-4AC2-9B18-497D12B53769}.Debug|x64.ActiveCfg = Debug|Any CPU
		{4C9CF944-2489-4AC2-9B18-497D12B53769}.Debug|x64.Build.0 = Debug|Any CPU
		{4C9CF944-2489-4AC2-9B18-497D12B53769}.Debug|x86.ActiveCfg = Debug|Any CPU
		{4C9CF944-2489-4AC2-9B18-497D12B53769}.Debug|x86.Build.0 = Debug|Any CPU
		{4C9CF944-2489-4AC2-9B18-497D12B53769}.Release|Any CPU.ActiveCfg = Release|Any CPU
		{4C9CF944-2489-4AC2-9B18-497D12B53769}.Release|Any CPU.Build.0 = Release|Any CPU
		{4C9CF944-2489-4AC2-9B18-497D12B53769}.Release|x64.ActiveCfg = Release|Any CPU
		{4C9CF944-2489-4AC2-9B18-497D12B53769}.Release|x64.Build.0 = Release|Any CPU
		{4C9CF944-2489-4AC2-9B18-497D12B53769}.Release|x86.ActiveCfg = Release|Any CPU
		{4C9CF944-2489-4AC2-9B18-497D12B53769}.Release|x86.Build.0 = Release|Any CPU
	EndGlobalSection
	GlobalSection(SolutionProperties) = preSolution
		HideSolutionNode = FALSE
	EndGlobalSection
	GlobalSection(NestedProjects) = preSolution
		{416A17AC-FFD4-4722-A990-598EF44F8D90} = {5AED685E-6E0F-451D-AD5E-F88B0BE74ACD}
		{66205F25-858E-4399-B331-0316D37B9A48} = {5AED685E-6E0F-451D-AD5E-F88B0BE74ACD}
		{54945137-EB1C-4944-AACE-72AF532FBAFB} = {5AED685E-6E0F-451D-AD5E-F88B0BE74ACD}
		{8E89892D-32B8-4745-8F41-7AB73F90E0EB} = {5AED685E-6E0F-451D-AD5E-F88B0BE74ACD}
		{F922E543-9AD4-4031-8BD1-8A7AA9771D1E} = {6A65A769-DAC3-4E99-96F9-991F4CE8D164}
		{C3023E7B-AA8B-469E-8333-5737093A9D60} = {6A65A769-DAC3-4E99-96F9-991F4CE8D164}
		{3A6BE380-986B-40E9-A048-C9A9AE424D90} = {6A65A769-DAC3-4E99-96F9-991F4CE8D164}
		{94B87FB5-632A-4C6F-A2C6-5058C84ADEBB} = {926A0726-B806-4215-82EF-AF8E22D0FACF}
		{1D6213AE-4FD9-4155-987B-29FE16F56E18} = {DF2BA00B-1742-4F84-A469-08D7F019498E}
		{1C46FAD9-9D99-4102-8E57-82AF959A4B40} = {DF2BA00B-1742-4F84-A469-08D7F019498E}
		{2EBDC7B1-6C85-4E32-A059-27370C240CBE} = {DF2BA00B-1742-4F84-A469-08D7F019498E}
		{50A820F5-E05A-45BD-ADD0-8B73886A0E18} = {5AED685E-6E0F-451D-AD5E-F88B0BE74ACD}
		{A1E9EC3A-A95A-493F-9053-DEDD078244A2} = {5AED685E-6E0F-451D-AD5E-F88B0BE74ACD}
		{6241C3CE-51DB-4CAB-B04B-2EE6DBC10496} = {5AED685E-6E0F-451D-AD5E-F88B0BE74ACD}
		{7E877810-DC13-4A6C-8DFC-184C00A20B7C} = {C533106C-5699-450C-A18C-249364CBF58B}
		{F154B568-9083-49F8-84B7-5F9E91CAB2DF} = {377A4748-C426-4D5E-9A25-6D1809A7B85C}
		{B6B96738-C338-4904-B932-4C05DB7D4DDE} = {C533106C-5699-450C-A18C-249364CBF58B}
		{59CF2F0F-4D4D-4096-8D22-595856CCCF72} = {C533106C-5699-450C-A18C-249364CBF58B}
		{E1E085F6-67CD-4257-815C-F1DABF091BA4} = {C533106C-5699-450C-A18C-249364CBF58B}
		{EBB5D0ED-2453-49F4-9F05-B07310A24C5E} = {377A4748-C426-4D5E-9A25-6D1809A7B85C}
		{1A6D574B-5CA8-4976-B0F1-9CF338A3A930} = {F922E543-9AD4-4031-8BD1-8A7AA9771D1E}
		{26428F7A-2BF3-4E4A-8161-C30EB0922CD8} = {F922E543-9AD4-4031-8BD1-8A7AA9771D1E}
		{A98C8639-61A5-444C-AAFB-B2CFBA66A550} = {F922E543-9AD4-4031-8BD1-8A7AA9771D1E}
		{C6459834-F6DE-4309-80AF-0E3CDB1FC14E} = {F922E543-9AD4-4031-8BD1-8A7AA9771D1E}
		{E43A398A-89B9-40E3-9BDD-F30E54EAA25A} = {F922E543-9AD4-4031-8BD1-8A7AA9771D1E}
		{234FA4D1-75EF-48C6-8FB1-3D838173FD8C} = {F922E543-9AD4-4031-8BD1-8A7AA9771D1E}
		{2F1EC9E3-4D01-4FF8-8891-FE2C44097FB8} = {F922E543-9AD4-4031-8BD1-8A7AA9771D1E}
		{13E2771C-5C73-4B82-8911-55E1A70A3076} = {C3023E7B-AA8B-469E-8333-5737093A9D60}
		{416F45EB-0228-43EE-8893-C87DB2EF727D} = {3A6BE380-986B-40E9-A048-C9A9AE424D90}
		{416F45EB-0228-43EE-1234-C87DB2EF727D} = {3A6BE380-986B-40E9-A048-C9A9AE424D90}
		{B06BD0FD-5276-4929-87F4-48C302245C02} = {3A6BE380-986B-40E9-A048-C9A9AE424D90}
		{2E5C8660-A883-4D32-BF67-CF5907AB1F1F} = {C3023E7B-AA8B-469E-8333-5737093A9D60}
		{05D9D594-E6F6-4887-8ECD-0FFFF7C92E68} = {C3023E7B-AA8B-469E-8333-5737093A9D60}
		{D1CF2A6C-AEB1-4A03-BE64-8A96FA5DEFE4} = {926A0726-B806-4215-82EF-AF8E22D0FACF}
		{7F6019A6-C1AB-4B5C-BD3C-E8D271F3469D} = {926A0726-B806-4215-82EF-AF8E22D0FACF}
		{727C0798-F079-4CA5-85C8-289598EE9EEE} = {926A0726-B806-4215-82EF-AF8E22D0FACF}
		{56BE5194-7881-4F22-9018-A79C3C4B958A} = {926A0726-B806-4215-82EF-AF8E22D0FACF}
		{DCD65A24-D8C0-4DD3-B42C-A1D878AF4DE4} = {926A0726-B806-4215-82EF-AF8E22D0FACF}
		{05A49D39-97F0-46AF-9EDC-76D1E19FE3AC} = {926A0726-B806-4215-82EF-AF8E22D0FACF}
		{B2EEB5FE-CF39-4CC7-9650-5709E71D2BA9} = {926A0726-B806-4215-82EF-AF8E22D0FACF}
		{F50B1AF2-B971-4B01-962B-0BB14E6CB209} = {926A0726-B806-4215-82EF-AF8E22D0FACF}
		{A95C5BAE-1D0D-44FD-A984-7CBF055A62E2} = {926A0726-B806-4215-82EF-AF8E22D0FACF}
		{4E26923D-9F35-4668-AB5A-BDC5D56D70CC} = {926A0726-B806-4215-82EF-AF8E22D0FACF}
		{FE512CCA-E21D-41DA-BD89-34C7DEF3CC48} = {926A0726-B806-4215-82EF-AF8E22D0FACF}
		{3076A12F-C423-4D5E-9B6F-543B683820F9} = {926A0726-B806-4215-82EF-AF8E22D0FACF}
		{BC0F523B-FA7B-4BC8-82B0-34C050F787EE} = {8E89892D-32B8-4745-8F41-7AB73F90E0EB}
		{320876F3-E87A-4C12-A9B5-1F9BB130394D} = {54945137-EB1C-4944-AACE-72AF532FBAFB}
		{817E7CD2-3419-4443-B9D2-5880B3A62E0F} = {66205F25-858E-4399-B331-0316D37B9A48}
		{2746DA6E-D310-4F07-B41B-929BB3D6E14B} = {1D6213AE-4FD9-4155-987B-29FE16F56E18}
		{B3EEB5FE-CF39-4CC7-9650-5709E71D2BA9} = {926A0726-B806-4215-82EF-AF8E22D0FACF}
		{958DF90F-0528-4C50-9AC2-E86C60971B7D} = {926A0726-B806-4215-82EF-AF8E22D0FACF}
		{8C50AA79-A360-43A3-BCC2-658633B099EC} = {1C46FAD9-9D99-4102-8E57-82AF959A4B40}
		{BC834D62-F7F1-4227-9D5F-3DF45197B335} = {926A0726-B806-4215-82EF-AF8E22D0FACF}
		{958DF90F-0528-4C53-9AC2-E86C60971B7D} = {926A0726-B806-4215-82EF-AF8E22D0FACF}
		{EF53214F-BA98-4026-BEED-CF771865C312} = {6A65A769-DAC3-4E99-96F9-991F4CE8D164}
		{E9795C9A-1F98-4716-A0FC-843C6B000BE5} = {926A0726-B806-4215-82EF-AF8E22D0FACF}
		{FF8D61D0-01C9-44B9-98F9-37FCBF20CD72} = {15381BB2-762E-4841-8E5B-ACE727A3F2DA}
		{1D2D316B-4C70-4410-817A-DEDB5B0072A5} = {926A0726-B806-4215-82EF-AF8E22D0FACF}
		{D10F65C3-5D5A-427A-91D1-A1061A988AA1} = {2EBDC7B1-6C85-4E32-A059-27370C240CBE}
		{63266510-C4BF-44E0-AF76-B01BA47019B2} = {926A0726-B806-4215-82EF-AF8E22D0FACF}
		{CB8D3397-E338-4801-B3E7-42FE65F535AE} = {2EBDC7B1-6C85-4E32-A059-27370C240CBE}
		{2978E4CC-7D67-43DA-B6C9-09559C530EFC} = {F922E543-9AD4-4031-8BD1-8A7AA9771D1E}
		{2342F190-F8CE-4C8F-8FEF-8E65C725F8B0} = {50A820F5-E05A-45BD-ADD0-8B73886A0E18}
		{298FBFBA-F535-4C29-AB70-A1041F50098C} = {926A0726-B806-4215-82EF-AF8E22D0FACF}
		{15F6D925-973D-46F2-9603-93FDECC4430D} = {377A4748-C426-4D5E-9A25-6D1809A7B85C}
		{FAD166CA-AADD-4AB0-A08A-614707922B4B} = {6241C3CE-51DB-4CAB-B04B-2EE6DBC10496}
		{401FE126-222D-4D58-B03D-B0322C30DFC4} = {6241C3CE-51DB-4CAB-B04B-2EE6DBC10496}
		{A1EF5A35-D6C8-438F-9820-8889278BC847} = {6241C3CE-51DB-4CAB-B04B-2EE6DBC10496}
		{9DB0109F-EC29-4593-A6E8-DD07C860E53E} = {A1E9EC3A-A95A-493F-9053-DEDD078244A2}
		{DF88D1C8-1139-4174-8325-DD8166D6C3A4} = {F922E543-9AD4-4031-8BD1-8A7AA9771D1E}
		{8C31E8EB-0CCB-4442-9DDB-79822BB7D8C3} = {C3023E7B-AA8B-469E-8333-5737093A9D60}
		{085AB724-DC2D-4133-AC0F-87BD1A1743F9} = {F922E543-9AD4-4031-8BD1-8A7AA9771D1E}
		{B3843152-55A6-4BF0-B774-18E05F0B99AF} = {926A0726-B806-4215-82EF-AF8E22D0FACF}
		{EA44B820-4C3A-476C-A514-C89CAA6A0F46} = {377A4748-C426-4D5E-9A25-6D1809A7B85C}
		{FD0365CB-3F03-43B0-9FB2-FB50047BF3E5} = {377A4748-C426-4D5E-9A25-6D1809A7B85C}
		{DD9736B2-8AA2-44AE-B0B3-57510FF0D634} = {926A0726-B806-4215-82EF-AF8E22D0FACF}
		{12B398BA-5002-40BE-A863-5B51FEB6EC68} = {5AED685E-6E0F-451D-AD5E-F88B0BE74ACD}
		{2CA09972-F737-459A-A79E-EB96CC726200} = {12B398BA-5002-40BE-A863-5B51FEB6EC68}
		{BD35FD90-4F00-4A19-9530-2279A6A15EE8} = {377A4748-C426-4D5E-9A25-6D1809A7B85C}
		{98610813-2DD7-4FB7-8F82-272EF3C40E89} = {3A6BE380-986B-40E9-A048-C9A9AE424D90}
		{42D47E04-64AA-4828-9555-8C644F42A665} = {926A0726-B806-4215-82EF-AF8E22D0FACF}
		{8B98574E-E9DE-4EA5-90DE-65FF4088A634} = {5AED685E-6E0F-451D-AD5E-F88B0BE74ACD}
		{433A15DB-10E0-4B1F-B203-DB76CFEEEFD7} = {8B98574E-E9DE-4EA5-90DE-65FF4088A634}
		{377A4748-C426-4D5E-9A25-6D1809A7B85C} = {6A65A769-DAC3-4E99-96F9-991F4CE8D164}
		{C533106C-5699-450C-A18C-249364CBF58B} = {6A65A769-DAC3-4E99-96F9-991F4CE8D164}
		{15381BB2-762E-4841-8E5B-ACE727A3F2DA} = {6A65A769-DAC3-4E99-96F9-991F4CE8D164}
		{4C9CF944-2489-4AC2-9B18-497D12B53769} = {926A0726-B806-4215-82EF-AF8E22D0FACF}
	EndGlobalSection
	GlobalSection(ExtensibilityGlobals) = postSolution
		SolutionGuid = {6C12271F-8093-4D5D-8BEE-3318BFE40E23}
	EndGlobalSection
EndGlobal
