
Microsoft Visual Studio Solution File, Format Version 12.00
# Visual Studio 14
VisualStudioVersion = 14.0.22919.0
MinimumVisualStudioVersion = 10.0.40219.1
Project("{FAE04EC0-301F-11D3-BF4B-00C04F79EFBC}") = "docfx", "src\docfx\docfx.csproj", "{AB97BEDF-D207-42E9-A56F-C9DD395BFCDD}"
EndProject
Project("{2150E333-8FDC-42A3-9474-1A3956D46DE8}") = "BackEnd", "BackEnd", "{2DAAC304-36F6-4E4A-A0EA-5821B4B9842A}"
EndProject
Project("{FAE04EC0-301F-11D3-BF4B-00C04F79EFBC}") = "Microsoft.CodeAnalysis.Workspaces.Dnx", "src\Microsoft.CodeAnalysis.Workspaces.Dnx\Microsoft.CodeAnalysis.Workspaces.Dnx.csproj", "{5A876EC5-D4D2-4160-9A03-AA0245C322F4}"
EndProject
Project("{FAE04EC0-301F-11D3-BF4B-00C04F79EFBC}") = "Microsoft.DocAsCode.EntityModel", "src\Microsoft.DocAsCode.EntityModel\Microsoft.DocAsCode.EntityModel.csproj", "{A4BE543D-2CF1-40AB-9889-E9E48CBF7DFE}"
EndProject
Project("{FAE04EC0-301F-11D3-BF4B-00C04F79EFBC}") = "Microsoft.DocAsCode.Utility", "src\Microsoft.DocAsCode.Utility\Microsoft.DocAsCode.Utility.csproj", "{619EC13D-8939-4F23-B7DC-7A98964BB9A4}"
EndProject
Project("{2150E333-8FDC-42A3-9474-1A3956D46DE8}") = "src", "src", "{6A65A769-DAC3-4E99-96F9-991F4CE8D164}"
EndProject
Project("{2150E333-8FDC-42A3-9474-1A3956D46DE8}") = "test", "test", "{E872B0D7-6331-4E40-8264-0015330DA5D3}"
EndProject
Project("{2150E333-8FDC-42A3-9474-1A3956D46DE8}") = "Shared", "Shared", "{004952AD-61B7-4FF7-955C-758ACD99893D}"
	ProjectSection(SolutionItems) = preProject
		src\Shared\base.props = src\Shared\base.props
	EndProjectSection
EndProject
Project("{FAE04EC0-301F-11D3-BF4B-00C04F79EFBC}") = "Microsoft.DocAsCode.EntityModel.Tests", "test\Microsoft.DocAsCode.EntityModel.Tests\Microsoft.DocAsCode.EntityModel.Tests.csproj", "{EFAA7A53-D047-422E-A3FB-ECC834944CE6}"
EndProject
Project("{2150E333-8FDC-42A3-9474-1A3956D46DE8}") = "tools", "tools", "{5AED685E-6E0F-451D-AD5E-F88B0BE74ACD}"
	ProjectSection(SolutionItems) = preProject
		build.cmd = build.cmd
	EndProjectSection
EndProject
Project("{2150E333-8FDC-42A3-9474-1A3956D46DE8}") = "nuspec", "nuspec", "{BBF2F680-8DEF-4CE4-B68D-D8FB21531FCE}"
EndProject
Project("{2150E333-8FDC-42A3-9474-1A3956D46DE8}") = "docfx.msbuild", "docfx.msbuild", "{3D98A411-465A-4B1E-8D46-78DFE34BA35F}"
EndProject
Project("{FAE04EC0-301F-11D3-BF4B-00C04F79EFBC}") = "docfx.msbuild", "src\nuspec\docfx.msbuild\docfx.msbuild.csproj", "{1A7FD832-EBE9-47B2-AB59-718CB18DCA44}"
EndProject
Global
	GlobalSection(SolutionConfigurationPlatforms) = preSolution
		Debug|Any CPU = Debug|Any CPU
		Release|Any CPU = Release|Any CPU
	EndGlobalSection
	GlobalSection(ProjectConfigurationPlatforms) = postSolution
		{AB97BEDF-D207-42E9-A56F-C9DD395BFCDD}.Debug|Any CPU.ActiveCfg = Debug|Any CPU
		{AB97BEDF-D207-42E9-A56F-C9DD395BFCDD}.Debug|Any CPU.Build.0 = Debug|Any CPU
		{AB97BEDF-D207-42E9-A56F-C9DD395BFCDD}.Release|Any CPU.ActiveCfg = Release|Any CPU
		{AB97BEDF-D207-42E9-A56F-C9DD395BFCDD}.Release|Any CPU.Build.0 = Release|Any CPU
		{5A876EC5-D4D2-4160-9A03-AA0245C322F4}.Debug|Any CPU.ActiveCfg = Debug|Any CPU
		{5A876EC5-D4D2-4160-9A03-AA0245C322F4}.Debug|Any CPU.Build.0 = Debug|Any CPU
		{5A876EC5-D4D2-4160-9A03-AA0245C322F4}.Release|Any CPU.ActiveCfg = Release|Any CPU
		{5A876EC5-D4D2-4160-9A03-AA0245C322F4}.Release|Any CPU.Build.0 = Release|Any CPU
		{A4BE543D-2CF1-40AB-9889-E9E48CBF7DFE}.Debug|Any CPU.ActiveCfg = Debug|Any CPU
		{A4BE543D-2CF1-40AB-9889-E9E48CBF7DFE}.Debug|Any CPU.Build.0 = Debug|Any CPU
		{A4BE543D-2CF1-40AB-9889-E9E48CBF7DFE}.Release|Any CPU.ActiveCfg = Release|Any CPU
		{A4BE543D-2CF1-40AB-9889-E9E48CBF7DFE}.Release|Any CPU.Build.0 = Release|Any CPU
		{619EC13D-8939-4F23-B7DC-7A98964BB9A4}.Debug|Any CPU.ActiveCfg = Debug|Any CPU
		{619EC13D-8939-4F23-B7DC-7A98964BB9A4}.Debug|Any CPU.Build.0 = Debug|Any CPU
		{619EC13D-8939-4F23-B7DC-7A98964BB9A4}.Release|Any CPU.ActiveCfg = Release|Any CPU
		{619EC13D-8939-4F23-B7DC-7A98964BB9A4}.Release|Any CPU.Build.0 = Release|Any CPU
		{EFAA7A53-D047-422E-A3FB-ECC834944CE6}.Debug|Any CPU.ActiveCfg = Debug|Any CPU
		{EFAA7A53-D047-422E-A3FB-ECC834944CE6}.Debug|Any CPU.Build.0 = Debug|Any CPU
		{EFAA7A53-D047-422E-A3FB-ECC834944CE6}.Release|Any CPU.ActiveCfg = Release|Any CPU
		{EFAA7A53-D047-422E-A3FB-ECC834944CE6}.Release|Any CPU.Build.0 = Release|Any CPU
		{1A7FD832-EBE9-47B2-AB59-718CB18DCA44}.Debug|Any CPU.ActiveCfg = Debug|Any CPU
		{1A7FD832-EBE9-47B2-AB59-718CB18DCA44}.Debug|Any CPU.Build.0 = Debug|Any CPU
		{1A7FD832-EBE9-47B2-AB59-718CB18DCA44}.Release|Any CPU.ActiveCfg = Debug|Any CPU
		{1A7FD832-EBE9-47B2-AB59-718CB18DCA44}.Release|Any CPU.Build.0 = Debug|Any CPU
	EndGlobalSection
	GlobalSection(SolutionProperties) = preSolution
		HideSolutionNode = FALSE
	EndGlobalSection
	GlobalSection(NestedProjects) = preSolution
		{AB97BEDF-D207-42E9-A56F-C9DD395BFCDD} = {2DAAC304-36F6-4E4A-A0EA-5821B4B9842A}
		{2DAAC304-36F6-4E4A-A0EA-5821B4B9842A} = {6A65A769-DAC3-4E99-96F9-991F4CE8D164}
		{5A876EC5-D4D2-4160-9A03-AA0245C322F4} = {2DAAC304-36F6-4E4A-A0EA-5821B4B9842A}
		{A4BE543D-2CF1-40AB-9889-E9E48CBF7DFE} = {2DAAC304-36F6-4E4A-A0EA-5821B4B9842A}
		{619EC13D-8939-4F23-B7DC-7A98964BB9A4} = {2DAAC304-36F6-4E4A-A0EA-5821B4B9842A}
		{004952AD-61B7-4FF7-955C-758ACD99893D} = {6A65A769-DAC3-4E99-96F9-991F4CE8D164}
		{EFAA7A53-D047-422E-A3FB-ECC834944CE6} = {E872B0D7-6331-4E40-8264-0015330DA5D3}
		{BBF2F680-8DEF-4CE4-B68D-D8FB21531FCE} = {6A65A769-DAC3-4E99-96F9-991F4CE8D164}
		{3D98A411-465A-4B1E-8D46-78DFE34BA35F} = {BBF2F680-8DEF-4CE4-B68D-D8FB21531FCE}
		{1A7FD832-EBE9-47B2-AB59-718CB18DCA44} = {3D98A411-465A-4B1E-8D46-78DFE34BA35F}
	EndGlobalSection
EndGlobal
